{
  "version": 4,
  "terraform_version": "1.12.1",
  "serial": 186,
  "lineage": "aaed05ae-fc40-aa08-3bd4-9c942a788ae1",
  "outputs": {
    "acr_login_server": {
      "value": "tfwizacr17a02a.azurecr.io",
      "type": "string"
    },
    "acr_name": {
      "value": "tfwizacr17a02a",
      "type": "string"
    },
    "tasky_lb_ip": {
      "value": "172.212.115.54",
      "type": "string"
    }
  },
  "resources": [
    {
      "mode": "data",
      "type": "azurerm_client_config",
      "name": "current",
      "provider": "provider[\"registry.terraform.io/hashicorp/azurerm\"]",
      "instances": [
        {
          "schema_version": 0,
          "attributes": {
            "client_id": "04b07795-8ddb-461a-bbee-02f9e1bf7b46",
            "id": "Y2xpZW50Q29uZmlncy9jbGllbnRJZD0wNGIwNzc5NS04ZGRiLTQ2MWEtYmJlZS0wMmY5ZTFiZjdiNDY7b2JqZWN0SWQ9YzYyOTA2ODEtNWI3My00ZGRlLTgwYzMtZDFhNDkyZGYwZTY4O3N1YnNjcmlwdGlvbklkPTE3YTAyYTg0LTRhZGUtNGIzMS05YThlLTkxOTk3ZjBjMTQ1Nzt0ZW5hbnRJZD1hODE2ZGU5ZS04OGIyLTRmZDgtOWFmYy04NGQ2N2Q1YjBkNDU=",
            "object_id": "c6290681-5b73-4dde-80c3-d1a492df0e68",
            "subscription_id": "17a02a84-4ade-4b31-9a8e-91997f0c1457",
            "tenant_id": "a816de9e-88b2-4fd8-9afc-84d67d5b0d45",
            "timeouts": null
          },
          "sensitive_attributes": [],
          "identity_schema_version": 0
        }
      ]
    },
    {
      "mode": "data",
      "type": "azurerm_container_registry",
      "name": "acr_data",
      "provider": "provider[\"registry.terraform.io/hashicorp/azurerm\"]",
      "instances": [
        {
          "schema_version": 0,
          "attributes": {
            "admin_enabled": true,
            "admin_password": "tW7ZIbDS5z0Lhc9W2bX+DiLQLDOhehjQsShKvqHfBz+ACRAxfOoE",
            "admin_username": "tfwizacr17a02a",
            "data_endpoint_enabled": false,
            "id": "/subscriptions/17a02a84-4ade-4b31-9a8e-91997f0c1457/resourceGroups/tf-wiz-test-rg/providers/Microsoft.ContainerRegistry/registries/tfwizacr17a02a",
            "location": "eastus",
            "login_server": "tfwizacr17a02a.azurecr.io",
            "name": "tfwizacr17a02a",
            "resource_group_name": "tf-wiz-test-rg",
            "sku": "Standard",
            "tags": {
              "Environment": "wizexercise"
            },
            "timeouts": null
          },
          "sensitive_attributes": [],
          "identity_schema_version": 0
        }
      ]
    },
    {
      "mode": "data",
      "type": "azurerm_kubernetes_cluster",
      "name": "cluster",
      "provider": "provider[\"registry.terraform.io/hashicorp/azurerm\"]",
      "instances": [
        {
          "schema_version": 0,
          "attributes": {
            "aci_connector_linux": null,
            "agent_pool_profile": [
              {
                "auto_scaling_enabled": false,
                "count": 2,
                "max_count": 0,
                "max_pods": 30,
                "min_count": 0,
                "name": "agentpool",
                "node_labels": {},
                "node_public_ip_enabled": false,
                "node_public_ip_prefix_id": "",
                "node_taints": [],
                "orchestrator_version": "1.31",
                "os_disk_size_gb": 128,
                "os_type": "Linux",
                "tags": {},
                "type": "VirtualMachineScaleSets",
                "upgrade_settings": [
                  {
                    "drain_timeout_in_minutes": 0,
                    "max_surge": "10%",
                    "node_soak_duration_in_minutes": 0
                  }
                ],
                "vm_size": "Standard_DS2_v2",
                "vnet_subnet_id": "/subscriptions/17a02a84-4ade-4b31-9a8e-91997f0c1457/resourceGroups/tf-wiz-test-rg/providers/Microsoft.Network/virtualNetworks/tf-mongo-vnet/subnets/default",
                "zones": []
              }
            ],
            "api_server_authorized_ip_ranges": [],
            "azure_active_directory_role_based_access_control": [],
            "azure_policy_enabled": null,
            "current_kubernetes_version": "1.31.8",
            "disk_encryption_set_id": "",
            "dns_prefix": "tfwizaks",
            "fqdn": "tfwizaks-cvvokcg8.hcp.eastus.azmk8s.io",
            "http_application_routing_enabled": null,
            "http_application_routing_zone_name": null,
            "id": "/subscriptions/17a02a84-4ade-4b31-9a8e-91997f0c1457/resourceGroups/tf-wiz-test-rg/providers/Microsoft.ContainerService/managedClusters/tf-wiz-aks",
            "identity": [
              {
                "identity_ids": [],
                "principal_id": "b5f4a039-7f1d-470f-9cee-74409c42eafb",
                "tenant_id": "a816de9e-88b2-4fd8-9afc-84d67d5b0d45",
                "type": "SystemAssigned"
              }
            ],
            "ingress_application_gateway": null,
            "key_management_service": [],
            "key_vault_secrets_provider": null,
            "kube_admin_config": [],
            "kube_admin_config_raw": "",
            "kube_config": [
              {
                "client_certificate": "LS0tLS1CRUdJTiBDRVJUSUZJQ0FURS0tLS0tCk1JSUZIVENDQXdXZ0F3SUJBZ0lRUE1ob3NLWkxua2hiSnlYSlc1cktoekFOQmdrcWhraUc5dzBCQVFzRkFEQU4KTVFzd0NRWURWUVFERXdKallUQWVGdzB5TlRBMk1URXhNakV6TWpWYUZ3MHlOekEyTVRFeE1qSXpNalZhTURBeApGekFWQmdOVkJBb1REbk41YzNSbGJUcHRZWE4wWlhKek1SVXdFd1lEVlFRREV3eHRZWE4wWlhKamJHbGxiblF3CmdnSWlNQTBHQ1NxR1NJYjNEUUVCQVFVQUE0SUNEd0F3Z2dJS0FvSUNBUUNzT1l5Zk1WR0ZrM0pwdFByQ21TZVIKSkVzSUlWYmxwMWkwZGZRYStZbFZrYmVNc3pHQVhwM3Q3UnRvRFVjQUcya2hpanExQnBmNlNKQzB1aVY1bEQ3MAp5ME1RM3JIcWVZRk1BMWFFUlFGU251dVVXWE8xcktUVnpydEprQXI4TGNNMGk0cERqZ0hYRUEyNWxRZ1FHa0RRCmFBeHU3Wno0Ukl0Y1gzeGR1QUc4TklmQXA5V0FZaFlybENpeE81T1BQMThDTm9GeVJnbTUyZWM5cDdUVjQ4aTQKR3NGZmxkR0orT3phTjZvWHUwTC9UWnRvZEZmenVvL0w3b2RnNzhuVlJackxrTXRnSkVtNkhLbXkwVHpReFdzaQpmSmM0T2lQTytTTmtZeDZIVHVzV2Nqb2lzRTBSV3czend2bm5iTUdCUElsNUZyOE1MbnVLQ3p1QnhTS21qSzFuClJwU2Q5MmQzV0ZYNy9HbkNSK0NGcFEwRWQxLzhDc2Z6L0w2UHJwRXdOblVIaUJzL1ZHMWU2UGtSaWFXRHgxdVoKdDArRXJqQXdCWVlxUmRtaXduVVF0ZW9wKzlkVmF1QXdhODhua093Smx5dWxuQ1dlcW12UldQNERCRHVKS0JQVwpWMGlwWFB0dFhWYjVPT2phLzBjc25XNURIMGVOSUNFZ2lueEE2S3E2TlFzSU1ScnZ3SFFBOE5xdXY5akQ0YjIxCldFVnlWNlBOS1NBQnRPVCtsckxpUzlKeE1pTDRGbVU3WXVvRFNFWE5BVFQrd3BQMzY4Z3IzZmkrRHBvd0lJalcKNnJLQjdac3FlcG9BOUNpQzg4RHBiTFdScENydXdGMVc0d0NVUzVadGFSbzIxekpWMWd6TS9MM0lEWWgxMzRmTQpCZGpjQ3JFaGtiTlVNNGVyeDYvR1J3SURBUUFCbzFZd1ZEQU9CZ05WSFE4QkFmOEVCQU1DQmFBd0V3WURWUjBsCkJBd3dDZ1lJS3dZQkJRVUhBd0l3REFZRFZSMFRBUUgvQkFJd0FEQWZCZ05WSFNNRUdEQVdnQlJsTzMxVVk4TkwKSGJxZTJCaTFvc2hVeGpwOWJ6QU5CZ2txaGtpRzl3MEJBUXNGQUFPQ0FnRUFtREtFQ2MvUGdwcWZ3c1BmUkJISworZHR4K0UwT0dPVmVzNno5N1RvODR5ckFDNGRqS0ZxNWt5LzM0bGdrUVNvT0VrVW1qcDAwSC9EZ3BnSjRQbytOCm5nUnoxYzB1UlFiSFdRWFdKby9qSTU0bStrOUJkaDZLODBSbUpwcEd6dW1jOWZaY1JYNG9za1ZjM0tKSHVSYXMKdE9jYWJSa3pEM2w3VG1ZMkVwK2Z1MUlIbmVwT3pZa2NNM3RhYnlkeithNSs0aHFXU2tCcExONEE2c2hqd0JCVQo3Y25zL2h2YTllcHJCVnNkOWM4Qk9OdVYvUldVdHVRN21WOVMzaHRDS0JHakp5V2ZMTWVraVNqZVI1SDBQaDQ0CnVIVCtZaDViSnRoUGRkWG1CWFRSSWlYTGlDWUxjY1ltanhrUDVMVXI5cWhGbC82aUt1RkdVMGNBZG5aZmFjeVQKNmlYcitsS2Nkb1Z0ZXRkM05UN2w5ZlF2WHNwTVdQblk1Yk5wMGNwWHZzYzB1NHAvUXdDekxYUUJVZi9EVWFFNwozeGx5cWxXaTdwYS9BeGlmUGxOWk53NFFlSlMrYUxQV3NOcEE3STdLWndPK1pZQ01aR0RLTlhWaC9oR0h3SmFXCnh5ZE15bHpKcjUrQ1pybk84S3Iva0JOVWxycldSNG10UW1VY1lzT2crWHJMa00xb3pkc0lVWVU2a2xlak1rTTcKRXFOd3JSLzhKakgzWTB5b3NOZWF1Y290ZDZRWUZJell1WEp5SDJ2U3RYUmFjWWNQTTFObjU0TWxJc2lERmQ4NgoyQjJtbWoyaWVoR3ZiemZZekZEeVo5bm9EdHpyZ2RMaVpLVGU2KzZ3Y3JucVc3OVl2K3lTeHIwVVZEWSswZkFNCnp0b054N3M2K0p2QnhDMFY1QURRQkZ3PQotLS0tLUVORCBDRVJUSUZJQ0FURS0tLS0tCg==",
                "client_key": "LS0tLS1CRUdJTiBSU0EgUFJJVkFURSBLRVktLS0tLQpNSUlKS0FJQkFBS0NBZ0VBckRtTW56RlJoWk55YWJUNndwa25rU1JMQ0NGVzVhZFl0SFgwR3ZtSlZaRzNqTE14CmdGNmQ3ZTBiYUExSEFCdHBJWW82dFFhWCtraVF0TG9sZVpRKzlNdERFTjZ4Nm5tQlRBTldoRVVCVXA3cmxGbHoKdGF5azFjNjdTWkFLL0MzRE5JdUtRNDRCMXhBTnVaVUlFQnBBMEdnTWJ1MmMrRVNMWEY5OFhiZ0J2RFNId0tmVgpnR0lXSzVRb3NUdVRqejlmQWphQmNrWUp1ZG5uUGFlMDFlUEl1QnJCWDVYUmlmanMyamVxRjd0Qy8wMmJhSFJYCjg3cVB5KzZIWU8vSjFVV2F5NURMWUNSSnVoeXBzdEU4ME1WcklueVhPRG9qenZralpHTWVoMDdyRm5JNklyQk4KRVZzTjg4TDU1MnpCZ1R5SmVSYS9EQzU3aWdzN2djVWlwb3l0WjBhVW5mZG5kMWhWKy94cHdrZmdoYVVOQkhkZgovQXJIOC95K2o2NlJNRFoxQjRnYlAxUnRYdWo1RVltbGc4ZGJtYmRQaEs0d01BV0dLa1hab3NKMUVMWHFLZnZYClZXcmdNR3ZQSjVEc0NaY3JwWndsbnFwcjBWaitBd1E3aVNnVDFsZElxVno3YlYxVytUam8ydjlITEoxdVF4OUgKalNBaElJcDhRT2lxdWpVTENERWE3OEIwQVBEYXJyL1l3K0c5dFZoRmNsZWp6U2tnQWJUay9wYXk0a3ZTY1RJaQorQlpsTzJMcUEwaEZ6UUUwL3NLVDkrdklLOTM0dmc2YU1DQ0kxdXF5Z2UyYktucWFBUFFvZ3ZQQTZXeTFrYVFxCjdzQmRWdU1BbEV1V2JXa2FOdGN5VmRZTXpQeTl5QTJJZGQrSHpBWFkzQXF4SVpHelZET0hxOGV2eGtjQ0F3RUEKQVFLQ0FnQTYvbWVWN0QzaGhKVlBja2ZuT3JFYi9aT2FFRm1FeHlNU2hjajlLSGNMa2FPUEZaNmlPMGJieGpsNgpGZm81SmlxSDY2S2FlY3k3VmZvRGZqUHlCbjdlT1hZYXBEM0xkSjErblRJWWtzNldMNHZBd0Rkcmh0emJ4RG5SClEvOFBUTm10K1JKK2UzbFQ0dExndkJVTDl3STJvVDJKRGVtVC9WN0RZSTNvU0d5SHZISzM0b1cydVdLZ3dOcUQKZzBYVGJzQ3JzR0g4ODlMSEQ4WXZEM0JaUi9Kc1pmWFJPUytTbEdzRmdNWEo1VUpZMDR1bFp4enRodjFVdkxzdwowRktSdElzR3FlMlFYRDNJKzZLQmR6emV3cEVsT2dwT24xTyt4UWFEajVSWWd3YnlKR1NYbDA1KzRITFNDZnF5CmRFV0FjRzBpeGxEZzZsYzAvUTRBTUxmaTF4TmFXYnZPR3IyUFdWY0Qxb2xPSFFrWktoRi9yZE5SVDlxODNCcWMKQk02T2xndG1WZWN2ZEd3bFJaT0szdjdoK1ZobG1VRmpZQzZGQmhuZWNNMDhiSit3bnAyVGZ6RmRjT1Q0a25mMQpFOEFJVWd1TjFiTHhZWE85cnhtMHFJdHZ4dnVkY0Z6Mm13aG1MSG9qaDJaZEdabXc0UWRHZU5LVFUzSDRoMmFoClkvYWlRSDlYL2REaGJPRVNGRHpWUEZlVndFaG83WUJIVDI5U2l5SG8zOTNTeW1QTmFGSllOVWE4ZjJZOVFLTzMKcEtCbnJ6U0NRUjRSVGg2dkpJM0VBOG9ZM3lrRFU0RUtBZFBhZ2FDSmU1WExaZlRLUnpGaDlpZFNWTUhKeUUvZApZcXU5TkRaU3lGTXFWMThSRDFnRWpVdFl0aVozUDZZU2J1SGxkdE9sOWhUcmJ1OUVrUUtDQVFFQXdmTDBwY1dMCkxKOGc0MXpraUJ6V1djTlFPY1FkeG9nY3pydGYrUmZxTDYyMndQN1AyOW80ajVkMTYrRjNvcmN5NVBxMElNekoKS25ub2xkWGQ5YUpndWV6T09MM0RwblpFMmdGczQxQlhoM3pVemRZMm5BL2J3RzYzWHRQcmZvVFZDdkE3SHpzdgpyV29WdzR0ZlkwWHFnQ0pzci9YbHdsZFl6Zlg1MDhvVGhHaU5lSjlQenp6UGhIZ0hyTUpIdEhmQXJxSTVSdUtKCmcwRUc0amVBWTU1M1d4UUhxc0ZyTmxEZzdnaVhVdUt4RHVlN0JBVnFFVlBSS3JUWTNnSlVTbFQxczdmNjVjQ1cKKytKdGp5ZmdRbS83YUZPTjBoTm5wakNHaVk3dTFZbk1KQnZlNG5FMnlaaHBzUDg2WG1UR1R4WmF4MVdvbDhlTApJT3dWcFczNFZ1U0JPUUtDQVFFQTQxTlBGbENPZ0tUek82aWNDWm0zbFNjdFFKTG5SZ1F4QWdYM3FxM29mNXlQCkcwWjUvVmNpMFRPSU9WWStCUjVMcjFoYW52TjVESHZia21STVFRTmp1WXpIMDFRdFE1M1MvVjQwK1ZhaVp6ZnkKRkN2Y1J2L29ZWVY2endQM29kVjVnL2U5V1NSMEpCUkE5a2pOYUhPVjVtdVVZa2k1R1VpQ1RwR21Rc2JnWVNJYQpha29xSEgrRDdOTk52SThsVVNMRjY1SXRPR2pYUFdpY0xPZ1pvT2E4cy9jZHpUcVpIQjlpZHBwVUNvMDk5T0I0CkF1M29DdC9hY09MQXNSOUgyVlFjdkZ6WC9JM3R0d29DNWRabGpKc1A0dFpYYi9YaHEwQW8zK1dPWlpxWVdqaVgKNW5SdmltMEVKcGNudFpoU2I4SWhQeGNta3grNlpqcUpsU1l4aFZBRGZ3S0NBUUFlcHoyUGJiZGZhQThVb0R2bQpYMWhwZTNzVWhqQ0dqa0N2VStJSlJvUlc0TWUvblFaUkl4NUpZNURacFJyNWRxYnVsY2tlWGY5MVhTc3JjMC9QCllNaVUyaDZGelVnODZQaGMxRmpYWEgxWkJwdkRwSldnK01pc2sxTWNBN1oybXB2cFRLcXJkdmxFR1Q0elY3WE4KeE9FWk8xZWVQK2orWER2RzRaZUlwNm1LQmRSR09qZXM4MW1CQUUrR09IYUl5VnlFdlZMOEp4WEF6dWc5bkxRSQpDcVdtbVhYVXdSa216b1dlV1hGQlFsN2xraTUycGp4clhLbjBhL3pTcWQrVWwvVDFZS0NnNjExeGxnbm0xRkNYCmI0ZDJwNjRFZzlpZjVZOTk4ajlCTkxRMUNNcWpVMjFyVTFGeERnVzFvWXZPT0NSRTJQNzZiaWxKSE1jWERGaHgKczAvUkFvSUJBQitIdEphQndlSXgvdEt0aGtjR25TSUE5eFBYekdBM3dKeHBPM3JlK0RxSytvWnI5Z3VmaEdMRAo1UWNlNFNkUWxtclJ0SEFMa1NTY0lVNWl2dmpkZ1gyQSswNWloSXkyWFVkclE2bTV6SGpJbDdrWWhFc012NnlYCkdQdVJyMDB4RU5PdkR3SklQaHVxKzMrdGhXQVJlQjhubU1NeEZ3dGN0VVkwaVgwRm5LV2NWMUdheTlCOEYwNUgKMktab3JHSmVrbGtrUTBWcHRVRDlPM3czRFNiMkdnSlVLandHL3FtWjZNeE9oNDJYSFpyVGI1SG9jYURnZjZuYwpxYUZubDAyYmp3akpUK1BsdzZ6NXBJRkFoWUZGR0tUNzJkRGJwOXRhNE5COVJJenZMbWFGSnZ4OTllS2JVRklSCjhSNE03SkkzdU9qSlN6NW96aS9UdXJXSFFLTWUvLzBDZ2dFQkFKbDRPdmFMbktxRDgwM1p3WkhQQzB3SHE3VDYKa2R5L2ZDRGVqYWt5R0VHR0xhM3dObEtWTGJ4cnNacGxiNzBSMDFmcmNRejF0Q0UyWG5obDRIemk3V1dhcjBZSQpyZm1YeklxaW1DYXJ3VWIyVlFNQ0ViN2xHa3E4SW5uU3dRSmM2QjhPekhVeHY4SjdtdHR6REFYNHFDVlBLZjhUCi9jYzN4aTgyWld6Q1Y5TnlpbzZieXpleHNDRnE4Y3NJYW0rdG9NbnNVOTBzN2pyd1dUOGZqZHVyc1JzMjh6TjAKUGc2RlM3YXVHYk5ZVDgzOGVLWFZtUnZ2dmN4VHFRY3JzSTQ4bUtvSWk3RHBMT3pMQUtVdXJqcWsvaHdhdzJENwpENFIydlZzSXNVUFVzZHhYUEhXVTRnQkM4aVpXZEE4ZXlhWW1seWp0Z2RmZWhnVGd1aWk2eDJ2NEJxaz0KLS0tLS1FTkQgUlNBIFBSSVZBVEUgS0VZLS0tLS0K",
                "cluster_ca_certificate": "LS0tLS1CRUdJTiBDRVJUSUZJQ0FURS0tLS0tCk1JSUU2RENDQXRDZ0F3SUJBZ0lRZWRrS2d3am54ZkpibFBocS85WjR2akFOQmdrcWhraUc5dzBCQVFzRkFEQU4KTVFzd0NRWURWUVFERXdKallUQWdGdzB5TlRBMk1URXhNakV6TWpWYUdBOHlNRFUxTURZeE1URXlNak15TlZvdwpEVEVMTUFrR0ExVUVBeE1DWTJFd2dnSWlNQTBHQ1NxR1NJYjNEUUVCQVFVQUE0SUNEd0F3Z2dJS0FvSUNBUUNoCktEeUZuZVRnd2d5YTZJQWJuK29GS0RVaFdZMXMxK0h1TjlTVkpTeXlZY3VWb1l6UGZmUTNnVEJEZmxqWENYMkcKR0hxQVI0UTZUbithakxJWllCU1B5Ky8wdElMMG0wSittNzUwWGlrY001RVk5OUU4RzF5TXNOT282OE9zT2ptQgpGVDNMMjNOZGt5Y0FOcGk0UFF2MlQ4K0hlNEJ3UUg1dFF5Z1duVngrcktEa0FVZTdMRG9GcmZWS0hxcUR1YUttCmU2bjBEZGRaYlY0blBzUG43cm9nWkdNVExhM1pNQm9MWWJTaEIyMDcvSkpsUFllM09qVitvNWozdS9iL05qbEIKanQwN0hvVFBabjRSYzgzQmRrejI2c3ZUeDhqdWtOMkwwdnNTUitrdHhPS2ZId25IVEVGRmtrb2dWQWdVYkNpKwplb3B4Qmd1RlNNYmZBSVgzTGJzV1Yxa2xreDkrTE9DNndxb010a09DeWJ0UkZvRXIrb090U0Zhd3ZZaGpPZWtOCkJuU0dXUWVvWWlJS0pETEZVaUFwSDR2dTgxZThKMzU4a3hnVnlwZjhUdkE5eWJmK1hWdG85REFnK2VkQVRiaHIKL1FVeDREYldNb0MxSzNtZmhnTTBWTlA4UlN4NHNCUDdnV2ZQY0p3WGZDYW8veFNyQ29wdlhKakR1OTVvRE9hVgpiUHVMbWFUUlNuYjBER29JZnp0SnRHeStYRk55SmRxZnpnYlhHdVJDbFJ3OThIUUlhbTg2a1dCdElseWVmTTVhClNEU3gyOWg1UE5ZZkNuemdRZXBZS0tXZzR3SUJTV1FrcTQvM1lFTWlsZU0zdHA3WFRkMEJjUXlsa2FpUWVsYkoKYWpzSGM0Z084eWdRb3RUaEV3N2ExWE9CeERvdjg2UEdsbzRyUFpSVlZRSURBUUFCbzBJd1FEQU9CZ05WSFE4QgpBZjhFQkFNQ0FxUXdEd1lEVlIwVEFRSC9CQVV3QXdFQi96QWRCZ05WSFE0RUZnUVVaVHQ5VkdQRFN4MjZudGdZCnRhTElWTVk2Zlc4d0RRWUpLb1pJaHZjTkFRRUxCUUFEZ2dJQkFFa25id1dMYmVNVWhJWjgvYlNqajVZNmsramQKbTU1OUxYdWpsRnJQaE5sMzZSQUgyQ3ZoZjZnSWk1Q20yMzlyekFCdkZjT3oycGNORERmWksxVTc0TEdjSzRZWgo5WDdtK0MzWk9oTmZWbU8rM055K3ZZc0gvb2FpZWVBS3BIU1RpQ3UvMGtlSDl4d2o3V3VvVTI5Vmt2SkN0K29DClFDUTloSjZlM0Q0ZmJTYXJMK0hGNVMxUkdyMkhQUW5hOEptNFdWaGlxQ0V6c2ZiWGl6NnJ2Z0dQdjBacHN3ZncKL2k5am9CdXMxeGxIaS9vM3M2eUVjZERwV1VqYXUxemlGTlV3MmNGUkRxR2t2d0xzNjhpQ2RKVlFpVXNRZlo0Mwp6ZmNxWU1oUERXOEYwVXlSenZGRU9sL3hYY25RaVB5a1BZdDgyWm1BSlFodlRxcjdxWmVrM0c2MUhNRFFsUit1Cjl5UmZiTWVXMGt1TkJsTUtDTkQrTEJzTnA5UmdwZHZVSzhKS1hmbStyTG9jZ0czeFJPYlh4ajI5Z2RxOVpwMzAKUTRuQmlaRXR0MzMreElhU0lpUjkrNXkxeGV3Vkl1YnZtMzVhaHk1eXFOdjNYS0Q1emRxR2hoKzloMW15dm1ZRApiV0t1OStQQ2MzMGRkQjRKOGNCZlNKcjZRc0QvYlphUlE0a2dnVGIvS2NlWkxFOEpuaEloT2lwS1llS2xURTJUClVjZFcxQ1NDQ1JkTkhOeFdrejgwM0RLRHFWRHRjZ3l3MGQyZG1HYVVCb2RYQUpnWU9scXlXUDM0YTRSNVhMQXUKZlluU205bFNKT2IwWkxWNXRiNWpoNnVUVGxqK2ljbjA3NWlXZ1l1a3cwTmpmcTNNZXRNU3AybTNqUlYxbHk2dQpWdHIwZ1VDQUQzTjZZOGdzCi0tLS0tRU5EIENFUlRJRklDQVRFLS0tLS0K",
                "host": "https://tfwizaks-cvvokcg8.hcp.eastus.azmk8s.io:443",
                "password": "ijqhivbvjjzkf6w2y8jbyztudz01bdxx98ge4e7jko11oxjl0oynl1ipypqk2ccpqcpvxrfn9l0mrztu2uj216luc5dflbv4h8pzldwsmhv9p1uk296xjlhwe7hz3rce",
                "username": "clusterUser_tf-wiz-test-rg_tf-wiz-aks"
              }
            ],
            "kube_config_raw": "apiVersion: v1\nclusters:\n- cluster:\n    certificate-authority-data: LS0tLS1CRUdJTiBDRVJUSUZJQ0FURS0tLS0tCk1JSUU2RENDQXRDZ0F3SUJBZ0lRZWRrS2d3am54ZkpibFBocS85WjR2akFOQmdrcWhraUc5dzBCQVFzRkFEQU4KTVFzd0NRWURWUVFERXdKallUQWdGdzB5TlRBMk1URXhNakV6TWpWYUdBOHlNRFUxTURZeE1URXlNak15TlZvdwpEVEVMTUFrR0ExVUVBeE1DWTJFd2dnSWlNQTBHQ1NxR1NJYjNEUUVCQVFVQUE0SUNEd0F3Z2dJS0FvSUNBUUNoCktEeUZuZVRnd2d5YTZJQWJuK29GS0RVaFdZMXMxK0h1TjlTVkpTeXlZY3VWb1l6UGZmUTNnVEJEZmxqWENYMkcKR0hxQVI0UTZUbithakxJWllCU1B5Ky8wdElMMG0wSittNzUwWGlrY001RVk5OUU4RzF5TXNOT282OE9zT2ptQgpGVDNMMjNOZGt5Y0FOcGk0UFF2MlQ4K0hlNEJ3UUg1dFF5Z1duVngrcktEa0FVZTdMRG9GcmZWS0hxcUR1YUttCmU2bjBEZGRaYlY0blBzUG43cm9nWkdNVExhM1pNQm9MWWJTaEIyMDcvSkpsUFllM09qVitvNWozdS9iL05qbEIKanQwN0hvVFBabjRSYzgzQmRrejI2c3ZUeDhqdWtOMkwwdnNTUitrdHhPS2ZId25IVEVGRmtrb2dWQWdVYkNpKwplb3B4Qmd1RlNNYmZBSVgzTGJzV1Yxa2xreDkrTE9DNndxb010a09DeWJ0UkZvRXIrb090U0Zhd3ZZaGpPZWtOCkJuU0dXUWVvWWlJS0pETEZVaUFwSDR2dTgxZThKMzU4a3hnVnlwZjhUdkE5eWJmK1hWdG85REFnK2VkQVRiaHIKL1FVeDREYldNb0MxSzNtZmhnTTBWTlA4UlN4NHNCUDdnV2ZQY0p3WGZDYW8veFNyQ29wdlhKakR1OTVvRE9hVgpiUHVMbWFUUlNuYjBER29JZnp0SnRHeStYRk55SmRxZnpnYlhHdVJDbFJ3OThIUUlhbTg2a1dCdElseWVmTTVhClNEU3gyOWg1UE5ZZkNuemdRZXBZS0tXZzR3SUJTV1FrcTQvM1lFTWlsZU0zdHA3WFRkMEJjUXlsa2FpUWVsYkoKYWpzSGM0Z084eWdRb3RUaEV3N2ExWE9CeERvdjg2UEdsbzRyUFpSVlZRSURBUUFCbzBJd1FEQU9CZ05WSFE4QgpBZjhFQkFNQ0FxUXdEd1lEVlIwVEFRSC9CQVV3QXdFQi96QWRCZ05WSFE0RUZnUVVaVHQ5VkdQRFN4MjZudGdZCnRhTElWTVk2Zlc4d0RRWUpLb1pJaHZjTkFRRUxCUUFEZ2dJQkFFa25id1dMYmVNVWhJWjgvYlNqajVZNmsramQKbTU1OUxYdWpsRnJQaE5sMzZSQUgyQ3ZoZjZnSWk1Q20yMzlyekFCdkZjT3oycGNORERmWksxVTc0TEdjSzRZWgo5WDdtK0MzWk9oTmZWbU8rM055K3ZZc0gvb2FpZWVBS3BIU1RpQ3UvMGtlSDl4d2o3V3VvVTI5Vmt2SkN0K29DClFDUTloSjZlM0Q0ZmJTYXJMK0hGNVMxUkdyMkhQUW5hOEptNFdWaGlxQ0V6c2ZiWGl6NnJ2Z0dQdjBacHN3ZncKL2k5am9CdXMxeGxIaS9vM3M2eUVjZERwV1VqYXUxemlGTlV3MmNGUkRxR2t2d0xzNjhpQ2RKVlFpVXNRZlo0Mwp6ZmNxWU1oUERXOEYwVXlSenZGRU9sL3hYY25RaVB5a1BZdDgyWm1BSlFodlRxcjdxWmVrM0c2MUhNRFFsUit1Cjl5UmZiTWVXMGt1TkJsTUtDTkQrTEJzTnA5UmdwZHZVSzhKS1hmbStyTG9jZ0czeFJPYlh4ajI5Z2RxOVpwMzAKUTRuQmlaRXR0MzMreElhU0lpUjkrNXkxeGV3Vkl1YnZtMzVhaHk1eXFOdjNYS0Q1emRxR2hoKzloMW15dm1ZRApiV0t1OStQQ2MzMGRkQjRKOGNCZlNKcjZRc0QvYlphUlE0a2dnVGIvS2NlWkxFOEpuaEloT2lwS1llS2xURTJUClVjZFcxQ1NDQ1JkTkhOeFdrejgwM0RLRHFWRHRjZ3l3MGQyZG1HYVVCb2RYQUpnWU9scXlXUDM0YTRSNVhMQXUKZlluU205bFNKT2IwWkxWNXRiNWpoNnVUVGxqK2ljbjA3NWlXZ1l1a3cwTmpmcTNNZXRNU3AybTNqUlYxbHk2dQpWdHIwZ1VDQUQzTjZZOGdzCi0tLS0tRU5EIENFUlRJRklDQVRFLS0tLS0K\n    server: https://tfwizaks-cvvokcg8.hcp.eastus.azmk8s.io:443\n  name: tf-wiz-aks\ncontexts:\n- context:\n    cluster: tf-wiz-aks\n    user: clusterUser_tf-wiz-test-rg_tf-wiz-aks\n  name: tf-wiz-aks\ncurrent-context: tf-wiz-aks\nkind: Config\npreferences: {}\nusers:\n- name: clusterUser_tf-wiz-test-rg_tf-wiz-aks\n  user:\n    client-certificate-data: LS0tLS1CRUdJTiBDRVJUSUZJQ0FURS0tLS0tCk1JSUZIVENDQXdXZ0F3SUJBZ0lRUE1ob3NLWkxua2hiSnlYSlc1cktoekFOQmdrcWhraUc5dzBCQVFzRkFEQU4KTVFzd0NRWURWUVFERXdKallUQWVGdzB5TlRBMk1URXhNakV6TWpWYUZ3MHlOekEyTVRFeE1qSXpNalZhTURBeApGekFWQmdOVkJBb1REbk41YzNSbGJUcHRZWE4wWlhKek1SVXdFd1lEVlFRREV3eHRZWE4wWlhKamJHbGxiblF3CmdnSWlNQTBHQ1NxR1NJYjNEUUVCQVFVQUE0SUNEd0F3Z2dJS0FvSUNBUUNzT1l5Zk1WR0ZrM0pwdFByQ21TZVIKSkVzSUlWYmxwMWkwZGZRYStZbFZrYmVNc3pHQVhwM3Q3UnRvRFVjQUcya2hpanExQnBmNlNKQzB1aVY1bEQ3MAp5ME1RM3JIcWVZRk1BMWFFUlFGU251dVVXWE8xcktUVnpydEprQXI4TGNNMGk0cERqZ0hYRUEyNWxRZ1FHa0RRCmFBeHU3Wno0Ukl0Y1gzeGR1QUc4TklmQXA5V0FZaFlybENpeE81T1BQMThDTm9GeVJnbTUyZWM5cDdUVjQ4aTQKR3NGZmxkR0orT3phTjZvWHUwTC9UWnRvZEZmenVvL0w3b2RnNzhuVlJackxrTXRnSkVtNkhLbXkwVHpReFdzaQpmSmM0T2lQTytTTmtZeDZIVHVzV2Nqb2lzRTBSV3czend2bm5iTUdCUElsNUZyOE1MbnVLQ3p1QnhTS21qSzFuClJwU2Q5MmQzV0ZYNy9HbkNSK0NGcFEwRWQxLzhDc2Z6L0w2UHJwRXdOblVIaUJzL1ZHMWU2UGtSaWFXRHgxdVoKdDArRXJqQXdCWVlxUmRtaXduVVF0ZW9wKzlkVmF1QXdhODhua093Smx5dWxuQ1dlcW12UldQNERCRHVKS0JQVwpWMGlwWFB0dFhWYjVPT2phLzBjc25XNURIMGVOSUNFZ2lueEE2S3E2TlFzSU1ScnZ3SFFBOE5xdXY5akQ0YjIxCldFVnlWNlBOS1NBQnRPVCtsckxpUzlKeE1pTDRGbVU3WXVvRFNFWE5BVFQrd3BQMzY4Z3IzZmkrRHBvd0lJalcKNnJLQjdac3FlcG9BOUNpQzg4RHBiTFdScENydXdGMVc0d0NVUzVadGFSbzIxekpWMWd6TS9MM0lEWWgxMzRmTQpCZGpjQ3JFaGtiTlVNNGVyeDYvR1J3SURBUUFCbzFZd1ZEQU9CZ05WSFE4QkFmOEVCQU1DQmFBd0V3WURWUjBsCkJBd3dDZ1lJS3dZQkJRVUhBd0l3REFZRFZSMFRBUUgvQkFJd0FEQWZCZ05WSFNNRUdEQVdnQlJsTzMxVVk4TkwKSGJxZTJCaTFvc2hVeGpwOWJ6QU5CZ2txaGtpRzl3MEJBUXNGQUFPQ0FnRUFtREtFQ2MvUGdwcWZ3c1BmUkJISworZHR4K0UwT0dPVmVzNno5N1RvODR5ckFDNGRqS0ZxNWt5LzM0bGdrUVNvT0VrVW1qcDAwSC9EZ3BnSjRQbytOCm5nUnoxYzB1UlFiSFdRWFdKby9qSTU0bStrOUJkaDZLODBSbUpwcEd6dW1jOWZaY1JYNG9za1ZjM0tKSHVSYXMKdE9jYWJSa3pEM2w3VG1ZMkVwK2Z1MUlIbmVwT3pZa2NNM3RhYnlkeithNSs0aHFXU2tCcExONEE2c2hqd0JCVQo3Y25zL2h2YTllcHJCVnNkOWM4Qk9OdVYvUldVdHVRN21WOVMzaHRDS0JHakp5V2ZMTWVraVNqZVI1SDBQaDQ0CnVIVCtZaDViSnRoUGRkWG1CWFRSSWlYTGlDWUxjY1ltanhrUDVMVXI5cWhGbC82aUt1RkdVMGNBZG5aZmFjeVQKNmlYcitsS2Nkb1Z0ZXRkM05UN2w5ZlF2WHNwTVdQblk1Yk5wMGNwWHZzYzB1NHAvUXdDekxYUUJVZi9EVWFFNwozeGx5cWxXaTdwYS9BeGlmUGxOWk53NFFlSlMrYUxQV3NOcEE3STdLWndPK1pZQ01aR0RLTlhWaC9oR0h3SmFXCnh5ZE15bHpKcjUrQ1pybk84S3Iva0JOVWxycldSNG10UW1VY1lzT2crWHJMa00xb3pkc0lVWVU2a2xlak1rTTcKRXFOd3JSLzhKakgzWTB5b3NOZWF1Y290ZDZRWUZJell1WEp5SDJ2U3RYUmFjWWNQTTFObjU0TWxJc2lERmQ4NgoyQjJtbWoyaWVoR3ZiemZZekZEeVo5bm9EdHpyZ2RMaVpLVGU2KzZ3Y3JucVc3OVl2K3lTeHIwVVZEWSswZkFNCnp0b054N3M2K0p2QnhDMFY1QURRQkZ3PQotLS0tLUVORCBDRVJUSUZJQ0FURS0tLS0tCg==\n    client-key-data: LS0tLS1CRUdJTiBSU0EgUFJJVkFURSBLRVktLS0tLQpNSUlKS0FJQkFBS0NBZ0VBckRtTW56RlJoWk55YWJUNndwa25rU1JMQ0NGVzVhZFl0SFgwR3ZtSlZaRzNqTE14CmdGNmQ3ZTBiYUExSEFCdHBJWW82dFFhWCtraVF0TG9sZVpRKzlNdERFTjZ4Nm5tQlRBTldoRVVCVXA3cmxGbHoKdGF5azFjNjdTWkFLL0MzRE5JdUtRNDRCMXhBTnVaVUlFQnBBMEdnTWJ1MmMrRVNMWEY5OFhiZ0J2RFNId0tmVgpnR0lXSzVRb3NUdVRqejlmQWphQmNrWUp1ZG5uUGFlMDFlUEl1QnJCWDVYUmlmanMyamVxRjd0Qy8wMmJhSFJYCjg3cVB5KzZIWU8vSjFVV2F5NURMWUNSSnVoeXBzdEU4ME1WcklueVhPRG9qenZralpHTWVoMDdyRm5JNklyQk4KRVZzTjg4TDU1MnpCZ1R5SmVSYS9EQzU3aWdzN2djVWlwb3l0WjBhVW5mZG5kMWhWKy94cHdrZmdoYVVOQkhkZgovQXJIOC95K2o2NlJNRFoxQjRnYlAxUnRYdWo1RVltbGc4ZGJtYmRQaEs0d01BV0dLa1hab3NKMUVMWHFLZnZYClZXcmdNR3ZQSjVEc0NaY3JwWndsbnFwcjBWaitBd1E3aVNnVDFsZElxVno3YlYxVytUam8ydjlITEoxdVF4OUgKalNBaElJcDhRT2lxdWpVTENERWE3OEIwQVBEYXJyL1l3K0c5dFZoRmNsZWp6U2tnQWJUay9wYXk0a3ZTY1RJaQorQlpsTzJMcUEwaEZ6UUUwL3NLVDkrdklLOTM0dmc2YU1DQ0kxdXF5Z2UyYktucWFBUFFvZ3ZQQTZXeTFrYVFxCjdzQmRWdU1BbEV1V2JXa2FOdGN5VmRZTXpQeTl5QTJJZGQrSHpBWFkzQXF4SVpHelZET0hxOGV2eGtjQ0F3RUEKQVFLQ0FnQTYvbWVWN0QzaGhKVlBja2ZuT3JFYi9aT2FFRm1FeHlNU2hjajlLSGNMa2FPUEZaNmlPMGJieGpsNgpGZm81SmlxSDY2S2FlY3k3VmZvRGZqUHlCbjdlT1hZYXBEM0xkSjErblRJWWtzNldMNHZBd0Rkcmh0emJ4RG5SClEvOFBUTm10K1JKK2UzbFQ0dExndkJVTDl3STJvVDJKRGVtVC9WN0RZSTNvU0d5SHZISzM0b1cydVdLZ3dOcUQKZzBYVGJzQ3JzR0g4ODlMSEQ4WXZEM0JaUi9Kc1pmWFJPUytTbEdzRmdNWEo1VUpZMDR1bFp4enRodjFVdkxzdwowRktSdElzR3FlMlFYRDNJKzZLQmR6emV3cEVsT2dwT24xTyt4UWFEajVSWWd3YnlKR1NYbDA1KzRITFNDZnF5CmRFV0FjRzBpeGxEZzZsYzAvUTRBTUxmaTF4TmFXYnZPR3IyUFdWY0Qxb2xPSFFrWktoRi9yZE5SVDlxODNCcWMKQk02T2xndG1WZWN2ZEd3bFJaT0szdjdoK1ZobG1VRmpZQzZGQmhuZWNNMDhiSit3bnAyVGZ6RmRjT1Q0a25mMQpFOEFJVWd1TjFiTHhZWE85cnhtMHFJdHZ4dnVkY0Z6Mm13aG1MSG9qaDJaZEdabXc0UWRHZU5LVFUzSDRoMmFoClkvYWlRSDlYL2REaGJPRVNGRHpWUEZlVndFaG83WUJIVDI5U2l5SG8zOTNTeW1QTmFGSllOVWE4ZjJZOVFLTzMKcEtCbnJ6U0NRUjRSVGg2dkpJM0VBOG9ZM3lrRFU0RUtBZFBhZ2FDSmU1WExaZlRLUnpGaDlpZFNWTUhKeUUvZApZcXU5TkRaU3lGTXFWMThSRDFnRWpVdFl0aVozUDZZU2J1SGxkdE9sOWhUcmJ1OUVrUUtDQVFFQXdmTDBwY1dMCkxKOGc0MXpraUJ6V1djTlFPY1FkeG9nY3pydGYrUmZxTDYyMndQN1AyOW80ajVkMTYrRjNvcmN5NVBxMElNekoKS25ub2xkWGQ5YUpndWV6T09MM0RwblpFMmdGczQxQlhoM3pVemRZMm5BL2J3RzYzWHRQcmZvVFZDdkE3SHpzdgpyV29WdzR0ZlkwWHFnQ0pzci9YbHdsZFl6Zlg1MDhvVGhHaU5lSjlQenp6UGhIZ0hyTUpIdEhmQXJxSTVSdUtKCmcwRUc0amVBWTU1M1d4UUhxc0ZyTmxEZzdnaVhVdUt4RHVlN0JBVnFFVlBSS3JUWTNnSlVTbFQxczdmNjVjQ1cKKytKdGp5ZmdRbS83YUZPTjBoTm5wakNHaVk3dTFZbk1KQnZlNG5FMnlaaHBzUDg2WG1UR1R4WmF4MVdvbDhlTApJT3dWcFczNFZ1U0JPUUtDQVFFQTQxTlBGbENPZ0tUek82aWNDWm0zbFNjdFFKTG5SZ1F4QWdYM3FxM29mNXlQCkcwWjUvVmNpMFRPSU9WWStCUjVMcjFoYW52TjVESHZia21STVFRTmp1WXpIMDFRdFE1M1MvVjQwK1ZhaVp6ZnkKRkN2Y1J2L29ZWVY2endQM29kVjVnL2U5V1NSMEpCUkE5a2pOYUhPVjVtdVVZa2k1R1VpQ1RwR21Rc2JnWVNJYQpha29xSEgrRDdOTk52SThsVVNMRjY1SXRPR2pYUFdpY0xPZ1pvT2E4cy9jZHpUcVpIQjlpZHBwVUNvMDk5T0I0CkF1M29DdC9hY09MQXNSOUgyVlFjdkZ6WC9JM3R0d29DNWRabGpKc1A0dFpYYi9YaHEwQW8zK1dPWlpxWVdqaVgKNW5SdmltMEVKcGNudFpoU2I4SWhQeGNta3grNlpqcUpsU1l4aFZBRGZ3S0NBUUFlcHoyUGJiZGZhQThVb0R2bQpYMWhwZTNzVWhqQ0dqa0N2VStJSlJvUlc0TWUvblFaUkl4NUpZNURacFJyNWRxYnVsY2tlWGY5MVhTc3JjMC9QCllNaVUyaDZGelVnODZQaGMxRmpYWEgxWkJwdkRwSldnK01pc2sxTWNBN1oybXB2cFRLcXJkdmxFR1Q0elY3WE4KeE9FWk8xZWVQK2orWER2RzRaZUlwNm1LQmRSR09qZXM4MW1CQUUrR09IYUl5VnlFdlZMOEp4WEF6dWc5bkxRSQpDcVdtbVhYVXdSa216b1dlV1hGQlFsN2xraTUycGp4clhLbjBhL3pTcWQrVWwvVDFZS0NnNjExeGxnbm0xRkNYCmI0ZDJwNjRFZzlpZjVZOTk4ajlCTkxRMUNNcWpVMjFyVTFGeERnVzFvWXZPT0NSRTJQNzZiaWxKSE1jWERGaHgKczAvUkFvSUJBQitIdEphQndlSXgvdEt0aGtjR25TSUE5eFBYekdBM3dKeHBPM3JlK0RxSytvWnI5Z3VmaEdMRAo1UWNlNFNkUWxtclJ0SEFMa1NTY0lVNWl2dmpkZ1gyQSswNWloSXkyWFVkclE2bTV6SGpJbDdrWWhFc012NnlYCkdQdVJyMDB4RU5PdkR3SklQaHVxKzMrdGhXQVJlQjhubU1NeEZ3dGN0VVkwaVgwRm5LV2NWMUdheTlCOEYwNUgKMktab3JHSmVrbGtrUTBWcHRVRDlPM3czRFNiMkdnSlVLandHL3FtWjZNeE9oNDJYSFpyVGI1SG9jYURnZjZuYwpxYUZubDAyYmp3akpUK1BsdzZ6NXBJRkFoWUZGR0tUNzJkRGJwOXRhNE5COVJJenZMbWFGSnZ4OTllS2JVRklSCjhSNE03SkkzdU9qSlN6NW96aS9UdXJXSFFLTWUvLzBDZ2dFQkFKbDRPdmFMbktxRDgwM1p3WkhQQzB3SHE3VDYKa2R5L2ZDRGVqYWt5R0VHR0xhM3dObEtWTGJ4cnNacGxiNzBSMDFmcmNRejF0Q0UyWG5obDRIemk3V1dhcjBZSQpyZm1YeklxaW1DYXJ3VWIyVlFNQ0ViN2xHa3E4SW5uU3dRSmM2QjhPekhVeHY4SjdtdHR6REFYNHFDVlBLZjhUCi9jYzN4aTgyWld6Q1Y5TnlpbzZieXpleHNDRnE4Y3NJYW0rdG9NbnNVOTBzN2pyd1dUOGZqZHVyc1JzMjh6TjAKUGc2RlM3YXVHYk5ZVDgzOGVLWFZtUnZ2dmN4VHFRY3JzSTQ4bUtvSWk3RHBMT3pMQUtVdXJqcWsvaHdhdzJENwpENFIydlZzSXNVUFVzZHhYUEhXVTRnQkM4aVpXZEE4ZXlhWW1seWp0Z2RmZWhnVGd1aWk2eDJ2NEJxaz0KLS0tLS1FTkQgUlNBIFBSSVZBVEUgS0VZLS0tLS0K\n    token: ijqhivbvjjzkf6w2y8jbyztudz01bdxx98ge4e7jko11oxjl0oynl1ipypqk2ccpqcpvxrfn9l0mrztu2uj216luc5dflbv4h8pzldwsmhv9p1uk296xjlhwe7hz3rce\n",
            "kubelet_identity": [
              {
                "client_id": "b712a7ca-f61a-463d-8bba-11ed590e189c",
                "object_id": "d09a9e1c-72f2-4600-8e1f-e59cf6076230",
                "user_assigned_identity_id": "/subscriptions/17a02a84-4ade-4b31-9a8e-91997f0c1457/resourceGroups/MC_tf-wiz-test-rg_tf-wiz-aks_eastus/providers/Microsoft.ManagedIdentity/userAssignedIdentities/tf-wiz-aks-agentpool"
              }
            ],
            "kubernetes_version": "1.31",
            "linux_profile": [
              {
                "admin_username": "",
                "ssh_key": []
              }
            ],
            "location": "eastus",
            "microsoft_defender": [],
            "name": "tf-wiz-aks",
            "network_profile": [
              {
                "dns_service_ip": "10.0.10.10",
                "docker_bridge_cidr": "",
                "load_balancer_sku": "standard",
                "network_plugin": "azure",
                "network_policy": "calico",
                "pod_cidr": "",
                "service_cidr": "10.0.10.0/24"
              }
            ],
            "node_resource_group": "MC_tf-wiz-test-rg_tf-wiz-aks_eastus",
            "node_resource_group_id": "/subscriptions/17a02a84-4ade-4b31-9a8e-91997f0c1457/resourceGroups/MC_tf-wiz-test-rg_tf-wiz-aks_eastus",
            "oidc_issuer_enabled": false,
            "oidc_issuer_url": "",
            "oms_agent": null,
            "open_service_mesh_enabled": null,
            "private_cluster_enabled": null,
            "private_fqdn": "",
            "resource_group_name": "tf-wiz-test-rg",
            "role_based_access_control_enabled": true,
            "service_mesh_profile": [],
            "service_principal": [
              {
                "client_id": "msi"
              }
            ],
            "storage_profile": [
              {
                "blob_driver_enabled": false,
                "disk_driver_enabled": true,
                "file_driver_enabled": true,
                "snapshot_controller_enabled": true
              }
            ],
            "tags": {
              "Environment": "wizexercise"
            },
            "timeouts": null,
            "windows_profile": [
              {
                "admin_username": "azureuser"
              }
            ]
          },
          "sensitive_attributes": [
            [
              {
                "type": "get_attr",
                "value": "kube_admin_config"
              }
            ],
            [
              {
                "type": "get_attr",
                "value": "kube_admin_config_raw"
              }
            ],
            [
              {
                "type": "get_attr",
                "value": "kube_config"
              }
            ],
            [
              {
                "type": "get_attr",
                "value": "kube_config_raw"
              }
            ]
          ],
          "identity_schema_version": 0
        }
      ]
    },
    {
      "mode": "data",
      "type": "azurerm_network_interface",
      "name": "mongo_nic",
      "provider": "provider[\"registry.terraform.io/hashicorp/azurerm\"]",
      "instances": [
        {
          "schema_version": 0,
          "attributes": {
            "accelerated_networking_enabled": false,
            "applied_dns_servers": [],
            "dns_servers": [],
            "id": "/subscriptions/17a02a84-4ade-4b31-9a8e-91997f0c1457/resourceGroups/tf-wiz-test-rg/providers/Microsoft.Network/networkInterfaces/tf-mongo-nic",
            "internal_dns_name_label": "",
            "ip_configuration": [
              {
                "application_gateway_backend_address_pools_ids": [],
                "application_security_group_ids": [],
                "gateway_load_balancer_frontend_ip_configuration_id": "",
                "load_balancer_backend_address_pools_ids": [],
                "load_balancer_inbound_nat_rules_ids": [],
                "name": "internal",
                "primary": true,
                "private_ip_address": "10.0.0.4",
                "private_ip_address_allocation": "Dynamic",
                "private_ip_address_version": "IPv4",
                "public_ip_address_id": "/subscriptions/17a02a84-4ade-4b31-9a8e-91997f0c1457/resourceGroups/tf-wiz-test-rg/providers/Microsoft.Network/publicIPAddresses/tf-mongo-pip",
                "subnet_id": "/subscriptions/17a02a84-4ade-4b31-9a8e-91997f0c1457/resourceGroups/tf-wiz-test-rg/providers/Microsoft.Network/virtualNetworks/tf-mongo-vnet/subnets/default"
              }
            ],
            "ip_forwarding_enabled": false,
            "location": "eastus",
            "mac_address": "7C-1E-52-5C-D2-56",
            "name": "tf-mongo-nic",
            "network_security_group_id": "/subscriptions/17a02a84-4ade-4b31-9a8e-91997f0c1457/resourceGroups/tf-wiz-test-rg/providers/Microsoft.Network/networkSecurityGroups/tf-mongo-nsg",
            "private_ip_address": "10.0.0.4",
            "private_ip_addresses": [
              "10.0.0.4"
            ],
            "resource_group_name": "tf-wiz-test-rg",
            "tags": {},
            "timeouts": null,
            "virtual_machine_id": "/subscriptions/17a02a84-4ade-4b31-9a8e-91997f0c1457/resourceGroups/tf-wiz-test-rg/providers/Microsoft.Compute/virtualMachines/tf-mongo-vm"
          },
          "sensitive_attributes": [],
          "identity_schema_version": 0
        }
      ]
    },
    {
      "mode": "data",
      "type": "azurerm_public_ip",
      "name": "mongo_vm_ip",
      "provider": "provider[\"registry.terraform.io/hashicorp/azurerm\"]",
      "instances": [
        {
          "schema_version": 0,
          "attributes": {
            "allocation_method": "Static",
            "ddos_protection_mode": "VirtualNetworkInherited",
            "ddos_protection_plan_id": null,
            "domain_name_label": "",
            "fqdn": "",
            "id": "/subscriptions/17a02a84-4ade-4b31-9a8e-91997f0c1457/resourceGroups/tf-wiz-test-rg/providers/Microsoft.Network/publicIPAddresses/tf-mongo-pip",
            "idle_timeout_in_minutes": 4,
            "ip_address": "172.206.197.237",
            "ip_tags": {},
            "ip_version": "IPv4",
            "location": "eastus",
            "name": "tf-mongo-pip",
            "resource_group_name": "tf-wiz-test-rg",
            "reverse_fqdn": "",
            "sku": "Standard",
            "tags": {},
            "timeouts": null,
            "zones": []
          },
          "sensitive_attributes": [],
          "identity_schema_version": 0
        }
      ]
    },
    {
      "mode": "data",
      "type": "azurerm_resource_group",
      "name": "rg",
      "provider": "provider[\"registry.terraform.io/hashicorp/azurerm\"]",
      "instances": [
        {
          "schema_version": 0,
          "attributes": {
            "id": "/subscriptions/17a02a84-4ade-4b31-9a8e-91997f0c1457/resourceGroups/tf-wiz-test-rg",
            "location": "eastus",
            "managed_by": "",
            "name": "tf-wiz-test-rg",
            "tags": {},
            "timeouts": null
          },
          "sensitive_attributes": [],
          "identity_schema_version": 0
        }
      ]
    },
    {
      "mode": "data",
      "type": "azurerm_storage_account",
      "name": "backup_sa",
      "provider": "provider[\"registry.terraform.io/hashicorp/azurerm\"]",
      "instances": [
        {
          "schema_version": 0,
          "attributes": {
            "access_tier": "Hot",
            "account_kind": "StorageV2",
            "account_replication_type": "LRS",
            "account_tier": "Standard",
            "allow_nested_items_to_be_public": true,
            "azure_files_authentication": [],
            "custom_domain": [],
            "dns_endpoint_type": "Standard",
            "https_traffic_only_enabled": true,
            "id": "/subscriptions/17a02a84-4ade-4b31-9a8e-91997f0c1457/resourceGroups/tf-wiz-test-rg/providers/Microsoft.Storage/storageAccounts/tfwizstoragejavierlab",
            "identity": [],
            "infrastructure_encryption_enabled": false,
            "is_hns_enabled": false,
            "location": "eastus",
            "min_tls_version": "TLS1_2",
            "name": "tfwizstoragejavierlab",
            "nfsv3_enabled": false,
            "primary_access_key": "Bhccmww0PNs82+XJSDZCY3Q8u3TOe1HHg530hVT5cI53RDxeW6rRel3jJk5fY8q44n3hQAlAb3IQ+ASt8MV5kA==",
            "primary_blob_connection_string": "DefaultEndpointsProtocol=https;BlobEndpoint=https://tfwizstoragejavierlab.blob.core.windows.net/;AccountName=tfwizstoragejavierlab;AccountKey=Bhccmww0PNs82+XJSDZCY3Q8u3TOe1HHg530hVT5cI53RDxeW6rRel3jJk5fY8q44n3hQAlAb3IQ+ASt8MV5kA==",
            "primary_blob_endpoint": "https://tfwizstoragejavierlab.blob.core.windows.net/",
            "primary_blob_host": "tfwizstoragejavierlab.blob.core.windows.net",
            "primary_blob_internet_endpoint": "",
            "primary_blob_internet_host": "",
            "primary_blob_microsoft_endpoint": "",
            "primary_blob_microsoft_host": "",
            "primary_connection_string": "DefaultEndpointsProtocol=https;AccountName=tfwizstoragejavierlab;AccountKey=Bhccmww0PNs82+XJSDZCY3Q8u3TOe1HHg530hVT5cI53RDxeW6rRel3jJk5fY8q44n3hQAlAb3IQ+ASt8MV5kA==;EndpointSuffix=core.windows.net",
            "primary_dfs_endpoint": "https://tfwizstoragejavierlab.dfs.core.windows.net/",
            "primary_dfs_host": "tfwizstoragejavierlab.dfs.core.windows.net",
            "primary_dfs_internet_endpoint": "",
            "primary_dfs_internet_host": "",
            "primary_dfs_microsoft_endpoint": "",
            "primary_dfs_microsoft_host": "",
            "primary_file_endpoint": "https://tfwizstoragejavierlab.file.core.windows.net/",
            "primary_file_host": "tfwizstoragejavierlab.file.core.windows.net",
            "primary_file_internet_endpoint": "",
            "primary_file_internet_host": "",
            "primary_file_microsoft_endpoint": "",
            "primary_file_microsoft_host": "",
            "primary_location": "eastus",
            "primary_queue_endpoint": "https://tfwizstoragejavierlab.queue.core.windows.net/",
            "primary_queue_host": "tfwizstoragejavierlab.queue.core.windows.net",
            "primary_queue_microsoft_endpoint": "",
            "primary_queue_microsoft_host": "",
            "primary_table_endpoint": "https://tfwizstoragejavierlab.table.core.windows.net/",
            "primary_table_host": "tfwizstoragejavierlab.table.core.windows.net",
            "primary_table_microsoft_endpoint": "",
            "primary_table_microsoft_host": "",
            "primary_web_endpoint": "https://tfwizstoragejavierlab.z13.web.core.windows.net/",
            "primary_web_host": "tfwizstoragejavierlab.z13.web.core.windows.net",
            "primary_web_internet_endpoint": "",
            "primary_web_internet_host": "",
            "primary_web_microsoft_endpoint": "",
            "primary_web_microsoft_host": "",
            "queue_encryption_key_type": "Service",
            "resource_group_name": "tf-wiz-test-rg",
            "secondary_access_key": "weExD/JM5JP08mtJ5ygONeLk3b0LuPPepMZY7umXc7Mf9P/BxOJJhp3M1SCfRZkCu5qh1392qR3/+AStjfHmfw==",
            "secondary_blob_connection_string": "",
            "secondary_blob_endpoint": "",
            "secondary_blob_host": "",
            "secondary_blob_internet_endpoint": "",
            "secondary_blob_internet_host": "",
            "secondary_blob_microsoft_endpoint": "",
            "secondary_blob_microsoft_host": "",
            "secondary_connection_string": "DefaultEndpointsProtocol=https;AccountName=tfwizstoragejavierlab;AccountKey=weExD/JM5JP08mtJ5ygONeLk3b0LuPPepMZY7umXc7Mf9P/BxOJJhp3M1SCfRZkCu5qh1392qR3/+AStjfHmfw==;EndpointSuffix=core.windows.net",
            "secondary_dfs_endpoint": "",
            "secondary_dfs_host": "",
            "secondary_dfs_internet_endpoint": "",
            "secondary_dfs_internet_host": "",
            "secondary_dfs_microsoft_endpoint": "",
            "secondary_dfs_microsoft_host": "",
            "secondary_file_endpoint": "",
            "secondary_file_host": "",
            "secondary_file_internet_endpoint": "",
            "secondary_file_internet_host": "",
            "secondary_file_microsoft_endpoint": "",
            "secondary_file_microsoft_host": "",
            "secondary_location": "",
            "secondary_queue_endpoint": "",
            "secondary_queue_host": "",
            "secondary_queue_microsoft_endpoint": "",
            "secondary_queue_microsoft_host": "",
            "secondary_table_endpoint": "",
            "secondary_table_host": "",
            "secondary_table_microsoft_endpoint": "",
            "secondary_table_microsoft_host": "",
            "secondary_web_endpoint": "",
            "secondary_web_host": "",
            "secondary_web_internet_endpoint": "",
            "secondary_web_internet_host": "",
            "secondary_web_microsoft_endpoint": "",
            "secondary_web_microsoft_host": "",
            "table_encryption_key_type": "Service",
            "tags": {},
            "timeouts": null
          },
          "sensitive_attributes": [
            [
              {
                "type": "get_attr",
                "value": "primary_access_key"
              }
            ],
            [
              {
                "type": "get_attr",
                "value": "primary_blob_connection_string"
              }
            ],
            [
              {
                "type": "get_attr",
                "value": "primary_connection_string"
              }
            ],
            [
              {
                "type": "get_attr",
                "value": "secondary_access_key"
              }
            ],
            [
              {
                "type": "get_attr",
                "value": "secondary_blob_connection_string"
              }
            ],
            [
              {
                "type": "get_attr",
                "value": "secondary_connection_string"
              }
            ]
          ],
          "identity_schema_version": 0
        }
      ]
    },
    {
      "mode": "data",
      "type": "azurerm_subnet",
      "name": "aks_subnet",
      "provider": "provider[\"registry.terraform.io/hashicorp/azurerm\"]",
      "instances": [
        {
          "schema_version": 0,
          "attributes": {
            "address_prefix": "10.0.0.0/24",
            "address_prefixes": [
              "10.0.0.0/24"
            ],
            "default_outbound_access_enabled": true,
            "id": "/subscriptions/17a02a84-4ade-4b31-9a8e-91997f0c1457/resourceGroups/tf-wiz-test-rg/providers/Microsoft.Network/virtualNetworks/tf-mongo-vnet/subnets/default",
            "name": "default",
            "network_security_group_id": "",
            "private_endpoint_network_policies": "Disabled",
            "private_link_service_network_policies_enabled": true,
            "resource_group_name": "tf-wiz-test-rg",
            "route_table_id": "",
            "service_endpoints": [],
            "timeouts": null,
            "virtual_network_name": "tf-mongo-vnet"
          },
          "sensitive_attributes": [],
          "identity_schema_version": 0
        }
      ]
    },
    {
      "mode": "data",
      "type": "azurerm_virtual_machine",
      "name": "mongo_vm_data",
      "provider": "provider[\"registry.terraform.io/hashicorp/azurerm\"]",
      "instances": [
        {
          "schema_version": 0,
          "attributes": {
            "id": "/subscriptions/17a02a84-4ade-4b31-9a8e-91997f0c1457/resourceGroups/tf-wiz-test-rg/providers/Microsoft.Compute/virtualMachines/tf-mongo-vm",
            "identity": [
              {
                "identity_ids": [],
                "principal_id": "d8caace6-93f2-48f5-a9d3-d3ef002d2a33",
                "tenant_id": "a816de9e-88b2-4fd8-9afc-84d67d5b0d45",
                "type": "SystemAssigned"
              }
            ],
            "location": "eastus",
            "name": "tf-mongo-vm",
            "power_state": "running",
            "private_ip_address": "10.0.0.4",
            "private_ip_addresses": [
              "10.0.0.4"
            ],
            "public_ip_address": "172.206.197.237",
            "public_ip_addresses": [
              "172.206.197.237"
            ],
            "resource_group_name": "tf-wiz-test-rg",
            "timeouts": null
          },
          "sensitive_attributes": [],
          "identity_schema_version": 0
        }
      ]
    },
    {
      "mode": "data",
      "type": "azurerm_virtual_network",
      "name": "vnet",
      "provider": "provider[\"registry.terraform.io/hashicorp/azurerm\"]",
      "instances": [
        {
          "schema_version": 0,
          "attributes": {
            "address_space": [
              "10.0.0.0/16"
            ],
            "dns_servers": [],
            "guid": "11b1faa8-2ac0-4967-bde9-4369497f2f2a",
            "id": "/subscriptions/17a02a84-4ade-4b31-9a8e-91997f0c1457/resourceGroups/tf-wiz-test-rg/providers/Microsoft.Network/virtualNetworks/tf-mongo-vnet",
            "location": "eastus",
            "name": "tf-mongo-vnet",
            "resource_group_name": "tf-wiz-test-rg",
            "subnets": [
              "default"
            ],
            "tags": {},
            "timeouts": null,
            "vnet_peerings": {},
            "vnet_peerings_addresses": []
          },
          "sensitive_attributes": [],
          "identity_schema_version": 0
        }
      ]
    },
    {
      "mode": "managed",
      "type": "azurerm_container_registry",
      "name": "acr",
      "provider": "provider[\"registry.terraform.io/hashicorp/azurerm\"]",
      "instances": [
        {
          "schema_version": 2,
          "attributes": {
            "admin_enabled": true,
            "admin_password": "tW7ZIbDS5z0Lhc9W2bX+DiLQLDOhehjQsShKvqHfBz+ACRAxfOoE",
            "admin_username": "tfwizacr17a02a",
            "anonymous_pull_enabled": false,
            "data_endpoint_enabled": false,
            "encryption": [],
            "export_policy_enabled": true,
            "georeplications": [],
            "id": "/subscriptions/17a02a84-4ade-4b31-9a8e-91997f0c1457/resourceGroups/tf-wiz-test-rg/providers/Microsoft.ContainerRegistry/registries/tfwizacr17a02a",
            "identity": [],
            "location": "eastus",
            "login_server": "tfwizacr17a02a.azurecr.io",
            "name": "tfwizacr17a02a",
            "network_rule_bypass_option": "AzureServices",
            "network_rule_set": [],
            "public_network_access_enabled": true,
            "quarantine_policy_enabled": false,
            "resource_group_name": "tf-wiz-test-rg",
            "retention_policy_in_days": 0,
            "sku": "Standard",
            "tags": {
              "Environment": "wizexercise"
            },
            "timeouts": null,
            "trust_policy_enabled": false,
            "zone_redundancy_enabled": false
          },
          "sensitive_attributes": [
            [
              {
                "type": "get_attr",
                "value": "admin_password"
              }
            ]
          ],
          "identity_schema_version": 0,
          "private": "eyJlMmJmYjczMC1lY2FhLTExZTYtOGY4OC0zNDM2M2JjN2M0YzAiOnsiY3JlYXRlIjoxODAwMDAwMDAwMDAwLCJkZWxldGUiOjE4MDAwMDAwMDAwMDAsInJlYWQiOjMwMDAwMDAwMDAwMCwidXBkYXRlIjoxODAwMDAwMDAwMDAwfSwic2NoZW1hX3ZlcnNpb24iOiIyIn0=",
          "dependencies": [
            "azurerm_resource_group.wiz_test_rg",
            "data.azurerm_client_config.current"
          ]
        }
      ]
    },
    {
      "mode": "managed",
      "type": "azurerm_kubernetes_cluster",
      "name": "aks",
      "provider": "provider[\"registry.terraform.io/hashicorp/azurerm\"]",
      "instances": [
        {
          "schema_version": 2,
          "attributes": {
            "aci_connector_linux": [],
            "api_server_access_profile": [],
            "auto_scaler_profile": [],
            "automatic_upgrade_channel": "",
            "azure_active_directory_role_based_access_control": [],
            "azure_policy_enabled": null,
            "confidential_computing": [],
            "cost_analysis_enabled": false,
            "current_kubernetes_version": "1.31.8",
            "default_node_pool": [
              {
                "auto_scaling_enabled": false,
                "capacity_reservation_group_id": "",
                "fips_enabled": false,
                "gpu_instance": "",
                "host_encryption_enabled": false,
                "host_group_id": "",
                "kubelet_config": [],
                "kubelet_disk_type": "OS",
                "linux_os_config": [],
                "max_count": 0,
                "max_pods": 30,
                "min_count": 0,
                "name": "agentpool",
                "node_count": 2,
                "node_labels": {},
                "node_network_profile": [],
                "node_public_ip_enabled": false,
                "node_public_ip_prefix_id": "",
                "only_critical_addons_enabled": false,
                "orchestrator_version": "1.31",
                "os_disk_size_gb": 128,
                "os_disk_type": "Managed",
                "os_sku": "Ubuntu",
                "pod_subnet_id": "",
                "proximity_placement_group_id": "",
                "scale_down_mode": "Delete",
                "snapshot_id": "",
                "tags": {},
                "temporary_name_for_rotation": "",
                "type": "VirtualMachineScaleSets",
                "ultra_ssd_enabled": false,
                "upgrade_settings": [
                  {
                    "drain_timeout_in_minutes": 0,
                    "max_surge": "10%",
                    "node_soak_duration_in_minutes": 0
                  }
                ],
                "vm_size": "Standard_DS2_v2",
                "vnet_subnet_id": "/subscriptions/17a02a84-4ade-4b31-9a8e-91997f0c1457/resourceGroups/tf-wiz-test-rg/providers/Microsoft.Network/virtualNetworks/tf-mongo-vnet/subnets/default",
                "workload_runtime": "",
                "zones": []
              }
            ],
            "disk_encryption_set_id": "",
            "dns_prefix": "tfwizaks",
            "dns_prefix_private_cluster": "",
            "edge_zone": "",
            "fqdn": "tfwizaks-cvvokcg8.hcp.eastus.azmk8s.io",
            "http_application_routing_enabled": null,
            "http_application_routing_zone_name": null,
            "http_proxy_config": [],
            "id": "/subscriptions/17a02a84-4ade-4b31-9a8e-91997f0c1457/resourceGroups/tf-wiz-test-rg/providers/Microsoft.ContainerService/managedClusters/tf-wiz-aks",
            "identity": [
              {
                "identity_ids": [],
                "principal_id": "b5f4a039-7f1d-470f-9cee-74409c42eafb",
                "tenant_id": "a816de9e-88b2-4fd8-9afc-84d67d5b0d45",
                "type": "SystemAssigned"
              }
            ],
            "image_cleaner_enabled": null,
            "image_cleaner_interval_hours": null,
            "ingress_application_gateway": [],
            "key_management_service": [],
            "key_vault_secrets_provider": [],
            "kube_admin_config": [],
            "kube_admin_config_raw": "",
            "kube_config": [
              {
                "client_certificate": "LS0tLS1CRUdJTiBDRVJUSUZJQ0FURS0tLS0tCk1JSUZIVENDQXdXZ0F3SUJBZ0lRUE1ob3NLWkxua2hiSnlYSlc1cktoekFOQmdrcWhraUc5dzBCQVFzRkFEQU4KTVFzd0NRWURWUVFERXdKallUQWVGdzB5TlRBMk1URXhNakV6TWpWYUZ3MHlOekEyTVRFeE1qSXpNalZhTURBeApGekFWQmdOVkJBb1REbk41YzNSbGJUcHRZWE4wWlhKek1SVXdFd1lEVlFRREV3eHRZWE4wWlhKamJHbGxiblF3CmdnSWlNQTBHQ1NxR1NJYjNEUUVCQVFVQUE0SUNEd0F3Z2dJS0FvSUNBUUNzT1l5Zk1WR0ZrM0pwdFByQ21TZVIKSkVzSUlWYmxwMWkwZGZRYStZbFZrYmVNc3pHQVhwM3Q3UnRvRFVjQUcya2hpanExQnBmNlNKQzB1aVY1bEQ3MAp5ME1RM3JIcWVZRk1BMWFFUlFGU251dVVXWE8xcktUVnpydEprQXI4TGNNMGk0cERqZ0hYRUEyNWxRZ1FHa0RRCmFBeHU3Wno0Ukl0Y1gzeGR1QUc4TklmQXA5V0FZaFlybENpeE81T1BQMThDTm9GeVJnbTUyZWM5cDdUVjQ4aTQKR3NGZmxkR0orT3phTjZvWHUwTC9UWnRvZEZmenVvL0w3b2RnNzhuVlJackxrTXRnSkVtNkhLbXkwVHpReFdzaQpmSmM0T2lQTytTTmtZeDZIVHVzV2Nqb2lzRTBSV3czend2bm5iTUdCUElsNUZyOE1MbnVLQ3p1QnhTS21qSzFuClJwU2Q5MmQzV0ZYNy9HbkNSK0NGcFEwRWQxLzhDc2Z6L0w2UHJwRXdOblVIaUJzL1ZHMWU2UGtSaWFXRHgxdVoKdDArRXJqQXdCWVlxUmRtaXduVVF0ZW9wKzlkVmF1QXdhODhua093Smx5dWxuQ1dlcW12UldQNERCRHVKS0JQVwpWMGlwWFB0dFhWYjVPT2phLzBjc25XNURIMGVOSUNFZ2lueEE2S3E2TlFzSU1ScnZ3SFFBOE5xdXY5akQ0YjIxCldFVnlWNlBOS1NBQnRPVCtsckxpUzlKeE1pTDRGbVU3WXVvRFNFWE5BVFQrd3BQMzY4Z3IzZmkrRHBvd0lJalcKNnJLQjdac3FlcG9BOUNpQzg4RHBiTFdScENydXdGMVc0d0NVUzVadGFSbzIxekpWMWd6TS9MM0lEWWgxMzRmTQpCZGpjQ3JFaGtiTlVNNGVyeDYvR1J3SURBUUFCbzFZd1ZEQU9CZ05WSFE4QkFmOEVCQU1DQmFBd0V3WURWUjBsCkJBd3dDZ1lJS3dZQkJRVUhBd0l3REFZRFZSMFRBUUgvQkFJd0FEQWZCZ05WSFNNRUdEQVdnQlJsTzMxVVk4TkwKSGJxZTJCaTFvc2hVeGpwOWJ6QU5CZ2txaGtpRzl3MEJBUXNGQUFPQ0FnRUFtREtFQ2MvUGdwcWZ3c1BmUkJISworZHR4K0UwT0dPVmVzNno5N1RvODR5ckFDNGRqS0ZxNWt5LzM0bGdrUVNvT0VrVW1qcDAwSC9EZ3BnSjRQbytOCm5nUnoxYzB1UlFiSFdRWFdKby9qSTU0bStrOUJkaDZLODBSbUpwcEd6dW1jOWZaY1JYNG9za1ZjM0tKSHVSYXMKdE9jYWJSa3pEM2w3VG1ZMkVwK2Z1MUlIbmVwT3pZa2NNM3RhYnlkeithNSs0aHFXU2tCcExONEE2c2hqd0JCVQo3Y25zL2h2YTllcHJCVnNkOWM4Qk9OdVYvUldVdHVRN21WOVMzaHRDS0JHakp5V2ZMTWVraVNqZVI1SDBQaDQ0CnVIVCtZaDViSnRoUGRkWG1CWFRSSWlYTGlDWUxjY1ltanhrUDVMVXI5cWhGbC82aUt1RkdVMGNBZG5aZmFjeVQKNmlYcitsS2Nkb1Z0ZXRkM05UN2w5ZlF2WHNwTVdQblk1Yk5wMGNwWHZzYzB1NHAvUXdDekxYUUJVZi9EVWFFNwozeGx5cWxXaTdwYS9BeGlmUGxOWk53NFFlSlMrYUxQV3NOcEE3STdLWndPK1pZQ01aR0RLTlhWaC9oR0h3SmFXCnh5ZE15bHpKcjUrQ1pybk84S3Iva0JOVWxycldSNG10UW1VY1lzT2crWHJMa00xb3pkc0lVWVU2a2xlak1rTTcKRXFOd3JSLzhKakgzWTB5b3NOZWF1Y290ZDZRWUZJell1WEp5SDJ2U3RYUmFjWWNQTTFObjU0TWxJc2lERmQ4NgoyQjJtbWoyaWVoR3ZiemZZekZEeVo5bm9EdHpyZ2RMaVpLVGU2KzZ3Y3JucVc3OVl2K3lTeHIwVVZEWSswZkFNCnp0b054N3M2K0p2QnhDMFY1QURRQkZ3PQotLS0tLUVORCBDRVJUSUZJQ0FURS0tLS0tCg==",
                "client_key": "LS0tLS1CRUdJTiBSU0EgUFJJVkFURSBLRVktLS0tLQpNSUlKS0FJQkFBS0NBZ0VBckRtTW56RlJoWk55YWJUNndwa25rU1JMQ0NGVzVhZFl0SFgwR3ZtSlZaRzNqTE14CmdGNmQ3ZTBiYUExSEFCdHBJWW82dFFhWCtraVF0TG9sZVpRKzlNdERFTjZ4Nm5tQlRBTldoRVVCVXA3cmxGbHoKdGF5azFjNjdTWkFLL0MzRE5JdUtRNDRCMXhBTnVaVUlFQnBBMEdnTWJ1MmMrRVNMWEY5OFhiZ0J2RFNId0tmVgpnR0lXSzVRb3NUdVRqejlmQWphQmNrWUp1ZG5uUGFlMDFlUEl1QnJCWDVYUmlmanMyamVxRjd0Qy8wMmJhSFJYCjg3cVB5KzZIWU8vSjFVV2F5NURMWUNSSnVoeXBzdEU4ME1WcklueVhPRG9qenZralpHTWVoMDdyRm5JNklyQk4KRVZzTjg4TDU1MnpCZ1R5SmVSYS9EQzU3aWdzN2djVWlwb3l0WjBhVW5mZG5kMWhWKy94cHdrZmdoYVVOQkhkZgovQXJIOC95K2o2NlJNRFoxQjRnYlAxUnRYdWo1RVltbGc4ZGJtYmRQaEs0d01BV0dLa1hab3NKMUVMWHFLZnZYClZXcmdNR3ZQSjVEc0NaY3JwWndsbnFwcjBWaitBd1E3aVNnVDFsZElxVno3YlYxVytUam8ydjlITEoxdVF4OUgKalNBaElJcDhRT2lxdWpVTENERWE3OEIwQVBEYXJyL1l3K0c5dFZoRmNsZWp6U2tnQWJUay9wYXk0a3ZTY1RJaQorQlpsTzJMcUEwaEZ6UUUwL3NLVDkrdklLOTM0dmc2YU1DQ0kxdXF5Z2UyYktucWFBUFFvZ3ZQQTZXeTFrYVFxCjdzQmRWdU1BbEV1V2JXa2FOdGN5VmRZTXpQeTl5QTJJZGQrSHpBWFkzQXF4SVpHelZET0hxOGV2eGtjQ0F3RUEKQVFLQ0FnQTYvbWVWN0QzaGhKVlBja2ZuT3JFYi9aT2FFRm1FeHlNU2hjajlLSGNMa2FPUEZaNmlPMGJieGpsNgpGZm81SmlxSDY2S2FlY3k3VmZvRGZqUHlCbjdlT1hZYXBEM0xkSjErblRJWWtzNldMNHZBd0Rkcmh0emJ4RG5SClEvOFBUTm10K1JKK2UzbFQ0dExndkJVTDl3STJvVDJKRGVtVC9WN0RZSTNvU0d5SHZISzM0b1cydVdLZ3dOcUQKZzBYVGJzQ3JzR0g4ODlMSEQ4WXZEM0JaUi9Kc1pmWFJPUytTbEdzRmdNWEo1VUpZMDR1bFp4enRodjFVdkxzdwowRktSdElzR3FlMlFYRDNJKzZLQmR6emV3cEVsT2dwT24xTyt4UWFEajVSWWd3YnlKR1NYbDA1KzRITFNDZnF5CmRFV0FjRzBpeGxEZzZsYzAvUTRBTUxmaTF4TmFXYnZPR3IyUFdWY0Qxb2xPSFFrWktoRi9yZE5SVDlxODNCcWMKQk02T2xndG1WZWN2ZEd3bFJaT0szdjdoK1ZobG1VRmpZQzZGQmhuZWNNMDhiSit3bnAyVGZ6RmRjT1Q0a25mMQpFOEFJVWd1TjFiTHhZWE85cnhtMHFJdHZ4dnVkY0Z6Mm13aG1MSG9qaDJaZEdabXc0UWRHZU5LVFUzSDRoMmFoClkvYWlRSDlYL2REaGJPRVNGRHpWUEZlVndFaG83WUJIVDI5U2l5SG8zOTNTeW1QTmFGSllOVWE4ZjJZOVFLTzMKcEtCbnJ6U0NRUjRSVGg2dkpJM0VBOG9ZM3lrRFU0RUtBZFBhZ2FDSmU1WExaZlRLUnpGaDlpZFNWTUhKeUUvZApZcXU5TkRaU3lGTXFWMThSRDFnRWpVdFl0aVozUDZZU2J1SGxkdE9sOWhUcmJ1OUVrUUtDQVFFQXdmTDBwY1dMCkxKOGc0MXpraUJ6V1djTlFPY1FkeG9nY3pydGYrUmZxTDYyMndQN1AyOW80ajVkMTYrRjNvcmN5NVBxMElNekoKS25ub2xkWGQ5YUpndWV6T09MM0RwblpFMmdGczQxQlhoM3pVemRZMm5BL2J3RzYzWHRQcmZvVFZDdkE3SHpzdgpyV29WdzR0ZlkwWHFnQ0pzci9YbHdsZFl6Zlg1MDhvVGhHaU5lSjlQenp6UGhIZ0hyTUpIdEhmQXJxSTVSdUtKCmcwRUc0amVBWTU1M1d4UUhxc0ZyTmxEZzdnaVhVdUt4RHVlN0JBVnFFVlBSS3JUWTNnSlVTbFQxczdmNjVjQ1cKKytKdGp5ZmdRbS83YUZPTjBoTm5wakNHaVk3dTFZbk1KQnZlNG5FMnlaaHBzUDg2WG1UR1R4WmF4MVdvbDhlTApJT3dWcFczNFZ1U0JPUUtDQVFFQTQxTlBGbENPZ0tUek82aWNDWm0zbFNjdFFKTG5SZ1F4QWdYM3FxM29mNXlQCkcwWjUvVmNpMFRPSU9WWStCUjVMcjFoYW52TjVESHZia21STVFRTmp1WXpIMDFRdFE1M1MvVjQwK1ZhaVp6ZnkKRkN2Y1J2L29ZWVY2endQM29kVjVnL2U5V1NSMEpCUkE5a2pOYUhPVjVtdVVZa2k1R1VpQ1RwR21Rc2JnWVNJYQpha29xSEgrRDdOTk52SThsVVNMRjY1SXRPR2pYUFdpY0xPZ1pvT2E4cy9jZHpUcVpIQjlpZHBwVUNvMDk5T0I0CkF1M29DdC9hY09MQXNSOUgyVlFjdkZ6WC9JM3R0d29DNWRabGpKc1A0dFpYYi9YaHEwQW8zK1dPWlpxWVdqaVgKNW5SdmltMEVKcGNudFpoU2I4SWhQeGNta3grNlpqcUpsU1l4aFZBRGZ3S0NBUUFlcHoyUGJiZGZhQThVb0R2bQpYMWhwZTNzVWhqQ0dqa0N2VStJSlJvUlc0TWUvblFaUkl4NUpZNURacFJyNWRxYnVsY2tlWGY5MVhTc3JjMC9QCllNaVUyaDZGelVnODZQaGMxRmpYWEgxWkJwdkRwSldnK01pc2sxTWNBN1oybXB2cFRLcXJkdmxFR1Q0elY3WE4KeE9FWk8xZWVQK2orWER2RzRaZUlwNm1LQmRSR09qZXM4MW1CQUUrR09IYUl5VnlFdlZMOEp4WEF6dWc5bkxRSQpDcVdtbVhYVXdSa216b1dlV1hGQlFsN2xraTUycGp4clhLbjBhL3pTcWQrVWwvVDFZS0NnNjExeGxnbm0xRkNYCmI0ZDJwNjRFZzlpZjVZOTk4ajlCTkxRMUNNcWpVMjFyVTFGeERnVzFvWXZPT0NSRTJQNzZiaWxKSE1jWERGaHgKczAvUkFvSUJBQitIdEphQndlSXgvdEt0aGtjR25TSUE5eFBYekdBM3dKeHBPM3JlK0RxSytvWnI5Z3VmaEdMRAo1UWNlNFNkUWxtclJ0SEFMa1NTY0lVNWl2dmpkZ1gyQSswNWloSXkyWFVkclE2bTV6SGpJbDdrWWhFc012NnlYCkdQdVJyMDB4RU5PdkR3SklQaHVxKzMrdGhXQVJlQjhubU1NeEZ3dGN0VVkwaVgwRm5LV2NWMUdheTlCOEYwNUgKMktab3JHSmVrbGtrUTBWcHRVRDlPM3czRFNiMkdnSlVLandHL3FtWjZNeE9oNDJYSFpyVGI1SG9jYURnZjZuYwpxYUZubDAyYmp3akpUK1BsdzZ6NXBJRkFoWUZGR0tUNzJkRGJwOXRhNE5COVJJenZMbWFGSnZ4OTllS2JVRklSCjhSNE03SkkzdU9qSlN6NW96aS9UdXJXSFFLTWUvLzBDZ2dFQkFKbDRPdmFMbktxRDgwM1p3WkhQQzB3SHE3VDYKa2R5L2ZDRGVqYWt5R0VHR0xhM3dObEtWTGJ4cnNacGxiNzBSMDFmcmNRejF0Q0UyWG5obDRIemk3V1dhcjBZSQpyZm1YeklxaW1DYXJ3VWIyVlFNQ0ViN2xHa3E4SW5uU3dRSmM2QjhPekhVeHY4SjdtdHR6REFYNHFDVlBLZjhUCi9jYzN4aTgyWld6Q1Y5TnlpbzZieXpleHNDRnE4Y3NJYW0rdG9NbnNVOTBzN2pyd1dUOGZqZHVyc1JzMjh6TjAKUGc2RlM3YXVHYk5ZVDgzOGVLWFZtUnZ2dmN4VHFRY3JzSTQ4bUtvSWk3RHBMT3pMQUtVdXJqcWsvaHdhdzJENwpENFIydlZzSXNVUFVzZHhYUEhXVTRnQkM4aVpXZEE4ZXlhWW1seWp0Z2RmZWhnVGd1aWk2eDJ2NEJxaz0KLS0tLS1FTkQgUlNBIFBSSVZBVEUgS0VZLS0tLS0K",
                "cluster_ca_certificate": "LS0tLS1CRUdJTiBDRVJUSUZJQ0FURS0tLS0tCk1JSUU2RENDQXRDZ0F3SUJBZ0lRZWRrS2d3am54ZkpibFBocS85WjR2akFOQmdrcWhraUc5dzBCQVFzRkFEQU4KTVFzd0NRWURWUVFERXdKallUQWdGdzB5TlRBMk1URXhNakV6TWpWYUdBOHlNRFUxTURZeE1URXlNak15TlZvdwpEVEVMTUFrR0ExVUVBeE1DWTJFd2dnSWlNQTBHQ1NxR1NJYjNEUUVCQVFVQUE0SUNEd0F3Z2dJS0FvSUNBUUNoCktEeUZuZVRnd2d5YTZJQWJuK29GS0RVaFdZMXMxK0h1TjlTVkpTeXlZY3VWb1l6UGZmUTNnVEJEZmxqWENYMkcKR0hxQVI0UTZUbithakxJWllCU1B5Ky8wdElMMG0wSittNzUwWGlrY001RVk5OUU4RzF5TXNOT282OE9zT2ptQgpGVDNMMjNOZGt5Y0FOcGk0UFF2MlQ4K0hlNEJ3UUg1dFF5Z1duVngrcktEa0FVZTdMRG9GcmZWS0hxcUR1YUttCmU2bjBEZGRaYlY0blBzUG43cm9nWkdNVExhM1pNQm9MWWJTaEIyMDcvSkpsUFllM09qVitvNWozdS9iL05qbEIKanQwN0hvVFBabjRSYzgzQmRrejI2c3ZUeDhqdWtOMkwwdnNTUitrdHhPS2ZId25IVEVGRmtrb2dWQWdVYkNpKwplb3B4Qmd1RlNNYmZBSVgzTGJzV1Yxa2xreDkrTE9DNndxb010a09DeWJ0UkZvRXIrb090U0Zhd3ZZaGpPZWtOCkJuU0dXUWVvWWlJS0pETEZVaUFwSDR2dTgxZThKMzU4a3hnVnlwZjhUdkE5eWJmK1hWdG85REFnK2VkQVRiaHIKL1FVeDREYldNb0MxSzNtZmhnTTBWTlA4UlN4NHNCUDdnV2ZQY0p3WGZDYW8veFNyQ29wdlhKakR1OTVvRE9hVgpiUHVMbWFUUlNuYjBER29JZnp0SnRHeStYRk55SmRxZnpnYlhHdVJDbFJ3OThIUUlhbTg2a1dCdElseWVmTTVhClNEU3gyOWg1UE5ZZkNuemdRZXBZS0tXZzR3SUJTV1FrcTQvM1lFTWlsZU0zdHA3WFRkMEJjUXlsa2FpUWVsYkoKYWpzSGM0Z084eWdRb3RUaEV3N2ExWE9CeERvdjg2UEdsbzRyUFpSVlZRSURBUUFCbzBJd1FEQU9CZ05WSFE4QgpBZjhFQkFNQ0FxUXdEd1lEVlIwVEFRSC9CQVV3QXdFQi96QWRCZ05WSFE0RUZnUVVaVHQ5VkdQRFN4MjZudGdZCnRhTElWTVk2Zlc4d0RRWUpLb1pJaHZjTkFRRUxCUUFEZ2dJQkFFa25id1dMYmVNVWhJWjgvYlNqajVZNmsramQKbTU1OUxYdWpsRnJQaE5sMzZSQUgyQ3ZoZjZnSWk1Q20yMzlyekFCdkZjT3oycGNORERmWksxVTc0TEdjSzRZWgo5WDdtK0MzWk9oTmZWbU8rM055K3ZZc0gvb2FpZWVBS3BIU1RpQ3UvMGtlSDl4d2o3V3VvVTI5Vmt2SkN0K29DClFDUTloSjZlM0Q0ZmJTYXJMK0hGNVMxUkdyMkhQUW5hOEptNFdWaGlxQ0V6c2ZiWGl6NnJ2Z0dQdjBacHN3ZncKL2k5am9CdXMxeGxIaS9vM3M2eUVjZERwV1VqYXUxemlGTlV3MmNGUkRxR2t2d0xzNjhpQ2RKVlFpVXNRZlo0Mwp6ZmNxWU1oUERXOEYwVXlSenZGRU9sL3hYY25RaVB5a1BZdDgyWm1BSlFodlRxcjdxWmVrM0c2MUhNRFFsUit1Cjl5UmZiTWVXMGt1TkJsTUtDTkQrTEJzTnA5UmdwZHZVSzhKS1hmbStyTG9jZ0czeFJPYlh4ajI5Z2RxOVpwMzAKUTRuQmlaRXR0MzMreElhU0lpUjkrNXkxeGV3Vkl1YnZtMzVhaHk1eXFOdjNYS0Q1emRxR2hoKzloMW15dm1ZRApiV0t1OStQQ2MzMGRkQjRKOGNCZlNKcjZRc0QvYlphUlE0a2dnVGIvS2NlWkxFOEpuaEloT2lwS1llS2xURTJUClVjZFcxQ1NDQ1JkTkhOeFdrejgwM0RLRHFWRHRjZ3l3MGQyZG1HYVVCb2RYQUpnWU9scXlXUDM0YTRSNVhMQXUKZlluU205bFNKT2IwWkxWNXRiNWpoNnVUVGxqK2ljbjA3NWlXZ1l1a3cwTmpmcTNNZXRNU3AybTNqUlYxbHk2dQpWdHIwZ1VDQUQzTjZZOGdzCi0tLS0tRU5EIENFUlRJRklDQVRFLS0tLS0K",
                "host": "https://tfwizaks-cvvokcg8.hcp.eastus.azmk8s.io:443",
                "password": "ijqhivbvjjzkf6w2y8jbyztudz01bdxx98ge4e7jko11oxjl0oynl1ipypqk2ccpqcpvxrfn9l0mrztu2uj216luc5dflbv4h8pzldwsmhv9p1uk296xjlhwe7hz3rce",
                "username": "clusterUser_tf-wiz-test-rg_tf-wiz-aks"
              }
            ],
            "kube_config_raw": "apiVersion: v1\nclusters:\n- cluster:\n    certificate-authority-data: LS0tLS1CRUdJTiBDRVJUSUZJQ0FURS0tLS0tCk1JSUU2RENDQXRDZ0F3SUJBZ0lRZWRrS2d3am54ZkpibFBocS85WjR2akFOQmdrcWhraUc5dzBCQVFzRkFEQU4KTVFzd0NRWURWUVFERXdKallUQWdGdzB5TlRBMk1URXhNakV6TWpWYUdBOHlNRFUxTURZeE1URXlNak15TlZvdwpEVEVMTUFrR0ExVUVBeE1DWTJFd2dnSWlNQTBHQ1NxR1NJYjNEUUVCQVFVQUE0SUNEd0F3Z2dJS0FvSUNBUUNoCktEeUZuZVRnd2d5YTZJQWJuK29GS0RVaFdZMXMxK0h1TjlTVkpTeXlZY3VWb1l6UGZmUTNnVEJEZmxqWENYMkcKR0hxQVI0UTZUbithakxJWllCU1B5Ky8wdElMMG0wSittNzUwWGlrY001RVk5OUU4RzF5TXNOT282OE9zT2ptQgpGVDNMMjNOZGt5Y0FOcGk0UFF2MlQ4K0hlNEJ3UUg1dFF5Z1duVngrcktEa0FVZTdMRG9GcmZWS0hxcUR1YUttCmU2bjBEZGRaYlY0blBzUG43cm9nWkdNVExhM1pNQm9MWWJTaEIyMDcvSkpsUFllM09qVitvNWozdS9iL05qbEIKanQwN0hvVFBabjRSYzgzQmRrejI2c3ZUeDhqdWtOMkwwdnNTUitrdHhPS2ZId25IVEVGRmtrb2dWQWdVYkNpKwplb3B4Qmd1RlNNYmZBSVgzTGJzV1Yxa2xreDkrTE9DNndxb010a09DeWJ0UkZvRXIrb090U0Zhd3ZZaGpPZWtOCkJuU0dXUWVvWWlJS0pETEZVaUFwSDR2dTgxZThKMzU4a3hnVnlwZjhUdkE5eWJmK1hWdG85REFnK2VkQVRiaHIKL1FVeDREYldNb0MxSzNtZmhnTTBWTlA4UlN4NHNCUDdnV2ZQY0p3WGZDYW8veFNyQ29wdlhKakR1OTVvRE9hVgpiUHVMbWFUUlNuYjBER29JZnp0SnRHeStYRk55SmRxZnpnYlhHdVJDbFJ3OThIUUlhbTg2a1dCdElseWVmTTVhClNEU3gyOWg1UE5ZZkNuemdRZXBZS0tXZzR3SUJTV1FrcTQvM1lFTWlsZU0zdHA3WFRkMEJjUXlsa2FpUWVsYkoKYWpzSGM0Z084eWdRb3RUaEV3N2ExWE9CeERvdjg2UEdsbzRyUFpSVlZRSURBUUFCbzBJd1FEQU9CZ05WSFE4QgpBZjhFQkFNQ0FxUXdEd1lEVlIwVEFRSC9CQVV3QXdFQi96QWRCZ05WSFE0RUZnUVVaVHQ5VkdQRFN4MjZudGdZCnRhTElWTVk2Zlc4d0RRWUpLb1pJaHZjTkFRRUxCUUFEZ2dJQkFFa25id1dMYmVNVWhJWjgvYlNqajVZNmsramQKbTU1OUxYdWpsRnJQaE5sMzZSQUgyQ3ZoZjZnSWk1Q20yMzlyekFCdkZjT3oycGNORERmWksxVTc0TEdjSzRZWgo5WDdtK0MzWk9oTmZWbU8rM055K3ZZc0gvb2FpZWVBS3BIU1RpQ3UvMGtlSDl4d2o3V3VvVTI5Vmt2SkN0K29DClFDUTloSjZlM0Q0ZmJTYXJMK0hGNVMxUkdyMkhQUW5hOEptNFdWaGlxQ0V6c2ZiWGl6NnJ2Z0dQdjBacHN3ZncKL2k5am9CdXMxeGxIaS9vM3M2eUVjZERwV1VqYXUxemlGTlV3MmNGUkRxR2t2d0xzNjhpQ2RKVlFpVXNRZlo0Mwp6ZmNxWU1oUERXOEYwVXlSenZGRU9sL3hYY25RaVB5a1BZdDgyWm1BSlFodlRxcjdxWmVrM0c2MUhNRFFsUit1Cjl5UmZiTWVXMGt1TkJsTUtDTkQrTEJzTnA5UmdwZHZVSzhKS1hmbStyTG9jZ0czeFJPYlh4ajI5Z2RxOVpwMzAKUTRuQmlaRXR0MzMreElhU0lpUjkrNXkxeGV3Vkl1YnZtMzVhaHk1eXFOdjNYS0Q1emRxR2hoKzloMW15dm1ZRApiV0t1OStQQ2MzMGRkQjRKOGNCZlNKcjZRc0QvYlphUlE0a2dnVGIvS2NlWkxFOEpuaEloT2lwS1llS2xURTJUClVjZFcxQ1NDQ1JkTkhOeFdrejgwM0RLRHFWRHRjZ3l3MGQyZG1HYVVCb2RYQUpnWU9scXlXUDM0YTRSNVhMQXUKZlluU205bFNKT2IwWkxWNXRiNWpoNnVUVGxqK2ljbjA3NWlXZ1l1a3cwTmpmcTNNZXRNU3AybTNqUlYxbHk2dQpWdHIwZ1VDQUQzTjZZOGdzCi0tLS0tRU5EIENFUlRJRklDQVRFLS0tLS0K\n    server: https://tfwizaks-cvvokcg8.hcp.eastus.azmk8s.io:443\n  name: tf-wiz-aks\ncontexts:\n- context:\n    cluster: tf-wiz-aks\n    user: clusterUser_tf-wiz-test-rg_tf-wiz-aks\n  name: tf-wiz-aks\ncurrent-context: tf-wiz-aks\nkind: Config\npreferences: {}\nusers:\n- name: clusterUser_tf-wiz-test-rg_tf-wiz-aks\n  user:\n    client-certificate-data: LS0tLS1CRUdJTiBDRVJUSUZJQ0FURS0tLS0tCk1JSUZIVENDQXdXZ0F3SUJBZ0lRUE1ob3NLWkxua2hiSnlYSlc1cktoekFOQmdrcWhraUc5dzBCQVFzRkFEQU4KTVFzd0NRWURWUVFERXdKallUQWVGdzB5TlRBMk1URXhNakV6TWpWYUZ3MHlOekEyTVRFeE1qSXpNalZhTURBeApGekFWQmdOVkJBb1REbk41YzNSbGJUcHRZWE4wWlhKek1SVXdFd1lEVlFRREV3eHRZWE4wWlhKamJHbGxiblF3CmdnSWlNQTBHQ1NxR1NJYjNEUUVCQVFVQUE0SUNEd0F3Z2dJS0FvSUNBUUNzT1l5Zk1WR0ZrM0pwdFByQ21TZVIKSkVzSUlWYmxwMWkwZGZRYStZbFZrYmVNc3pHQVhwM3Q3UnRvRFVjQUcya2hpanExQnBmNlNKQzB1aVY1bEQ3MAp5ME1RM3JIcWVZRk1BMWFFUlFGU251dVVXWE8xcktUVnpydEprQXI4TGNNMGk0cERqZ0hYRUEyNWxRZ1FHa0RRCmFBeHU3Wno0Ukl0Y1gzeGR1QUc4TklmQXA5V0FZaFlybENpeE81T1BQMThDTm9GeVJnbTUyZWM5cDdUVjQ4aTQKR3NGZmxkR0orT3phTjZvWHUwTC9UWnRvZEZmenVvL0w3b2RnNzhuVlJackxrTXRnSkVtNkhLbXkwVHpReFdzaQpmSmM0T2lQTytTTmtZeDZIVHVzV2Nqb2lzRTBSV3czend2bm5iTUdCUElsNUZyOE1MbnVLQ3p1QnhTS21qSzFuClJwU2Q5MmQzV0ZYNy9HbkNSK0NGcFEwRWQxLzhDc2Z6L0w2UHJwRXdOblVIaUJzL1ZHMWU2UGtSaWFXRHgxdVoKdDArRXJqQXdCWVlxUmRtaXduVVF0ZW9wKzlkVmF1QXdhODhua093Smx5dWxuQ1dlcW12UldQNERCRHVKS0JQVwpWMGlwWFB0dFhWYjVPT2phLzBjc25XNURIMGVOSUNFZ2lueEE2S3E2TlFzSU1ScnZ3SFFBOE5xdXY5akQ0YjIxCldFVnlWNlBOS1NBQnRPVCtsckxpUzlKeE1pTDRGbVU3WXVvRFNFWE5BVFQrd3BQMzY4Z3IzZmkrRHBvd0lJalcKNnJLQjdac3FlcG9BOUNpQzg4RHBiTFdScENydXdGMVc0d0NVUzVadGFSbzIxekpWMWd6TS9MM0lEWWgxMzRmTQpCZGpjQ3JFaGtiTlVNNGVyeDYvR1J3SURBUUFCbzFZd1ZEQU9CZ05WSFE4QkFmOEVCQU1DQmFBd0V3WURWUjBsCkJBd3dDZ1lJS3dZQkJRVUhBd0l3REFZRFZSMFRBUUgvQkFJd0FEQWZCZ05WSFNNRUdEQVdnQlJsTzMxVVk4TkwKSGJxZTJCaTFvc2hVeGpwOWJ6QU5CZ2txaGtpRzl3MEJBUXNGQUFPQ0FnRUFtREtFQ2MvUGdwcWZ3c1BmUkJISworZHR4K0UwT0dPVmVzNno5N1RvODR5ckFDNGRqS0ZxNWt5LzM0bGdrUVNvT0VrVW1qcDAwSC9EZ3BnSjRQbytOCm5nUnoxYzB1UlFiSFdRWFdKby9qSTU0bStrOUJkaDZLODBSbUpwcEd6dW1jOWZaY1JYNG9za1ZjM0tKSHVSYXMKdE9jYWJSa3pEM2w3VG1ZMkVwK2Z1MUlIbmVwT3pZa2NNM3RhYnlkeithNSs0aHFXU2tCcExONEE2c2hqd0JCVQo3Y25zL2h2YTllcHJCVnNkOWM4Qk9OdVYvUldVdHVRN21WOVMzaHRDS0JHakp5V2ZMTWVraVNqZVI1SDBQaDQ0CnVIVCtZaDViSnRoUGRkWG1CWFRSSWlYTGlDWUxjY1ltanhrUDVMVXI5cWhGbC82aUt1RkdVMGNBZG5aZmFjeVQKNmlYcitsS2Nkb1Z0ZXRkM05UN2w5ZlF2WHNwTVdQblk1Yk5wMGNwWHZzYzB1NHAvUXdDekxYUUJVZi9EVWFFNwozeGx5cWxXaTdwYS9BeGlmUGxOWk53NFFlSlMrYUxQV3NOcEE3STdLWndPK1pZQ01aR0RLTlhWaC9oR0h3SmFXCnh5ZE15bHpKcjUrQ1pybk84S3Iva0JOVWxycldSNG10UW1VY1lzT2crWHJMa00xb3pkc0lVWVU2a2xlak1rTTcKRXFOd3JSLzhKakgzWTB5b3NOZWF1Y290ZDZRWUZJell1WEp5SDJ2U3RYUmFjWWNQTTFObjU0TWxJc2lERmQ4NgoyQjJtbWoyaWVoR3ZiemZZekZEeVo5bm9EdHpyZ2RMaVpLVGU2KzZ3Y3JucVc3OVl2K3lTeHIwVVZEWSswZkFNCnp0b054N3M2K0p2QnhDMFY1QURRQkZ3PQotLS0tLUVORCBDRVJUSUZJQ0FURS0tLS0tCg==\n    client-key-data: LS0tLS1CRUdJTiBSU0EgUFJJVkFURSBLRVktLS0tLQpNSUlKS0FJQkFBS0NBZ0VBckRtTW56RlJoWk55YWJUNndwa25rU1JMQ0NGVzVhZFl0SFgwR3ZtSlZaRzNqTE14CmdGNmQ3ZTBiYUExSEFCdHBJWW82dFFhWCtraVF0TG9sZVpRKzlNdERFTjZ4Nm5tQlRBTldoRVVCVXA3cmxGbHoKdGF5azFjNjdTWkFLL0MzRE5JdUtRNDRCMXhBTnVaVUlFQnBBMEdnTWJ1MmMrRVNMWEY5OFhiZ0J2RFNId0tmVgpnR0lXSzVRb3NUdVRqejlmQWphQmNrWUp1ZG5uUGFlMDFlUEl1QnJCWDVYUmlmanMyamVxRjd0Qy8wMmJhSFJYCjg3cVB5KzZIWU8vSjFVV2F5NURMWUNSSnVoeXBzdEU4ME1WcklueVhPRG9qenZralpHTWVoMDdyRm5JNklyQk4KRVZzTjg4TDU1MnpCZ1R5SmVSYS9EQzU3aWdzN2djVWlwb3l0WjBhVW5mZG5kMWhWKy94cHdrZmdoYVVOQkhkZgovQXJIOC95K2o2NlJNRFoxQjRnYlAxUnRYdWo1RVltbGc4ZGJtYmRQaEs0d01BV0dLa1hab3NKMUVMWHFLZnZYClZXcmdNR3ZQSjVEc0NaY3JwWndsbnFwcjBWaitBd1E3aVNnVDFsZElxVno3YlYxVytUam8ydjlITEoxdVF4OUgKalNBaElJcDhRT2lxdWpVTENERWE3OEIwQVBEYXJyL1l3K0c5dFZoRmNsZWp6U2tnQWJUay9wYXk0a3ZTY1RJaQorQlpsTzJMcUEwaEZ6UUUwL3NLVDkrdklLOTM0dmc2YU1DQ0kxdXF5Z2UyYktucWFBUFFvZ3ZQQTZXeTFrYVFxCjdzQmRWdU1BbEV1V2JXa2FOdGN5VmRZTXpQeTl5QTJJZGQrSHpBWFkzQXF4SVpHelZET0hxOGV2eGtjQ0F3RUEKQVFLQ0FnQTYvbWVWN0QzaGhKVlBja2ZuT3JFYi9aT2FFRm1FeHlNU2hjajlLSGNMa2FPUEZaNmlPMGJieGpsNgpGZm81SmlxSDY2S2FlY3k3VmZvRGZqUHlCbjdlT1hZYXBEM0xkSjErblRJWWtzNldMNHZBd0Rkcmh0emJ4RG5SClEvOFBUTm10K1JKK2UzbFQ0dExndkJVTDl3STJvVDJKRGVtVC9WN0RZSTNvU0d5SHZISzM0b1cydVdLZ3dOcUQKZzBYVGJzQ3JzR0g4ODlMSEQ4WXZEM0JaUi9Kc1pmWFJPUytTbEdzRmdNWEo1VUpZMDR1bFp4enRodjFVdkxzdwowRktSdElzR3FlMlFYRDNJKzZLQmR6emV3cEVsT2dwT24xTyt4UWFEajVSWWd3YnlKR1NYbDA1KzRITFNDZnF5CmRFV0FjRzBpeGxEZzZsYzAvUTRBTUxmaTF4TmFXYnZPR3IyUFdWY0Qxb2xPSFFrWktoRi9yZE5SVDlxODNCcWMKQk02T2xndG1WZWN2ZEd3bFJaT0szdjdoK1ZobG1VRmpZQzZGQmhuZWNNMDhiSit3bnAyVGZ6RmRjT1Q0a25mMQpFOEFJVWd1TjFiTHhZWE85cnhtMHFJdHZ4dnVkY0Z6Mm13aG1MSG9qaDJaZEdabXc0UWRHZU5LVFUzSDRoMmFoClkvYWlRSDlYL2REaGJPRVNGRHpWUEZlVndFaG83WUJIVDI5U2l5SG8zOTNTeW1QTmFGSllOVWE4ZjJZOVFLTzMKcEtCbnJ6U0NRUjRSVGg2dkpJM0VBOG9ZM3lrRFU0RUtBZFBhZ2FDSmU1WExaZlRLUnpGaDlpZFNWTUhKeUUvZApZcXU5TkRaU3lGTXFWMThSRDFnRWpVdFl0aVozUDZZU2J1SGxkdE9sOWhUcmJ1OUVrUUtDQVFFQXdmTDBwY1dMCkxKOGc0MXpraUJ6V1djTlFPY1FkeG9nY3pydGYrUmZxTDYyMndQN1AyOW80ajVkMTYrRjNvcmN5NVBxMElNekoKS25ub2xkWGQ5YUpndWV6T09MM0RwblpFMmdGczQxQlhoM3pVemRZMm5BL2J3RzYzWHRQcmZvVFZDdkE3SHpzdgpyV29WdzR0ZlkwWHFnQ0pzci9YbHdsZFl6Zlg1MDhvVGhHaU5lSjlQenp6UGhIZ0hyTUpIdEhmQXJxSTVSdUtKCmcwRUc0amVBWTU1M1d4UUhxc0ZyTmxEZzdnaVhVdUt4RHVlN0JBVnFFVlBSS3JUWTNnSlVTbFQxczdmNjVjQ1cKKytKdGp5ZmdRbS83YUZPTjBoTm5wakNHaVk3dTFZbk1KQnZlNG5FMnlaaHBzUDg2WG1UR1R4WmF4MVdvbDhlTApJT3dWcFczNFZ1U0JPUUtDQVFFQTQxTlBGbENPZ0tUek82aWNDWm0zbFNjdFFKTG5SZ1F4QWdYM3FxM29mNXlQCkcwWjUvVmNpMFRPSU9WWStCUjVMcjFoYW52TjVESHZia21STVFRTmp1WXpIMDFRdFE1M1MvVjQwK1ZhaVp6ZnkKRkN2Y1J2L29ZWVY2endQM29kVjVnL2U5V1NSMEpCUkE5a2pOYUhPVjVtdVVZa2k1R1VpQ1RwR21Rc2JnWVNJYQpha29xSEgrRDdOTk52SThsVVNMRjY1SXRPR2pYUFdpY0xPZ1pvT2E4cy9jZHpUcVpIQjlpZHBwVUNvMDk5T0I0CkF1M29DdC9hY09MQXNSOUgyVlFjdkZ6WC9JM3R0d29DNWRabGpKc1A0dFpYYi9YaHEwQW8zK1dPWlpxWVdqaVgKNW5SdmltMEVKcGNudFpoU2I4SWhQeGNta3grNlpqcUpsU1l4aFZBRGZ3S0NBUUFlcHoyUGJiZGZhQThVb0R2bQpYMWhwZTNzVWhqQ0dqa0N2VStJSlJvUlc0TWUvblFaUkl4NUpZNURacFJyNWRxYnVsY2tlWGY5MVhTc3JjMC9QCllNaVUyaDZGelVnODZQaGMxRmpYWEgxWkJwdkRwSldnK01pc2sxTWNBN1oybXB2cFRLcXJkdmxFR1Q0elY3WE4KeE9FWk8xZWVQK2orWER2RzRaZUlwNm1LQmRSR09qZXM4MW1CQUUrR09IYUl5VnlFdlZMOEp4WEF6dWc5bkxRSQpDcVdtbVhYVXdSa216b1dlV1hGQlFsN2xraTUycGp4clhLbjBhL3pTcWQrVWwvVDFZS0NnNjExeGxnbm0xRkNYCmI0ZDJwNjRFZzlpZjVZOTk4ajlCTkxRMUNNcWpVMjFyVTFGeERnVzFvWXZPT0NSRTJQNzZiaWxKSE1jWERGaHgKczAvUkFvSUJBQitIdEphQndlSXgvdEt0aGtjR25TSUE5eFBYekdBM3dKeHBPM3JlK0RxSytvWnI5Z3VmaEdMRAo1UWNlNFNkUWxtclJ0SEFMa1NTY0lVNWl2dmpkZ1gyQSswNWloSXkyWFVkclE2bTV6SGpJbDdrWWhFc012NnlYCkdQdVJyMDB4RU5PdkR3SklQaHVxKzMrdGhXQVJlQjhubU1NeEZ3dGN0VVkwaVgwRm5LV2NWMUdheTlCOEYwNUgKMktab3JHSmVrbGtrUTBWcHRVRDlPM3czRFNiMkdnSlVLandHL3FtWjZNeE9oNDJYSFpyVGI1SG9jYURnZjZuYwpxYUZubDAyYmp3akpUK1BsdzZ6NXBJRkFoWUZGR0tUNzJkRGJwOXRhNE5COVJJenZMbWFGSnZ4OTllS2JVRklSCjhSNE03SkkzdU9qSlN6NW96aS9UdXJXSFFLTWUvLzBDZ2dFQkFKbDRPdmFMbktxRDgwM1p3WkhQQzB3SHE3VDYKa2R5L2ZDRGVqYWt5R0VHR0xhM3dObEtWTGJ4cnNacGxiNzBSMDFmcmNRejF0Q0UyWG5obDRIemk3V1dhcjBZSQpyZm1YeklxaW1DYXJ3VWIyVlFNQ0ViN2xHa3E4SW5uU3dRSmM2QjhPekhVeHY4SjdtdHR6REFYNHFDVlBLZjhUCi9jYzN4aTgyWld6Q1Y5TnlpbzZieXpleHNDRnE4Y3NJYW0rdG9NbnNVOTBzN2pyd1dUOGZqZHVyc1JzMjh6TjAKUGc2RlM3YXVHYk5ZVDgzOGVLWFZtUnZ2dmN4VHFRY3JzSTQ4bUtvSWk3RHBMT3pMQUtVdXJqcWsvaHdhdzJENwpENFIydlZzSXNVUFVzZHhYUEhXVTRnQkM4aVpXZEE4ZXlhWW1seWp0Z2RmZWhnVGd1aWk2eDJ2NEJxaz0KLS0tLS1FTkQgUlNBIFBSSVZBVEUgS0VZLS0tLS0K\n    token: ijqhivbvjjzkf6w2y8jbyztudz01bdxx98ge4e7jko11oxjl0oynl1ipypqk2ccpqcpvxrfn9l0mrztu2uj216luc5dflbv4h8pzldwsmhv9p1uk296xjlhwe7hz3rce\n",
            "kubelet_identity": [
              {
                "client_id": "b712a7ca-f61a-463d-8bba-11ed590e189c",
                "object_id": "d09a9e1c-72f2-4600-8e1f-e59cf6076230",
                "user_assigned_identity_id": "/subscriptions/17a02a84-4ade-4b31-9a8e-91997f0c1457/resourceGroups/MC_tf-wiz-test-rg_tf-wiz-aks_eastus/providers/Microsoft.ManagedIdentity/userAssignedIdentities/tf-wiz-aks-agentpool"
              }
            ],
            "kubernetes_version": "1.31",
            "linux_profile": [],
            "local_account_disabled": false,
            "location": "eastus",
            "maintenance_window": [],
            "maintenance_window_auto_upgrade": [],
            "maintenance_window_node_os": [],
            "microsoft_defender": [],
            "monitor_metrics": [],
            "name": "tf-wiz-aks",
            "network_profile": [
              {
                "dns_service_ip": "10.0.10.10",
                "ip_versions": [
                  "IPv4"
                ],
                "load_balancer_profile": [
                  {
                    "backend_pool_type": "NodeIPConfiguration",
                    "effective_outbound_ips": [
                      "/subscriptions/17a02a84-4ade-4b31-9a8e-91997f0c1457/resourceGroups/MC_tf-wiz-test-rg_tf-wiz-aks_eastus/providers/Microsoft.Network/publicIPAddresses/c5bcfc92-08ca-463f-9441-70284c3d4ece"
                    ],
                    "idle_timeout_in_minutes": 0,
                    "managed_outbound_ip_count": 1,
                    "managed_outbound_ipv6_count": 0,
                    "outbound_ip_address_ids": [],
                    "outbound_ip_prefix_ids": [],
                    "outbound_ports_allocated": 0
                  }
                ],
                "load_balancer_sku": "standard",
                "nat_gateway_profile": [],
                "network_data_plane": "azure",
                "network_mode": "",
                "network_plugin": "azure",
                "network_plugin_mode": "",
                "network_policy": "calico",
                "outbound_type": "loadBalancer",
                "pod_cidr": "",
                "pod_cidrs": [],
                "service_cidr": "10.0.10.0/24",
                "service_cidrs": [
                  "10.0.10.0/24"
                ]
              }
            ],
            "node_os_upgrade_channel": "NodeImage",
            "node_resource_group": "MC_tf-wiz-test-rg_tf-wiz-aks_eastus",
            "node_resource_group_id": "/subscriptions/17a02a84-4ade-4b31-9a8e-91997f0c1457/resourceGroups/MC_tf-wiz-test-rg_tf-wiz-aks_eastus",
            "oidc_issuer_enabled": false,
            "oidc_issuer_url": "",
            "oms_agent": [],
            "open_service_mesh_enabled": null,
            "portal_fqdn": "tfwizaks-cvvokcg8.portal.hcp.eastus.azmk8s.io",
            "private_cluster_enabled": false,
            "private_cluster_public_fqdn_enabled": false,
            "private_dns_zone_id": "",
            "private_fqdn": "",
            "resource_group_name": "tf-wiz-test-rg",
            "role_based_access_control_enabled": true,
            "run_command_enabled": true,
            "service_mesh_profile": [],
            "service_principal": [],
            "sku_tier": "Free",
            "storage_profile": [],
            "support_plan": "KubernetesOfficial",
            "tags": {
              "Environment": "wizexercise"
            },
            "timeouts": null,
            "upgrade_override": [],
            "web_app_routing": [],
            "windows_profile": [
              {
                "admin_password": "",
                "admin_username": "azureuser",
                "gmsa": [],
                "license": ""
              }
            ],
            "workload_autoscaler_profile": [],
            "workload_identity_enabled": false
          },
          "sensitive_attributes": [
            [
              {
                "type": "get_attr",
                "value": "kube_admin_config"
              }
            ],
            [
              {
                "type": "get_attr",
                "value": "kube_admin_config_raw"
              }
            ],
            [
              {
                "type": "get_attr",
                "value": "kube_config"
              }
            ],
            [
              {
                "type": "get_attr",
                "value": "kube_config_raw"
              }
            ],
            [
              {
                "type": "get_attr",
                "value": "windows_profile"
              },
              {
                "type": "index",
                "value": {
                  "value": 0,
                  "type": "number"
                }
              },
              {
                "type": "get_attr",
                "value": "admin_password"
              }
            ]
          ],
          "identity_schema_version": 0,
          "private": "eyJlMmJmYjczMC1lY2FhLTExZTYtOGY4OC0zNDM2M2JjN2M0YzAiOnsiY3JlYXRlIjo1NDAwMDAwMDAwMDAwLCJkZWxldGUiOjU0MDAwMDAwMDAwMDAsInJlYWQiOjMwMDAwMDAwMDAwMCwidXBkYXRlIjo1NDAwMDAwMDAwMDAwfSwic2NoZW1hX3ZlcnNpb24iOiIyIn0=",
          "dependencies": [
            "data.azurerm_resource_group.rg",
            "data.azurerm_subnet.aks_subnet",
            "data.azurerm_virtual_network.vnet"
          ]
        }
      ]
    },
    {
      "mode": "managed",
      "type": "azurerm_linux_virtual_machine",
      "name": "tf_mongo_vm",
      "provider": "provider[\"registry.terraform.io/hashicorp/azurerm\"]",
      "instances": [
        {
          "schema_version": 0,
          "attributes": {
            "additional_capabilities": [],
            "admin_password": null,
            "admin_ssh_key": [
              {
                "public_key": "ssh-rsa AAAAB3NzaC1yc2EAAAADAQABAAACAQC2TGyJahHPWgAfHM+cOGFDyCeEb7pY3AR8QKK6eEFlx98b6WG53Qj75K/0qlokW6KtPX7QF/5qrR3KtE5TffOr85nhfFpcDzHl0T3F5fhhN4HWYYRw4ZQ1bDpqCanZlqMiDK5itcn0v2DgndVZ9eCEh5f3v1isMJ+jQmyKtQt+QJup1y7o87cmeVGlL8HNsGCInFZ4lwAm8bWVzpfoHPaHS2fqPWlGHnLaqyk28FRdmif1pDEMSmSkITjjjkiEcnm6c3A2P5ss9vcV30nCE5kfjWH/OkFhDUSI9HaoyB7amRdNRu4kZof7+BjtMjn4v+N+AFkAsKd94iWcv2ECyi95ydMfS7WLQ4RXzbO8dGRjOxRUbNdcTRIhfvH+8MVsMbO8Taokjcsw7kRKelr/J7Y0vjGTMzfisNPf/kkLcCvHDTGDS8LQQpR8EBH25t+aRKfd+BP7iVdysHiokozyDptJu7ARAaLxHcqWi1LKsEeFEJZzuzFKW9Ha6oEg4aF0tlyeIXs/iQrW9KuG1ue720ogrBzD2QJwmIcWs33gN/Gaz82x9ZaxWhzkkrmFSUYWYGTZ5cBL6/aPirpAskZlkcyawqRxrZddffGTEmlPs41IbPWGH4VNJXfjb+6wHyFfZuBi2NSWXiwWgTjsy0k+6Fsq7DV0MyfoKuCovYVV79vEgw== NORTHAMERICA+javier@DESKTOP-J00CG4A\n",
                "username": "wizuser"
              }
            ],
            "admin_username": "wizuser",
            "allow_extension_operations": true,
            "availability_set_id": "",
            "boot_diagnostics": [],
            "bypass_platform_safety_checks_on_user_schedule_enabled": false,
            "capacity_reservation_group_id": "",
            "computer_name": "tf-mongo-vm",
            "custom_data": "IyEvYmluL2Jhc2gNCnNldCAteA0KZXhlYyA+IC92YXIvbG9nL2N1c3RvbS1kYXRhLmxvZyAyPiYxDQoNCiMgSW5zdGFsbCBNb25nb0RCDQphcHQtZ2V0IHVwZGF0ZQ0KYXB0LWdldCBpbnN0YWxsIC15IGdudXBnIGN1cmwNCndnZXQgLXFPIC0gaHR0cHM6Ly93d3cubW9uZ29kYi5vcmcvc3RhdGljL3BncC9zZXJ2ZXItNC40LmFzYyB8IGFwdC1rZXkgYWRkIC0NCmVjaG8gImRlYiBbIGFyY2g9YW1kNjQsYXJtNjQgXSBodHRwczovL3JlcG8ubW9uZ29kYi5vcmcvYXB0L3VidW50dSBmb2NhbC9tb25nb2RiLW9yZy80LjQgbXVsdGl2ZXJzZSIgfCB0ZWUgL2V0Yy9hcHQvc291cmNlcy5saXN0LmQvbW9uZ29kYi1vcmctNC40Lmxpc3QNCmFwdC1nZXQgdXBkYXRlDQphcHQtZ2V0IGluc3RhbGwgLXkgbW9uZ29kYi1vcmcNCnNlZCAtaSAncy9iaW5kSXA6IDEyNy4wLjAuMS9iaW5kSXA6IDAuMC4wLjAvJyAvZXRjL21vbmdvZC5jb25mDQpzeXN0ZW1jdGwgZW5hYmxlIG1vbmdvZA0Kc3lzdGVtY3RsIHJlc3RhcnQgbW9uZ29kDQoNCiMgQ3JlYXRlIE1vbmdvREIgdXNlcnMNCnVudGlsIG1vbmdvIC0tZXZhbCAicHJpbnQoXCJ3YWl0ZWQgZm9yIGNvbm5lY3Rpb25cIikiDQpkbw0KICBzbGVlcCA1DQpkb25lDQptb25nbyBhZG1pbiAtLWV2YWwgJ2RiLmNyZWF0ZVVzZXIoe3VzZXI6ImFkbWluIiwgcHdkOiJTazBsZTBzdCIsIHJvbGVzOlt7cm9sZToicm9vdCIsIGRiOiJhZG1pbiJ9XX0pJw0KbW9uZ28gYWRtaW4gLS1ldmFsICdkYi5jcmVhdGVVc2VyKHt1c2VyOiJ3aXp1c2VyIiwgcHdkOiJTazBsZTBzdCIsIHJvbGVzOlt7cm9sZToicmVhZFdyaXRlQW55RGF0YWJhc2UiLCBkYjoiYWRtaW4ifV19KScNCg==",
            "dedicated_host_group_id": "",
            "dedicated_host_id": "",
            "disable_password_authentication": true,
            "disk_controller_type": "SCSI",
            "edge_zone": "",
            "encryption_at_host_enabled": false,
            "eviction_policy": "",
            "extensions_time_budget": "PT1H30M",
            "gallery_application": [],
            "id": "/subscriptions/17a02a84-4ade-4b31-9a8e-91997f0c1457/resourceGroups/tf-wiz-test-rg/providers/Microsoft.Compute/virtualMachines/tf-mongo-vm",
            "identity": [
              {
                "identity_ids": [],
                "principal_id": "d8caace6-93f2-48f5-a9d3-d3ef002d2a33",
                "tenant_id": "a816de9e-88b2-4fd8-9afc-84d67d5b0d45",
                "type": "SystemAssigned"
              }
            ],
            "license_type": "",
            "location": "eastus",
            "max_bid_price": -1,
            "name": "tf-mongo-vm",
            "network_interface_ids": [
              "/subscriptions/17a02a84-4ade-4b31-9a8e-91997f0c1457/resourceGroups/tf-wiz-test-rg/providers/Microsoft.Network/networkInterfaces/tf-mongo-nic"
            ],
            "os_disk": [
              {
                "caching": "ReadWrite",
                "diff_disk_settings": [],
                "disk_encryption_set_id": "",
                "disk_size_gb": 30,
                "id": "/subscriptions/17a02a84-4ade-4b31-9a8e-91997f0c1457/resourceGroups/tf-wiz-test-rg/providers/Microsoft.Compute/disks/tf-mongo-vm_OsDisk_1_9c07ea0430e34ec48a28b0d10d7770a5",
                "name": "tf-mongo-vm_OsDisk_1_9c07ea0430e34ec48a28b0d10d7770a5",
                "secure_vm_disk_encryption_set_id": "",
                "security_encryption_type": "",
                "storage_account_type": "Premium_LRS",
                "write_accelerator_enabled": false
              }
            ],
            "os_image_notification": [],
            "patch_assessment_mode": "ImageDefault",
            "patch_mode": "ImageDefault",
            "plan": [],
            "platform_fault_domain": -1,
            "priority": "Regular",
            "private_ip_address": "10.0.0.4",
            "private_ip_addresses": [
              "10.0.0.4"
            ],
            "provision_vm_agent": true,
            "proximity_placement_group_id": "",
            "public_ip_address": "172.206.197.237",
            "public_ip_addresses": [
              "172.206.197.237"
            ],
            "reboot_setting": "",
            "resource_group_name": "tf-wiz-test-rg",
            "secret": [],
            "secure_boot_enabled": false,
            "size": "Standard_DS2_v2",
            "source_image_id": "",
            "source_image_reference": [
              {
                "offer": "0001-com-ubuntu-server-focal",
                "publisher": "Canonical",
                "sku": "20_04-lts-gen2",
                "version": "latest"
              }
            ],
            "tags": {},
            "termination_notification": [],
            "timeouts": null,
            "user_data": "",
            "virtual_machine_id": "8fadc525-4085-4a75-8533-76929353d6a6",
            "virtual_machine_scale_set_id": "",
            "vm_agent_platform_updates_enabled": false,
            "vtpm_enabled": false,
            "zone": ""
          },
          "sensitive_attributes": [
            [
              {
                "type": "get_attr",
                "value": "admin_password"
              }
            ],
            [
              {
                "type": "get_attr",
                "value": "custom_data"
              }
            ]
          ],
          "identity_schema_version": 0,
          "private": "eyJlMmJmYjczMC1lY2FhLTExZTYtOGY4OC0zNDM2M2JjN2M0YzAiOnsiY3JlYXRlIjoyNzAwMDAwMDAwMDAwLCJkZWxldGUiOjI3MDAwMDAwMDAwMDAsInJlYWQiOjMwMDAwMDAwMDAwMCwidXBkYXRlIjoyNzAwMDAwMDAwMDAwfX0=",
          "dependencies": [
            "azurerm_network_interface.tf_mongo_nic",
            "azurerm_public_ip.tf_mongo_public_ip",
            "azurerm_resource_group.wiz_test_rg",
            "azurerm_subnet.default",
            "azurerm_virtual_network.mongo_vnet"
          ]
        }
      ]
    },
    {
      "mode": "managed",
      "type": "azurerm_network_interface",
      "name": "tf_mongo_nic",
      "provider": "provider[\"registry.terraform.io/hashicorp/azurerm\"]",
      "instances": [
        {
          "schema_version": 0,
          "attributes": {
            "accelerated_networking_enabled": false,
            "applied_dns_servers": [],
            "auxiliary_mode": "",
            "auxiliary_sku": "",
            "dns_servers": [],
            "edge_zone": "",
            "id": "/subscriptions/17a02a84-4ade-4b31-9a8e-91997f0c1457/resourceGroups/tf-wiz-test-rg/providers/Microsoft.Network/networkInterfaces/tf-mongo-nic",
            "internal_dns_name_label": "",
            "internal_domain_name_suffix": "",
            "ip_configuration": [
              {
                "gateway_load_balancer_frontend_ip_configuration_id": "",
                "name": "internal",
                "primary": true,
                "private_ip_address": "10.0.0.4",
                "private_ip_address_allocation": "Dynamic",
                "private_ip_address_version": "IPv4",
                "public_ip_address_id": "/subscriptions/17a02a84-4ade-4b31-9a8e-91997f0c1457/resourceGroups/tf-wiz-test-rg/providers/Microsoft.Network/publicIPAddresses/tf-mongo-pip",
                "subnet_id": "/subscriptions/17a02a84-4ade-4b31-9a8e-91997f0c1457/resourceGroups/tf-wiz-test-rg/providers/Microsoft.Network/virtualNetworks/tf-mongo-vnet/subnets/default"
              }
            ],
            "ip_forwarding_enabled": false,
            "location": "eastus",
            "mac_address": "7C-1E-52-5C-D2-56",
            "name": "tf-mongo-nic",
            "private_ip_address": "10.0.0.4",
            "private_ip_addresses": [
              "10.0.0.4"
            ],
            "resource_group_name": "tf-wiz-test-rg",
            "tags": {},
            "timeouts": null,
            "virtual_machine_id": "/subscriptions/17a02a84-4ade-4b31-9a8e-91997f0c1457/resourceGroups/tf-wiz-test-rg/providers/Microsoft.Compute/virtualMachines/tf-mongo-vm"
          },
          "sensitive_attributes": [],
          "identity_schema_version": 0,
          "private": "eyJlMmJmYjczMC1lY2FhLTExZTYtOGY4OC0zNDM2M2JjN2M0YzAiOnsiY3JlYXRlIjoxODAwMDAwMDAwMDAwLCJkZWxldGUiOjE4MDAwMDAwMDAwMDAsInJlYWQiOjMwMDAwMDAwMDAwMCwidXBkYXRlIjoxODAwMDAwMDAwMDAwfX0=",
          "dependencies": [
            "azurerm_public_ip.tf_mongo_public_ip",
            "azurerm_resource_group.wiz_test_rg",
            "azurerm_subnet.default",
            "azurerm_virtual_network.mongo_vnet"
          ]
        }
      ]
    },
    {
      "mode": "managed",
      "type": "azurerm_network_interface_security_group_association",
      "name": "tf_mongo_nic_nsg_assoc",
      "provider": "provider[\"registry.terraform.io/hashicorp/azurerm\"]",
      "instances": [
        {
          "schema_version": 0,
          "attributes": {
            "id": "/subscriptions/17a02a84-4ade-4b31-9a8e-91997f0c1457/resourceGroups/tf-wiz-test-rg/providers/Microsoft.Network/networkInterfaces/tf-mongo-nic|/subscriptions/17a02a84-4ade-4b31-9a8e-91997f0c1457/resourceGroups/tf-wiz-test-rg/providers/Microsoft.Network/networkSecurityGroups/tf-mongo-nsg",
            "network_interface_id": "/subscriptions/17a02a84-4ade-4b31-9a8e-91997f0c1457/resourceGroups/tf-wiz-test-rg/providers/Microsoft.Network/networkInterfaces/tf-mongo-nic",
            "network_security_group_id": "/subscriptions/17a02a84-4ade-4b31-9a8e-91997f0c1457/resourceGroups/tf-wiz-test-rg/providers/Microsoft.Network/networkSecurityGroups/tf-mongo-nsg",
            "timeouts": null
          },
          "sensitive_attributes": [],
          "identity_schema_version": 0,
          "private": "eyJlMmJmYjczMC1lY2FhLTExZTYtOGY4OC0zNDM2M2JjN2M0YzAiOnsiY3JlYXRlIjoxODAwMDAwMDAwMDAwLCJkZWxldGUiOjE4MDAwMDAwMDAwMDAsInJlYWQiOjMwMDAwMDAwMDAwMH19",
          "dependencies": [
            "azurerm_network_interface.tf_mongo_nic",
            "azurerm_network_security_group.tf_mongo_nsg",
            "azurerm_public_ip.tf_mongo_public_ip",
            "azurerm_resource_group.wiz_test_rg",
            "azurerm_subnet.default",
            "azurerm_virtual_network.mongo_vnet"
          ]
        }
      ]
    },
    {
      "mode": "managed",
      "type": "azurerm_network_security_group",
      "name": "tf_mongo_nsg",
      "provider": "provider[\"registry.terraform.io/hashicorp/azurerm\"]",
      "instances": [
        {
          "schema_version": 0,
          "attributes": {
            "id": "/subscriptions/17a02a84-4ade-4b31-9a8e-91997f0c1457/resourceGroups/tf-wiz-test-rg/providers/Microsoft.Network/networkSecurityGroups/tf-mongo-nsg",
            "location": "eastus",
            "name": "tf-mongo-nsg",
            "resource_group_name": "tf-wiz-test-rg",
            "security_rule": [
              {
                "access": "Allow",
                "description": "",
                "destination_address_prefix": "*",
                "destination_address_prefixes": [],
                "destination_application_security_group_ids": [],
                "destination_port_range": "22",
                "destination_port_ranges": [],
                "direction": "Inbound",
                "name": "Allow-SSH",
                "priority": 1001,
                "protocol": "Tcp",
                "source_address_prefix": "*",
                "source_address_prefixes": [],
                "source_application_security_group_ids": [],
                "source_port_range": "*",
                "source_port_ranges": []
              },
              {
                "access": "Allow",
                "description": "",
                "destination_address_prefix": "*",
                "destination_address_prefixes": [],
                "destination_application_security_group_ids": [],
                "destination_port_range": "27017",
                "destination_port_ranges": [],
                "direction": "Inbound",
                "name": "Allow-MongoDB",
                "priority": 1002,
                "protocol": "Tcp",
                "source_address_prefix": "*",
                "source_address_prefixes": [],
                "source_application_security_group_ids": [],
                "source_port_range": "*",
                "source_port_ranges": []
              }
            ],
            "tags": {},
            "timeouts": null
          },
          "sensitive_attributes": [],
          "identity_schema_version": 0,
          "private": "eyJlMmJmYjczMC1lY2FhLTExZTYtOGY4OC0zNDM2M2JjN2M0YzAiOnsiY3JlYXRlIjoxODAwMDAwMDAwMDAwLCJkZWxldGUiOjE4MDAwMDAwMDAwMDAsInJlYWQiOjMwMDAwMDAwMDAwMCwidXBkYXRlIjoxODAwMDAwMDAwMDAwfX0=",
          "dependencies": [
            "azurerm_resource_group.wiz_test_rg"
          ]
        }
      ]
    },
    {
      "mode": "managed",
      "type": "azurerm_public_ip",
      "name": "tf_mongo_public_ip",
      "provider": "provider[\"registry.terraform.io/hashicorp/azurerm\"]",
      "instances": [
        {
          "schema_version": 0,
          "attributes": {
            "allocation_method": "Static",
            "ddos_protection_mode": "VirtualNetworkInherited",
            "ddos_protection_plan_id": null,
            "domain_name_label": null,
            "domain_name_label_scope": null,
            "edge_zone": "",
            "fqdn": null,
            "id": "/subscriptions/17a02a84-4ade-4b31-9a8e-91997f0c1457/resourceGroups/tf-wiz-test-rg/providers/Microsoft.Network/publicIPAddresses/tf-mongo-pip",
            "idle_timeout_in_minutes": 4,
            "ip_address": "172.206.197.237",
            "ip_tags": {},
            "ip_version": "IPv4",
            "location": "eastus",
            "name": "tf-mongo-pip",
            "public_ip_prefix_id": null,
            "resource_group_name": "tf-wiz-test-rg",
            "reverse_fqdn": null,
            "sku": "Standard",
            "sku_tier": "Regional",
            "tags": {},
            "timeouts": null,
            "zones": []
          },
          "sensitive_attributes": [],
          "identity_schema_version": 0,
          "private": "eyJlMmJmYjczMC1lY2FhLTExZTYtOGY4OC0zNDM2M2JjN2M0YzAiOnsiY3JlYXRlIjoxODAwMDAwMDAwMDAwLCJkZWxldGUiOjE4MDAwMDAwMDAwMDAsInJlYWQiOjMwMDAwMDAwMDAwMCwidXBkYXRlIjoxODAwMDAwMDAwMDAwfX0=",
          "dependencies": [
            "azurerm_resource_group.wiz_test_rg"
          ]
        }
      ]
    },
    {
      "mode": "managed",
      "type": "azurerm_resource_group",
      "name": "wiz_test_rg",
      "provider": "provider[\"registry.terraform.io/hashicorp/azurerm\"]",
      "instances": [
        {
          "schema_version": 0,
          "attributes": {
            "id": "/subscriptions/17a02a84-4ade-4b31-9a8e-91997f0c1457/resourceGroups/tf-wiz-test-rg",
            "location": "eastus",
            "managed_by": "",
            "name": "tf-wiz-test-rg",
            "tags": {},
            "timeouts": null
          },
          "sensitive_attributes": [],
          "identity_schema_version": 0,
          "private": "eyJlMmJmYjczMC1lY2FhLTExZTYtOGY4OC0zNDM2M2JjN2M0YzAiOnsiY3JlYXRlIjo1NDAwMDAwMDAwMDAwLCJkZWxldGUiOjU0MDAwMDAwMDAwMDAsInJlYWQiOjMwMDAwMDAwMDAwMCwidXBkYXRlIjo1NDAwMDAwMDAwMDAwfX0="
        }
      ]
    },
    {
      "mode": "managed",
      "type": "azurerm_role_assignment",
      "name": "aks_acr_pull",
      "provider": "provider[\"registry.terraform.io/hashicorp/azurerm\"]",
      "instances": [
        {
          "schema_version": 0,
          "attributes": {
            "condition": "",
            "condition_version": "",
            "delegated_managed_identity_resource_id": "",
            "description": "",
            "id": "/subscriptions/17a02a84-4ade-4b31-9a8e-91997f0c1457/resourceGroups/tf-wiz-test-rg/providers/Microsoft.ContainerRegistry/registries/tfwizacr17a02a/providers/Microsoft.Authorization/roleAssignments/60ddc066-a667-7d5d-4737-7eb86eeaa7fe",
            "name": "60ddc066-a667-7d5d-4737-7eb86eeaa7fe",
            "principal_id": "b5f4a039-7f1d-470f-9cee-74409c42eafb",
            "principal_type": "ServicePrincipal",
            "role_definition_id": "/subscriptions/17a02a84-4ade-4b31-9a8e-91997f0c1457/providers/Microsoft.Authorization/roleDefinitions/7f951dda-4ed3-4680-a7ca-43fe172d538d",
            "role_definition_name": "AcrPull",
            "scope": "/subscriptions/17a02a84-4ade-4b31-9a8e-91997f0c1457/resourceGroups/tf-wiz-test-rg/providers/Microsoft.ContainerRegistry/registries/tfwizacr17a02a",
            "skip_service_principal_aad_check": null,
            "timeouts": null
          },
          "sensitive_attributes": [],
          "identity_schema_version": 0,
          "private": "eyJlMmJmYjczMC1lY2FhLTExZTYtOGY4OC0zNDM2M2JjN2M0YzAiOnsiY3JlYXRlIjoxODAwMDAwMDAwMDAwLCJkZWxldGUiOjE4MDAwMDAwMDAwMDAsInJlYWQiOjMwMDAwMDAwMDAwMH19",
          "dependencies": [
            "azurerm_container_registry.acr",
            "azurerm_kubernetes_cluster.aks",
            "azurerm_resource_group.wiz_test_rg",
            "data.azurerm_client_config.current",
            "data.azurerm_resource_group.rg",
            "data.azurerm_subnet.aks_subnet",
            "data.azurerm_virtual_network.vnet"
          ]
        }
      ]
    },
    {
      "mode": "managed",
      "type": "azurerm_role_assignment",
      "name": "tf_mongo_vm_owner",
      "provider": "provider[\"registry.terraform.io/hashicorp/azurerm\"]",
      "instances": [
        {
          "schema_version": 0,
          "attributes": {
            "condition": "",
            "condition_version": "",
            "delegated_managed_identity_resource_id": "",
            "description": "",
            "id": "/subscriptions/17a02a84-4ade-4b31-9a8e-91997f0c1457/resourceGroups/tf-wiz-test-rg/providers/Microsoft.Authorization/roleAssignments/5b631926-13d9-5f82-a639-0225fdfed4f7",
            "name": "5b631926-13d9-5f82-a639-0225fdfed4f7",
            "principal_id": "d8caace6-93f2-48f5-a9d3-d3ef002d2a33",
            "principal_type": "ServicePrincipal",
            "role_definition_id": "/subscriptions/17a02a84-4ade-4b31-9a8e-91997f0c1457/providers/Microsoft.Authorization/roleDefinitions/8e3af657-a8ff-443c-a75c-2fe8c4bcb635",
            "role_definition_name": "Owner",
            "scope": "/subscriptions/17a02a84-4ade-4b31-9a8e-91997f0c1457/resourceGroups/tf-wiz-test-rg",
            "skip_service_principal_aad_check": null,
            "timeouts": null
          },
          "sensitive_attributes": [],
          "identity_schema_version": 0,
          "private": "eyJlMmJmYjczMC1lY2FhLTExZTYtOGY4OC0zNDM2M2JjN2M0YzAiOnsiY3JlYXRlIjoxODAwMDAwMDAwMDAwLCJkZWxldGUiOjE4MDAwMDAwMDAwMDAsInJlYWQiOjMwMDAwMDAwMDAwMH19",
          "dependencies": [
            "azurerm_linux_virtual_machine.tf_mongo_vm",
            "azurerm_network_interface.tf_mongo_nic",
            "azurerm_public_ip.tf_mongo_public_ip",
            "azurerm_resource_group.wiz_test_rg",
            "azurerm_subnet.default",
            "azurerm_virtual_machine_extension.install_azure_cli",
            "azurerm_virtual_network.mongo_vnet"
          ]
        }
      ]
    },
    {
      "mode": "managed",
      "type": "azurerm_role_assignment",
      "name": "vm_blob_data_contrib",
      "provider": "provider[\"registry.terraform.io/hashicorp/azurerm\"]",
      "instances": [
        {
          "schema_version": 0,
          "attributes": {
            "condition": "",
            "condition_version": "",
            "delegated_managed_identity_resource_id": "",
            "description": "",
            "id": "/subscriptions/17a02a84-4ade-4b31-9a8e-91997f0c1457/resourceGroups/tf-wiz-test-rg/providers/Microsoft.Storage/storageAccounts/tfwizstoragejavierlab/providers/Microsoft.Authorization/roleAssignments/608642e7-fe69-1123-5d06-020bb086de9e",
            "name": "608642e7-fe69-1123-5d06-020bb086de9e",
            "principal_id": "d8caace6-93f2-48f5-a9d3-d3ef002d2a33",
            "principal_type": "ServicePrincipal",
            "role_definition_id": "/subscriptions/17a02a84-4ade-4b31-9a8e-91997f0c1457/providers/Microsoft.Authorization/roleDefinitions/ba92f5b4-2d11-453d-a403-e96b0029c9fe",
            "role_definition_name": "Storage Blob Data Contributor",
            "scope": "/subscriptions/17a02a84-4ade-4b31-9a8e-91997f0c1457/resourceGroups/tf-wiz-test-rg/providers/Microsoft.Storage/storageAccounts/tfwizstoragejavierlab",
            "skip_service_principal_aad_check": null,
            "timeouts": null
          },
          "sensitive_attributes": [],
          "identity_schema_version": 0,
          "private": "eyJlMmJmYjczMC1lY2FhLTExZTYtOGY4OC0zNDM2M2JjN2M0YzAiOnsiY3JlYXRlIjoxODAwMDAwMDAwMDAwLCJkZWxldGUiOjE4MDAwMDAwMDAwMDAsInJlYWQiOjMwMDAwMDAwMDAwMH19",
          "dependencies": [
            "data.azurerm_storage_account.backup_sa",
            "data.azurerm_virtual_machine.mongo_vm_data"
          ]
        }
      ]
    },
    {
      "mode": "managed",
      "type": "azurerm_storage_account",
      "name": "tf_wiz_storage",
      "provider": "provider[\"registry.terraform.io/hashicorp/azurerm\"]",
      "instances": [
        {
          "schema_version": 4,
          "attributes": {
            "access_tier": "Hot",
            "account_kind": "StorageV2",
            "account_replication_type": "LRS",
            "account_tier": "Standard",
            "allow_nested_items_to_be_public": true,
            "allowed_copy_scope": "",
            "azure_files_authentication": [],
            "blob_properties": [
              {
                "change_feed_enabled": false,
                "change_feed_retention_in_days": 0,
                "container_delete_retention_policy": [],
                "cors_rule": [],
                "default_service_version": "",
                "delete_retention_policy": [],
                "last_access_time_enabled": false,
                "restore_policy": [],
                "versioning_enabled": false
              }
            ],
            "cross_tenant_replication_enabled": false,
            "custom_domain": [],
            "customer_managed_key": [],
            "default_to_oauth_authentication": false,
            "dns_endpoint_type": "Standard",
            "edge_zone": "",
            "https_traffic_only_enabled": true,
            "id": "/subscriptions/17a02a84-4ade-4b31-9a8e-91997f0c1457/resourceGroups/tf-wiz-test-rg/providers/Microsoft.Storage/storageAccounts/tfwizstoragejavierlab",
            "identity": [],
            "immutability_policy": [],
            "infrastructure_encryption_enabled": false,
            "is_hns_enabled": false,
            "large_file_share_enabled": false,
            "local_user_enabled": true,
            "location": "eastus",
            "min_tls_version": "TLS1_2",
            "name": "tfwizstoragejavierlab",
            "network_rules": [],
            "nfsv3_enabled": false,
            "primary_access_key": "Bhccmww0PNs82+XJSDZCY3Q8u3TOe1HHg530hVT5cI53RDxeW6rRel3jJk5fY8q44n3hQAlAb3IQ+ASt8MV5kA==",
            "primary_blob_connection_string": "DefaultEndpointsProtocol=https;BlobEndpoint=https://tfwizstoragejavierlab.blob.core.windows.net/;AccountName=tfwizstoragejavierlab;AccountKey=Bhccmww0PNs82+XJSDZCY3Q8u3TOe1HHg530hVT5cI53RDxeW6rRel3jJk5fY8q44n3hQAlAb3IQ+ASt8MV5kA==",
            "primary_blob_endpoint": "https://tfwizstoragejavierlab.blob.core.windows.net/",
            "primary_blob_host": "tfwizstoragejavierlab.blob.core.windows.net",
            "primary_blob_internet_endpoint": "",
            "primary_blob_internet_host": "",
            "primary_blob_microsoft_endpoint": "",
            "primary_blob_microsoft_host": "",
            "primary_connection_string": "DefaultEndpointsProtocol=https;AccountName=tfwizstoragejavierlab;AccountKey=Bhccmww0PNs82+XJSDZCY3Q8u3TOe1HHg530hVT5cI53RDxeW6rRel3jJk5fY8q44n3hQAlAb3IQ+ASt8MV5kA==;EndpointSuffix=core.windows.net",
            "primary_dfs_endpoint": "https://tfwizstoragejavierlab.dfs.core.windows.net/",
            "primary_dfs_host": "tfwizstoragejavierlab.dfs.core.windows.net",
            "primary_dfs_internet_endpoint": "",
            "primary_dfs_internet_host": "",
            "primary_dfs_microsoft_endpoint": "",
            "primary_dfs_microsoft_host": "",
            "primary_file_endpoint": "https://tfwizstoragejavierlab.file.core.windows.net/",
            "primary_file_host": "tfwizstoragejavierlab.file.core.windows.net",
            "primary_file_internet_endpoint": "",
            "primary_file_internet_host": "",
            "primary_file_microsoft_endpoint": "",
            "primary_file_microsoft_host": "",
            "primary_location": "eastus",
            "primary_queue_endpoint": "https://tfwizstoragejavierlab.queue.core.windows.net/",
            "primary_queue_host": "tfwizstoragejavierlab.queue.core.windows.net",
            "primary_queue_microsoft_endpoint": "",
            "primary_queue_microsoft_host": "",
            "primary_table_endpoint": "https://tfwizstoragejavierlab.table.core.windows.net/",
            "primary_table_host": "tfwizstoragejavierlab.table.core.windows.net",
            "primary_table_microsoft_endpoint": "",
            "primary_table_microsoft_host": "",
            "primary_web_endpoint": "https://tfwizstoragejavierlab.z13.web.core.windows.net/",
            "primary_web_host": "tfwizstoragejavierlab.z13.web.core.windows.net",
            "primary_web_internet_endpoint": "",
            "primary_web_internet_host": "",
            "primary_web_microsoft_endpoint": "",
            "primary_web_microsoft_host": "",
            "public_network_access_enabled": true,
            "queue_encryption_key_type": "Service",
            "queue_properties": [
              {
                "cors_rule": [],
                "hour_metrics": [
                  {
                    "enabled": false,
                    "include_apis": false,
                    "retention_policy_days": 0,
                    "version": "1.0"
                  }
                ],
                "logging": [
                  {
                    "delete": false,
                    "read": false,
                    "retention_policy_days": 0,
                    "version": "1.0",
                    "write": false
                  }
                ],
                "minute_metrics": [
                  {
                    "enabled": false,
                    "include_apis": false,
                    "retention_policy_days": 0,
                    "version": "1.0"
                  }
                ]
              }
            ],
            "resource_group_name": "tf-wiz-test-rg",
            "routing": [],
            "sas_policy": [],
            "secondary_access_key": "weExD/JM5JP08mtJ5ygONeLk3b0LuPPepMZY7umXc7Mf9P/BxOJJhp3M1SCfRZkCu5qh1392qR3/+AStjfHmfw==",
            "secondary_blob_connection_string": "",
            "secondary_blob_endpoint": "",
            "secondary_blob_host": "",
            "secondary_blob_internet_endpoint": "",
            "secondary_blob_internet_host": "",
            "secondary_blob_microsoft_endpoint": "",
            "secondary_blob_microsoft_host": "",
            "secondary_connection_string": "DefaultEndpointsProtocol=https;AccountName=tfwizstoragejavierlab;AccountKey=weExD/JM5JP08mtJ5ygONeLk3b0LuPPepMZY7umXc7Mf9P/BxOJJhp3M1SCfRZkCu5qh1392qR3/+AStjfHmfw==;EndpointSuffix=core.windows.net",
            "secondary_dfs_endpoint": "",
            "secondary_dfs_host": "",
            "secondary_dfs_internet_endpoint": "",
            "secondary_dfs_internet_host": "",
            "secondary_dfs_microsoft_endpoint": "",
            "secondary_dfs_microsoft_host": "",
            "secondary_file_endpoint": "",
            "secondary_file_host": "",
            "secondary_file_internet_endpoint": "",
            "secondary_file_internet_host": "",
            "secondary_file_microsoft_endpoint": "",
            "secondary_file_microsoft_host": "",
            "secondary_location": "",
            "secondary_queue_endpoint": "",
            "secondary_queue_host": "",
            "secondary_queue_microsoft_endpoint": "",
            "secondary_queue_microsoft_host": "",
            "secondary_table_endpoint": "",
            "secondary_table_host": "",
            "secondary_table_microsoft_endpoint": "",
            "secondary_table_microsoft_host": "",
            "secondary_web_endpoint": "",
            "secondary_web_host": "",
            "secondary_web_internet_endpoint": "",
            "secondary_web_internet_host": "",
            "secondary_web_microsoft_endpoint": "",
            "secondary_web_microsoft_host": "",
            "sftp_enabled": false,
            "share_properties": [
              {
                "cors_rule": [],
                "retention_policy": [
                  {
                    "days": 7
                  }
                ],
                "smb": []
              }
            ],
            "shared_access_key_enabled": true,
            "static_website": [],
            "table_encryption_key_type": "Service",
            "tags": {},
            "timeouts": null
          },
          "sensitive_attributes": [
            [
              {
                "type": "get_attr",
                "value": "primary_access_key"
              }
            ],
            [
              {
                "type": "get_attr",
                "value": "primary_blob_connection_string"
              }
            ],
            [
              {
                "type": "get_attr",
                "value": "primary_connection_string"
              }
            ],
            [
              {
                "type": "get_attr",
                "value": "secondary_access_key"
              }
            ],
            [
              {
                "type": "get_attr",
                "value": "secondary_blob_connection_string"
              }
            ],
            [
              {
                "type": "get_attr",
                "value": "secondary_connection_string"
              }
            ]
          ],
          "identity_schema_version": 0,
          "private": "eyJlMmJmYjczMC1lY2FhLTExZTYtOGY4OC0zNDM2M2JjN2M0YzAiOnsiY3JlYXRlIjozNjAwMDAwMDAwMDAwLCJkZWxldGUiOjM2MDAwMDAwMDAwMDAsInJlYWQiOjMwMDAwMDAwMDAwMCwidXBkYXRlIjozNjAwMDAwMDAwMDAwfSwic2NoZW1hX3ZlcnNpb24iOiI0In0=",
          "dependencies": [
            "azurerm_resource_group.wiz_test_rg"
          ]
        }
      ]
    },
    {
      "mode": "managed",
      "type": "azurerm_storage_container",
      "name": "tf_backups",
      "provider": "provider[\"registry.terraform.io/hashicorp/azurerm\"]",
      "instances": [
        {
          "schema_version": 1,
          "attributes": {
            "container_access_type": "container",
            "default_encryption_scope": "$account-encryption-key",
            "encryption_scope_override_enabled": true,
            "has_immutability_policy": false,
            "has_legal_hold": false,
            "id": "/subscriptions/17a02a84-4ade-4b31-9a8e-91997f0c1457/resourceGroups/tf-wiz-test-rg/providers/Microsoft.Storage/storageAccounts/tfwizstoragejavierlab/blobServices/default/containers/backups",
            "metadata": {},
            "name": "backups",
            "resource_manager_id": "/subscriptions/17a02a84-4ade-4b31-9a8e-91997f0c1457/resourceGroups/tf-wiz-test-rg/providers/Microsoft.Storage/storageAccounts/tfwizstoragejavierlab/blobServices/default/containers/backups",
            "storage_account_id": "/subscriptions/17a02a84-4ade-4b31-9a8e-91997f0c1457/resourceGroups/tf-wiz-test-rg/providers/Microsoft.Storage/storageAccounts/tfwizstoragejavierlab",
            "storage_account_name": "",
            "timeouts": null
          },
          "sensitive_attributes": [],
          "identity_schema_version": 0,
          "private": "eyJlMmJmYjczMC1lY2FhLTExZTYtOGY4OC0zNDM2M2JjN2M0YzAiOnsiY3JlYXRlIjoxODAwMDAwMDAwMDAwLCJkZWxldGUiOjE4MDAwMDAwMDAwMDAsInJlYWQiOjMwMDAwMDAwMDAwMCwidXBkYXRlIjoxODAwMDAwMDAwMDAwfSwic2NoZW1hX3ZlcnNpb24iOiIxIn0=",
          "dependencies": [
            "azurerm_resource_group.wiz_test_rg",
            "azurerm_storage_account.tf_wiz_storage"
          ]
        }
      ]
    },
    {
      "mode": "managed",
      "type": "azurerm_subnet",
      "name": "default",
      "provider": "provider[\"registry.terraform.io/hashicorp/azurerm\"]",
      "instances": [
        {
          "schema_version": 0,
          "attributes": {
            "address_prefixes": [
              "10.0.0.0/24"
            ],
            "default_outbound_access_enabled": true,
            "delegation": [],
            "id": "/subscriptions/17a02a84-4ade-4b31-9a8e-91997f0c1457/resourceGroups/tf-wiz-test-rg/providers/Microsoft.Network/virtualNetworks/tf-mongo-vnet/subnets/default",
            "name": "default",
            "private_endpoint_network_policies": "Disabled",
            "private_link_service_network_policies_enabled": true,
            "resource_group_name": "tf-wiz-test-rg",
            "service_endpoint_policy_ids": [],
            "service_endpoints": [],
            "timeouts": null,
            "virtual_network_name": "tf-mongo-vnet"
          },
          "sensitive_attributes": [],
          "identity_schema_version": 0,
          "private": "eyJlMmJmYjczMC1lY2FhLTExZTYtOGY4OC0zNDM2M2JjN2M0YzAiOnsiY3JlYXRlIjoxODAwMDAwMDAwMDAwLCJkZWxldGUiOjE4MDAwMDAwMDAwMDAsInJlYWQiOjMwMDAwMDAwMDAwMCwidXBkYXRlIjoxODAwMDAwMDAwMDAwfX0=",
          "dependencies": [
            "azurerm_resource_group.wiz_test_rg",
            "azurerm_virtual_network.mongo_vnet"
          ]
        }
      ]
    },
    {
      "mode": "managed",
      "type": "azurerm_virtual_machine_extension",
      "name": "install_azure_cli",
      "provider": "provider[\"registry.terraform.io/hashicorp/azurerm\"]",
      "instances": [
        {
          "schema_version": 0,
          "attributes": {
            "auto_upgrade_minor_version": false,
            "automatic_upgrade_enabled": false,
            "failure_suppression_enabled": false,
            "id": "/subscriptions/17a02a84-4ade-4b31-9a8e-91997f0c1457/resourceGroups/tf-wiz-test-rg/providers/Microsoft.Compute/virtualMachines/tf-mongo-vm/extensions/installAzureCli",
            "name": "installAzureCli",
            "protected_settings": null,
            "protected_settings_from_key_vault": [],
            "provision_after_extensions": [],
            "publisher": "Microsoft.Azure.Extensions",
            "settings": "{\"commandToExecute\":\"curl -sL https://aka.ms/InstallAzureCLIDeb | bash\"}",
            "tags": {},
            "timeouts": null,
            "type": "CustomScript",
            "type_handler_version": "2.1",
            "virtual_machine_id": "/subscriptions/17a02a84-4ade-4b31-9a8e-91997f0c1457/resourceGroups/tf-wiz-test-rg/providers/Microsoft.Compute/virtualMachines/tf-mongo-vm"
          },
          "sensitive_attributes": [
            [
              {
                "type": "get_attr",
                "value": "protected_settings"
              }
            ]
          ],
          "identity_schema_version": 0,
          "private": "eyJlMmJmYjczMC1lY2FhLTExZTYtOGY4OC0zNDM2M2JjN2M0YzAiOnsiY3JlYXRlIjoxODAwMDAwMDAwMDAwLCJkZWxldGUiOjE4MDAwMDAwMDAwMDAsInJlYWQiOjMwMDAwMDAwMDAwMCwidXBkYXRlIjoxODAwMDAwMDAwMDAwfX0=",
          "dependencies": [
            "azurerm_linux_virtual_machine.tf_mongo_vm",
            "azurerm_network_interface.tf_mongo_nic",
            "azurerm_public_ip.tf_mongo_public_ip",
            "azurerm_resource_group.wiz_test_rg",
            "azurerm_subnet.default",
            "azurerm_virtual_network.mongo_vnet"
          ]
        }
      ]
    },
    {
      "mode": "managed",
      "type": "azurerm_virtual_network",
      "name": "mongo_vnet",
      "provider": "provider[\"registry.terraform.io/hashicorp/azurerm\"]",
      "instances": [
        {
          "schema_version": 0,
          "attributes": {
            "address_space": [
              "10.0.0.0/16"
            ],
            "bgp_community": "",
            "ddos_protection_plan": [],
            "dns_servers": [],
            "edge_zone": "",
            "encryption": [],
            "flow_timeout_in_minutes": 0,
            "guid": "11b1faa8-2ac0-4967-bde9-4369497f2f2a",
            "id": "/subscriptions/17a02a84-4ade-4b31-9a8e-91997f0c1457/resourceGroups/tf-wiz-test-rg/providers/Microsoft.Network/virtualNetworks/tf-mongo-vnet",
            "ip_address_pool": [],
            "location": "eastus",
            "name": "tf-mongo-vnet",
            "private_endpoint_vnet_policies": "Disabled",
            "resource_group_name": "tf-wiz-test-rg",
            "subnet": [
              {
                "address_prefixes": [
                  "10.0.0.0/24"
                ],
                "default_outbound_access_enabled": true,
                "delegation": [],
                "id": "/subscriptions/17a02a84-4ade-4b31-9a8e-91997f0c1457/resourceGroups/tf-wiz-test-rg/providers/Microsoft.Network/virtualNetworks/tf-mongo-vnet/subnets/default",
                "name": "default",
                "private_endpoint_network_policies": "Disabled",
                "private_link_service_network_policies_enabled": true,
                "route_table_id": "",
                "security_group": "",
                "service_endpoint_policy_ids": [],
                "service_endpoints": []
              }
            ],
            "tags": {},
            "timeouts": null
          },
          "sensitive_attributes": [],
          "identity_schema_version": 0,
          "private": "eyJlMmJmYjczMC1lY2FhLTExZTYtOGY4OC0zNDM2M2JjN2M0YzAiOnsiY3JlYXRlIjoxODAwMDAwMDAwMDAwLCJkZWxldGUiOjE4MDAwMDAwMDAwMDAsInJlYWQiOjMwMDAwMDAwMDAwMCwidXBkYXRlIjoxODAwMDAwMDAwMDAwfX0=",
          "dependencies": [
            "azurerm_resource_group.wiz_test_rg"
          ]
        }
      ]
    },
    {
      "mode": "managed",
      "type": "kubernetes_cluster_role_binding",
      "name": "permissive",
      "provider": "provider[\"registry.terraform.io/hashicorp/kubernetes\"]",
      "instances": [
        {
          "schema_version": 0,
          "attributes": {
            "id": "permissive-binding",
            "metadata": [
              {
                "annotations": {},
                "generate_name": "",
                "generation": 0,
                "labels": {},
                "name": "permissive-binding",
                "resource_version": "1740",
                "uid": "e0f51e45-bf95-45ca-aa21-5ff73b2e94cb"
              }
            ],
            "role_ref": [
              {
                "api_group": "rbac.authorization.k8s.io",
                "kind": "ClusterRole",
                "name": "cluster-admin"
              }
            ],
            "subject": [
              {
                "api_group": "rbac.authorization.k8s.io",
                "kind": "Group",
                "name": "system:authenticated",
                "namespace": "default"
              },
              {
                "api_group": "rbac.authorization.k8s.io",
                "kind": "Group",
                "name": "system:unauthenticated",
                "namespace": "default"
              }
            ]
          },
          "sensitive_attributes": [],
          "identity_schema_version": 0,
          "private": "bnVsbA=="
        }
      ]
    },
    {
      "mode": "managed",
      "type": "kubernetes_deployment",
      "name": "tasky",
      "provider": "provider[\"registry.terraform.io/hashicorp/kubernetes\"]",
      "instances": [
        {
          "schema_version": 1,
          "attributes": {
            "id": "default/tasky",
            "metadata": [
              {
                "annotations": {},
                "generate_name": "",
                "generation": 2,
                "labels": {
                  "app": "tasky"
                },
                "name": "tasky",
                "namespace": "default",
                "resource_version": "414075",
                "uid": "c43c1cdb-24b5-4c5e-bb9a-019ad3b5393f"
              }
            ],
            "spec": [
              {
                "min_ready_seconds": 0,
                "paused": false,
                "progress_deadline_seconds": 600,
                "replicas": "2",
                "revision_history_limit": 10,
                "selector": [
                  {
                    "match_expressions": [],
                    "match_labels": {
                      "app": "tasky"
                    }
                  }
                ],
                "strategy": [
                  {
                    "rolling_update": [
                      {
                        "max_surge": "25%",
                        "max_unavailable": "25%"
                      }
                    ],
                    "type": "RollingUpdate"
                  }
                ],
                "template": [
                  {
                    "metadata": [
                      {
                        "annotations": {},
                        "generate_name": "",
                        "generation": 0,
                        "labels": {
                          "app": "tasky"
                        },
                        "name": "",
                        "namespace": "",
                        "resource_version": "",
                        "uid": ""
                      }
                    ],
                    "spec": [
                      {
                        "active_deadline_seconds": 0,
                        "affinity": [],
                        "automount_service_account_token": true,
                        "container": [
                          {
                            "args": [],
                            "command": [],
                            "env": [
                              {
                                "name": "HOST",
                                "value": "0.0.0.0",
                                "value_from": []
                              },
                              {
                                "name": "PORT",
                                "value": "8080",
                                "value_from": []
                              },
                              {
                                "name": "MONGODB_URI",
                                "value": "mongodb://admin:Sk0le0st@10.0.0.4:27017/admin",
                                "value_from": []
                              },
                              {
                                "name": "SECRET_KEY",
                                "value": "ReplaceWithYourSecret",
                                "value_from": []
                              }
                            ],
                            "env_from": [],
                            "image": "tfwizacr17a02a.azurecr.io/tasky:latest",
                            "image_pull_policy": "Always",
                            "lifecycle": [],
                            "liveness_probe": [],
                            "name": "tasky",
                            "port": [
                              {
                                "container_port": 8080,
                                "host_ip": "",
                                "host_port": 0,
                                "name": "",
                                "protocol": "TCP"
                              }
                            ],
                            "readiness_probe": [],
                            "resources": [
                              {
                                "limits": {},
                                "requests": {}
                              }
                            ],
                            "security_context": [],
                            "startup_probe": [],
                            "stdin": false,
                            "stdin_once": false,
                            "termination_message_path": "/dev/termination-log",
                            "termination_message_policy": "File",
                            "tty": false,
                            "volume_device": [],
                            "volume_mount": [],
                            "working_dir": ""
                          }
                        ],
                        "dns_config": [],
                        "dns_policy": "ClusterFirst",
                        "enable_service_links": true,
                        "host_aliases": [],
                        "host_ipc": false,
                        "host_network": false,
                        "host_pid": false,
                        "hostname": "",
                        "image_pull_secrets": [],
                        "init_container": [],
                        "node_name": "",
                        "node_selector": {},
                        "os": [],
                        "priority_class_name": "",
                        "readiness_gate": [],
                        "restart_policy": "Always",
                        "runtime_class_name": "",
                        "scheduler_name": "default-scheduler",
                        "security_context": [],
                        "service_account_name": "",
                        "share_process_namespace": false,
                        "subdomain": "",
                        "termination_grace_period_seconds": 30,
                        "toleration": [],
                        "topology_spread_constraint": [],
                        "volume": []
                      }
                    ]
                  }
                ]
              }
            ],
            "timeouts": null,
            "wait_for_rollout": true
          },
          "sensitive_attributes": [],
          "identity_schema_version": 0,
          "private": "eyJlMmJmYjczMC1lY2FhLTExZTYtOGY4OC0zNDM2M2JjN2M0YzAiOnsiY3JlYXRlIjo2MDAwMDAwMDAwMDAsImRlbGV0ZSI6NjAwMDAwMDAwMDAwLCJ1cGRhdGUiOjYwMDAwMDAwMDAwMH0sInNjaGVtYV92ZXJzaW9uIjoiMSJ9",
          "dependencies": [
            "azurerm_container_registry.acr",
            "azurerm_resource_group.wiz_test_rg",
            "data.azurerm_client_config.current",
            "data.azurerm_container_registry.acr_data",
            "data.azurerm_network_interface.mongo_nic"
          ]
        }
      ]
    },
    {
      "mode": "managed",
      "type": "kubernetes_service",
      "name": "tasky_lb",
      "provider": "provider[\"registry.terraform.io/hashicorp/kubernetes\"]",
      "instances": [
        {
          "schema_version": 1,
          "attributes": {
            "id": "default/tasky",
            "metadata": [
              {
                "annotations": {},
                "generate_name": "",
                "generation": 0,
                "labels": {
                  "app": "tasky"
                },
                "name": "tasky",
                "namespace": "default",
                "resource_version": "413934",
                "uid": "6949a3ff-d78e-4eca-a98e-ead9393e91f6"
              }
            ],
            "spec": [
              {
                "allocate_load_balancer_node_ports": true,
                "cluster_ip": "10.0.10.106",
                "cluster_ips": [
                  "10.0.10.106"
                ],
                "external_ips": [],
                "external_name": "",
                "external_traffic_policy": "Cluster",
                "health_check_node_port": 0,
                "internal_traffic_policy": "Cluster",
                "ip_families": [
                  "IPv4"
                ],
                "ip_family_policy": "SingleStack",
                "load_balancer_class": "",
                "load_balancer_ip": "",
                "load_balancer_source_ranges": [],
                "port": [
                  {
                    "app_protocol": "",
                    "name": "",
                    "node_port": 32176,
                    "port": 80,
                    "protocol": "TCP",
                    "target_port": "8080"
                  }
                ],
                "publish_not_ready_addresses": false,
                "selector": {
                  "app": "tasky"
                },
                "session_affinity": "None",
                "session_affinity_config": [],
                "type": "LoadBalancer"
              }
            ],
            "status": [
              {
                "load_balancer": [
                  {
                    "ingress": [
                      {
                        "hostname": "",
                        "ip": "172.212.115.54"
                      }
                    ]
                  }
                ]
              }
            ],
            "timeouts": null,
            "wait_for_load_balancer": true
          },
          "sensitive_attributes": [],
          "identity_schema_version": 0,
          "private": "eyJlMmJmYjczMC1lY2FhLTExZTYtOGY4OC0zNDM2M2JjN2M0YzAiOnsiY3JlYXRlIjo2MDAwMDAwMDAwMDB9LCJzY2hlbWFfdmVyc2lvbiI6IjEifQ=="
        }
      ]
    },
    {
      "mode": "managed",
      "type": "local_file",
      "name": "kubeconfig",
      "provider": "provider[\"registry.terraform.io/hashicorp/local\"]",
      "instances": [
        {
          "schema_version": 0,
          "attributes": {
            "content": "apiVersion: v1\nclusters:\n- cluster:\n    certificate-authority-data: LS0tLS1CRUdJTiBDRVJUSUZJQ0FURS0tLS0tCk1JSUU2RENDQXRDZ0F3SUJBZ0lRZWRrS2d3am54ZkpibFBocS85WjR2akFOQmdrcWhraUc5dzBCQVFzRkFEQU4KTVFzd0NRWURWUVFERXdKallUQWdGdzB5TlRBMk1URXhNakV6TWpWYUdBOHlNRFUxTURZeE1URXlNak15TlZvdwpEVEVMTUFrR0ExVUVBeE1DWTJFd2dnSWlNQTBHQ1NxR1NJYjNEUUVCQVFVQUE0SUNEd0F3Z2dJS0FvSUNBUUNoCktEeUZuZVRnd2d5YTZJQWJuK29GS0RVaFdZMXMxK0h1TjlTVkpTeXlZY3VWb1l6UGZmUTNnVEJEZmxqWENYMkcKR0hxQVI0UTZUbithakxJWllCU1B5Ky8wdElMMG0wSittNzUwWGlrY001RVk5OUU4RzF5TXNOT282OE9zT2ptQgpGVDNMMjNOZGt5Y0FOcGk0UFF2MlQ4K0hlNEJ3UUg1dFF5Z1duVngrcktEa0FVZTdMRG9GcmZWS0hxcUR1YUttCmU2bjBEZGRaYlY0blBzUG43cm9nWkdNVExhM1pNQm9MWWJTaEIyMDcvSkpsUFllM09qVitvNWozdS9iL05qbEIKanQwN0hvVFBabjRSYzgzQmRrejI2c3ZUeDhqdWtOMkwwdnNTUitrdHhPS2ZId25IVEVGRmtrb2dWQWdVYkNpKwplb3B4Qmd1RlNNYmZBSVgzTGJzV1Yxa2xreDkrTE9DNndxb010a09DeWJ0UkZvRXIrb090U0Zhd3ZZaGpPZWtOCkJuU0dXUWVvWWlJS0pETEZVaUFwSDR2dTgxZThKMzU4a3hnVnlwZjhUdkE5eWJmK1hWdG85REFnK2VkQVRiaHIKL1FVeDREYldNb0MxSzNtZmhnTTBWTlA4UlN4NHNCUDdnV2ZQY0p3WGZDYW8veFNyQ29wdlhKakR1OTVvRE9hVgpiUHVMbWFUUlNuYjBER29JZnp0SnRHeStYRk55SmRxZnpnYlhHdVJDbFJ3OThIUUlhbTg2a1dCdElseWVmTTVhClNEU3gyOWg1UE5ZZkNuemdRZXBZS0tXZzR3SUJTV1FrcTQvM1lFTWlsZU0zdHA3WFRkMEJjUXlsa2FpUWVsYkoKYWpzSGM0Z084eWdRb3RUaEV3N2ExWE9CeERvdjg2UEdsbzRyUFpSVlZRSURBUUFCbzBJd1FEQU9CZ05WSFE4QgpBZjhFQkFNQ0FxUXdEd1lEVlIwVEFRSC9CQVV3QXdFQi96QWRCZ05WSFE0RUZnUVVaVHQ5VkdQRFN4MjZudGdZCnRhTElWTVk2Zlc4d0RRWUpLb1pJaHZjTkFRRUxCUUFEZ2dJQkFFa25id1dMYmVNVWhJWjgvYlNqajVZNmsramQKbTU1OUxYdWpsRnJQaE5sMzZSQUgyQ3ZoZjZnSWk1Q20yMzlyekFCdkZjT3oycGNORERmWksxVTc0TEdjSzRZWgo5WDdtK0MzWk9oTmZWbU8rM055K3ZZc0gvb2FpZWVBS3BIU1RpQ3UvMGtlSDl4d2o3V3VvVTI5Vmt2SkN0K29DClFDUTloSjZlM0Q0ZmJTYXJMK0hGNVMxUkdyMkhQUW5hOEptNFdWaGlxQ0V6c2ZiWGl6NnJ2Z0dQdjBacHN3ZncKL2k5am9CdXMxeGxIaS9vM3M2eUVjZERwV1VqYXUxemlGTlV3MmNGUkRxR2t2d0xzNjhpQ2RKVlFpVXNRZlo0Mwp6ZmNxWU1oUERXOEYwVXlSenZGRU9sL3hYY25RaVB5a1BZdDgyWm1BSlFodlRxcjdxWmVrM0c2MUhNRFFsUit1Cjl5UmZiTWVXMGt1TkJsTUtDTkQrTEJzTnA5UmdwZHZVSzhKS1hmbStyTG9jZ0czeFJPYlh4ajI5Z2RxOVpwMzAKUTRuQmlaRXR0MzMreElhU0lpUjkrNXkxeGV3Vkl1YnZtMzVhaHk1eXFOdjNYS0Q1emRxR2hoKzloMW15dm1ZRApiV0t1OStQQ2MzMGRkQjRKOGNCZlNKcjZRc0QvYlphUlE0a2dnVGIvS2NlWkxFOEpuaEloT2lwS1llS2xURTJUClVjZFcxQ1NDQ1JkTkhOeFdrejgwM0RLRHFWRHRjZ3l3MGQyZG1HYVVCb2RYQUpnWU9scXlXUDM0YTRSNVhMQXUKZlluU205bFNKT2IwWkxWNXRiNWpoNnVUVGxqK2ljbjA3NWlXZ1l1a3cwTmpmcTNNZXRNU3AybTNqUlYxbHk2dQpWdHIwZ1VDQUQzTjZZOGdzCi0tLS0tRU5EIENFUlRJRklDQVRFLS0tLS0K\n    server: https://tfwizaks-cvvokcg8.hcp.eastus.azmk8s.io:443\n  name: tf-wiz-aks\ncontexts:\n- context:\n    cluster: tf-wiz-aks\n    user: clusterUser_tf-wiz-test-rg_tf-wiz-aks\n  name: tf-wiz-aks\ncurrent-context: tf-wiz-aks\nkind: Config\npreferences: {}\nusers:\n- name: clusterUser_tf-wiz-test-rg_tf-wiz-aks\n  user:\n    client-certificate-data: LS0tLS1CRUdJTiBDRVJUSUZJQ0FURS0tLS0tCk1JSUZIVENDQXdXZ0F3SUJBZ0lRUE1ob3NLWkxua2hiSnlYSlc1cktoekFOQmdrcWhraUc5dzBCQVFzRkFEQU4KTVFzd0NRWURWUVFERXdKallUQWVGdzB5TlRBMk1URXhNakV6TWpWYUZ3MHlOekEyTVRFeE1qSXpNalZhTURBeApGekFWQmdOVkJBb1REbk41YzNSbGJUcHRZWE4wWlhKek1SVXdFd1lEVlFRREV3eHRZWE4wWlhKamJHbGxiblF3CmdnSWlNQTBHQ1NxR1NJYjNEUUVCQVFVQUE0SUNEd0F3Z2dJS0FvSUNBUUNzT1l5Zk1WR0ZrM0pwdFByQ21TZVIKSkVzSUlWYmxwMWkwZGZRYStZbFZrYmVNc3pHQVhwM3Q3UnRvRFVjQUcya2hpanExQnBmNlNKQzB1aVY1bEQ3MAp5ME1RM3JIcWVZRk1BMWFFUlFGU251dVVXWE8xcktUVnpydEprQXI4TGNNMGk0cERqZ0hYRUEyNWxRZ1FHa0RRCmFBeHU3Wno0Ukl0Y1gzeGR1QUc4TklmQXA5V0FZaFlybENpeE81T1BQMThDTm9GeVJnbTUyZWM5cDdUVjQ4aTQKR3NGZmxkR0orT3phTjZvWHUwTC9UWnRvZEZmenVvL0w3b2RnNzhuVlJackxrTXRnSkVtNkhLbXkwVHpReFdzaQpmSmM0T2lQTytTTmtZeDZIVHVzV2Nqb2lzRTBSV3czend2bm5iTUdCUElsNUZyOE1MbnVLQ3p1QnhTS21qSzFuClJwU2Q5MmQzV0ZYNy9HbkNSK0NGcFEwRWQxLzhDc2Z6L0w2UHJwRXdOblVIaUJzL1ZHMWU2UGtSaWFXRHgxdVoKdDArRXJqQXdCWVlxUmRtaXduVVF0ZW9wKzlkVmF1QXdhODhua093Smx5dWxuQ1dlcW12UldQNERCRHVKS0JQVwpWMGlwWFB0dFhWYjVPT2phLzBjc25XNURIMGVOSUNFZ2lueEE2S3E2TlFzSU1ScnZ3SFFBOE5xdXY5akQ0YjIxCldFVnlWNlBOS1NBQnRPVCtsckxpUzlKeE1pTDRGbVU3WXVvRFNFWE5BVFQrd3BQMzY4Z3IzZmkrRHBvd0lJalcKNnJLQjdac3FlcG9BOUNpQzg4RHBiTFdScENydXdGMVc0d0NVUzVadGFSbzIxekpWMWd6TS9MM0lEWWgxMzRmTQpCZGpjQ3JFaGtiTlVNNGVyeDYvR1J3SURBUUFCbzFZd1ZEQU9CZ05WSFE4QkFmOEVCQU1DQmFBd0V3WURWUjBsCkJBd3dDZ1lJS3dZQkJRVUhBd0l3REFZRFZSMFRBUUgvQkFJd0FEQWZCZ05WSFNNRUdEQVdnQlJsTzMxVVk4TkwKSGJxZTJCaTFvc2hVeGpwOWJ6QU5CZ2txaGtpRzl3MEJBUXNGQUFPQ0FnRUFtREtFQ2MvUGdwcWZ3c1BmUkJISworZHR4K0UwT0dPVmVzNno5N1RvODR5ckFDNGRqS0ZxNWt5LzM0bGdrUVNvT0VrVW1qcDAwSC9EZ3BnSjRQbytOCm5nUnoxYzB1UlFiSFdRWFdKby9qSTU0bStrOUJkaDZLODBSbUpwcEd6dW1jOWZaY1JYNG9za1ZjM0tKSHVSYXMKdE9jYWJSa3pEM2w3VG1ZMkVwK2Z1MUlIbmVwT3pZa2NNM3RhYnlkeithNSs0aHFXU2tCcExONEE2c2hqd0JCVQo3Y25zL2h2YTllcHJCVnNkOWM4Qk9OdVYvUldVdHVRN21WOVMzaHRDS0JHakp5V2ZMTWVraVNqZVI1SDBQaDQ0CnVIVCtZaDViSnRoUGRkWG1CWFRSSWlYTGlDWUxjY1ltanhrUDVMVXI5cWhGbC82aUt1RkdVMGNBZG5aZmFjeVQKNmlYcitsS2Nkb1Z0ZXRkM05UN2w5ZlF2WHNwTVdQblk1Yk5wMGNwWHZzYzB1NHAvUXdDekxYUUJVZi9EVWFFNwozeGx5cWxXaTdwYS9BeGlmUGxOWk53NFFlSlMrYUxQV3NOcEE3STdLWndPK1pZQ01aR0RLTlhWaC9oR0h3SmFXCnh5ZE15bHpKcjUrQ1pybk84S3Iva0JOVWxycldSNG10UW1VY1lzT2crWHJMa00xb3pkc0lVWVU2a2xlak1rTTcKRXFOd3JSLzhKakgzWTB5b3NOZWF1Y290ZDZRWUZJell1WEp5SDJ2U3RYUmFjWWNQTTFObjU0TWxJc2lERmQ4NgoyQjJtbWoyaWVoR3ZiemZZekZEeVo5bm9EdHpyZ2RMaVpLVGU2KzZ3Y3JucVc3OVl2K3lTeHIwVVZEWSswZkFNCnp0b054N3M2K0p2QnhDMFY1QURRQkZ3PQotLS0tLUVORCBDRVJUSUZJQ0FURS0tLS0tCg==\n    client-key-data: LS0tLS1CRUdJTiBSU0EgUFJJVkFURSBLRVktLS0tLQpNSUlKS0FJQkFBS0NBZ0VBckRtTW56RlJoWk55YWJUNndwa25rU1JMQ0NGVzVhZFl0SFgwR3ZtSlZaRzNqTE14CmdGNmQ3ZTBiYUExSEFCdHBJWW82dFFhWCtraVF0TG9sZVpRKzlNdERFTjZ4Nm5tQlRBTldoRVVCVXA3cmxGbHoKdGF5azFjNjdTWkFLL0MzRE5JdUtRNDRCMXhBTnVaVUlFQnBBMEdnTWJ1MmMrRVNMWEY5OFhiZ0J2RFNId0tmVgpnR0lXSzVRb3NUdVRqejlmQWphQmNrWUp1ZG5uUGFlMDFlUEl1QnJCWDVYUmlmanMyamVxRjd0Qy8wMmJhSFJYCjg3cVB5KzZIWU8vSjFVV2F5NURMWUNSSnVoeXBzdEU4ME1WcklueVhPRG9qenZralpHTWVoMDdyRm5JNklyQk4KRVZzTjg4TDU1MnpCZ1R5SmVSYS9EQzU3aWdzN2djVWlwb3l0WjBhVW5mZG5kMWhWKy94cHdrZmdoYVVOQkhkZgovQXJIOC95K2o2NlJNRFoxQjRnYlAxUnRYdWo1RVltbGc4ZGJtYmRQaEs0d01BV0dLa1hab3NKMUVMWHFLZnZYClZXcmdNR3ZQSjVEc0NaY3JwWndsbnFwcjBWaitBd1E3aVNnVDFsZElxVno3YlYxVytUam8ydjlITEoxdVF4OUgKalNBaElJcDhRT2lxdWpVTENERWE3OEIwQVBEYXJyL1l3K0c5dFZoRmNsZWp6U2tnQWJUay9wYXk0a3ZTY1RJaQorQlpsTzJMcUEwaEZ6UUUwL3NLVDkrdklLOTM0dmc2YU1DQ0kxdXF5Z2UyYktucWFBUFFvZ3ZQQTZXeTFrYVFxCjdzQmRWdU1BbEV1V2JXa2FOdGN5VmRZTXpQeTl5QTJJZGQrSHpBWFkzQXF4SVpHelZET0hxOGV2eGtjQ0F3RUEKQVFLQ0FnQTYvbWVWN0QzaGhKVlBja2ZuT3JFYi9aT2FFRm1FeHlNU2hjajlLSGNMa2FPUEZaNmlPMGJieGpsNgpGZm81SmlxSDY2S2FlY3k3VmZvRGZqUHlCbjdlT1hZYXBEM0xkSjErblRJWWtzNldMNHZBd0Rkcmh0emJ4RG5SClEvOFBUTm10K1JKK2UzbFQ0dExndkJVTDl3STJvVDJKRGVtVC9WN0RZSTNvU0d5SHZISzM0b1cydVdLZ3dOcUQKZzBYVGJzQ3JzR0g4ODlMSEQ4WXZEM0JaUi9Kc1pmWFJPUytTbEdzRmdNWEo1VUpZMDR1bFp4enRodjFVdkxzdwowRktSdElzR3FlMlFYRDNJKzZLQmR6emV3cEVsT2dwT24xTyt4UWFEajVSWWd3YnlKR1NYbDA1KzRITFNDZnF5CmRFV0FjRzBpeGxEZzZsYzAvUTRBTUxmaTF4TmFXYnZPR3IyUFdWY0Qxb2xPSFFrWktoRi9yZE5SVDlxODNCcWMKQk02T2xndG1WZWN2ZEd3bFJaT0szdjdoK1ZobG1VRmpZQzZGQmhuZWNNMDhiSit3bnAyVGZ6RmRjT1Q0a25mMQpFOEFJVWd1TjFiTHhZWE85cnhtMHFJdHZ4dnVkY0Z6Mm13aG1MSG9qaDJaZEdabXc0UWRHZU5LVFUzSDRoMmFoClkvYWlRSDlYL2REaGJPRVNGRHpWUEZlVndFaG83WUJIVDI5U2l5SG8zOTNTeW1QTmFGSllOVWE4ZjJZOVFLTzMKcEtCbnJ6U0NRUjRSVGg2dkpJM0VBOG9ZM3lrRFU0RUtBZFBhZ2FDSmU1WExaZlRLUnpGaDlpZFNWTUhKeUUvZApZcXU5TkRaU3lGTXFWMThSRDFnRWpVdFl0aVozUDZZU2J1SGxkdE9sOWhUcmJ1OUVrUUtDQVFFQXdmTDBwY1dMCkxKOGc0MXpraUJ6V1djTlFPY1FkeG9nY3pydGYrUmZxTDYyMndQN1AyOW80ajVkMTYrRjNvcmN5NVBxMElNekoKS25ub2xkWGQ5YUpndWV6T09MM0RwblpFMmdGczQxQlhoM3pVemRZMm5BL2J3RzYzWHRQcmZvVFZDdkE3SHpzdgpyV29WdzR0ZlkwWHFnQ0pzci9YbHdsZFl6Zlg1MDhvVGhHaU5lSjlQenp6UGhIZ0hyTUpIdEhmQXJxSTVSdUtKCmcwRUc0amVBWTU1M1d4UUhxc0ZyTmxEZzdnaVhVdUt4RHVlN0JBVnFFVlBSS3JUWTNnSlVTbFQxczdmNjVjQ1cKKytKdGp5ZmdRbS83YUZPTjBoTm5wakNHaVk3dTFZbk1KQnZlNG5FMnlaaHBzUDg2WG1UR1R4WmF4MVdvbDhlTApJT3dWcFczNFZ1U0JPUUtDQVFFQTQxTlBGbENPZ0tUek82aWNDWm0zbFNjdFFKTG5SZ1F4QWdYM3FxM29mNXlQCkcwWjUvVmNpMFRPSU9WWStCUjVMcjFoYW52TjVESHZia21STVFRTmp1WXpIMDFRdFE1M1MvVjQwK1ZhaVp6ZnkKRkN2Y1J2L29ZWVY2endQM29kVjVnL2U5V1NSMEpCUkE5a2pOYUhPVjVtdVVZa2k1R1VpQ1RwR21Rc2JnWVNJYQpha29xSEgrRDdOTk52SThsVVNMRjY1SXRPR2pYUFdpY0xPZ1pvT2E4cy9jZHpUcVpIQjlpZHBwVUNvMDk5T0I0CkF1M29DdC9hY09MQXNSOUgyVlFjdkZ6WC9JM3R0d29DNWRabGpKc1A0dFpYYi9YaHEwQW8zK1dPWlpxWVdqaVgKNW5SdmltMEVKcGNudFpoU2I4SWhQeGNta3grNlpqcUpsU1l4aFZBRGZ3S0NBUUFlcHoyUGJiZGZhQThVb0R2bQpYMWhwZTNzVWhqQ0dqa0N2VStJSlJvUlc0TWUvblFaUkl4NUpZNURacFJyNWRxYnVsY2tlWGY5MVhTc3JjMC9QCllNaVUyaDZGelVnODZQaGMxRmpYWEgxWkJwdkRwSldnK01pc2sxTWNBN1oybXB2cFRLcXJkdmxFR1Q0elY3WE4KeE9FWk8xZWVQK2orWER2RzRaZUlwNm1LQmRSR09qZXM4MW1CQUUrR09IYUl5VnlFdlZMOEp4WEF6dWc5bkxRSQpDcVdtbVhYVXdSa216b1dlV1hGQlFsN2xraTUycGp4clhLbjBhL3pTcWQrVWwvVDFZS0NnNjExeGxnbm0xRkNYCmI0ZDJwNjRFZzlpZjVZOTk4ajlCTkxRMUNNcWpVMjFyVTFGeERnVzFvWXZPT0NSRTJQNzZiaWxKSE1jWERGaHgKczAvUkFvSUJBQitIdEphQndlSXgvdEt0aGtjR25TSUE5eFBYekdBM3dKeHBPM3JlK0RxSytvWnI5Z3VmaEdMRAo1UWNlNFNkUWxtclJ0SEFMa1NTY0lVNWl2dmpkZ1gyQSswNWloSXkyWFVkclE2bTV6SGpJbDdrWWhFc012NnlYCkdQdVJyMDB4RU5PdkR3SklQaHVxKzMrdGhXQVJlQjhubU1NeEZ3dGN0VVkwaVgwRm5LV2NWMUdheTlCOEYwNUgKMktab3JHSmVrbGtrUTBWcHRVRDlPM3czRFNiMkdnSlVLandHL3FtWjZNeE9oNDJYSFpyVGI1SG9jYURnZjZuYwpxYUZubDAyYmp3akpUK1BsdzZ6NXBJRkFoWUZGR0tUNzJkRGJwOXRhNE5COVJJenZMbWFGSnZ4OTllS2JVRklSCjhSNE03SkkzdU9qSlN6NW96aS9UdXJXSFFLTWUvLzBDZ2dFQkFKbDRPdmFMbktxRDgwM1p3WkhQQzB3SHE3VDYKa2R5L2ZDRGVqYWt5R0VHR0xhM3dObEtWTGJ4cnNacGxiNzBSMDFmcmNRejF0Q0UyWG5obDRIemk3V1dhcjBZSQpyZm1YeklxaW1DYXJ3VWIyVlFNQ0ViN2xHa3E4SW5uU3dRSmM2QjhPekhVeHY4SjdtdHR6REFYNHFDVlBLZjhUCi9jYzN4aTgyWld6Q1Y5TnlpbzZieXpleHNDRnE4Y3NJYW0rdG9NbnNVOTBzN2pyd1dUOGZqZHVyc1JzMjh6TjAKUGc2RlM3YXVHYk5ZVDgzOGVLWFZtUnZ2dmN4VHFRY3JzSTQ4bUtvSWk3RHBMT3pMQUtVdXJqcWsvaHdhdzJENwpENFIydlZzSXNVUFVzZHhYUEhXVTRnQkM4aVpXZEE4ZXlhWW1seWp0Z2RmZWhnVGd1aWk2eDJ2NEJxaz0KLS0tLS1FTkQgUlNBIFBSSVZBVEUgS0VZLS0tLS0K\n    token: ijqhivbvjjzkf6w2y8jbyztudz01bdxx98ge4e7jko11oxjl0oynl1ipypqk2ccpqcpvxrfn9l0mrztu2uj216luc5dflbv4h8pzldwsmhv9p1uk296xjlhwe7hz3rce\n",
            "content_base64": null,
            "content_base64sha256": "/jKKhZJh4y4qXwYsfyhVKir758gHXN752cxwdfxJKqw=",
            "content_base64sha512": "3vgjpaSOlMXAPDqS3F9UKhQvVpFKffc4/O8tlBHK0496qka1+N+CF7Zx7kCUNjFq5tsFhqW9aXnR45Pa2S/cXA==",
            "content_md5": "b0fb9f9188eaf48a8c879fabe8630399",
            "content_sha1": "4af273dc374fa263518a7b39070435a0f311524c",
            "content_sha256": "fe328a859261e32e2a5f062c7f28552a2afbe7c8075cdef9d9cc7075fc492aac",
            "content_sha512": "def823a5a48e94c5c03c3a92dc5f542a142f56914a7df738fcef2d9411cad38f7aaa46b5f8df8217b671ee409436316ae6db0586a5bd6979d1e393dad92fdc5c",
            "directory_permission": "0777",
            "file_permission": "0777",
            "filename": "./kubeconfig",
            "id": "4af273dc374fa263518a7b39070435a0f311524c",
            "sensitive_content": null,
            "source": null
          },
          "sensitive_attributes": [
            [
              {
                "type": "get_attr",
                "value": "content"
              }
            ],
            [
              {
                "type": "get_attr",
                "value": "sensitive_content"
              }
            ]
          ],
          "identity_schema_version": 0,
          "dependencies": [
            "azurerm_kubernetes_cluster.aks",
            "data.azurerm_resource_group.rg",
            "data.azurerm_subnet.aks_subnet",
            "data.azurerm_virtual_network.vnet"
          ]
        }
      ]
    },
    {
      "mode": "managed",
      "type": "null_resource",
      "name": "install_backup_script",
      "provider": "provider[\"registry.terraform.io/hashicorp/null\"]",
      "instances": [
        {
          "schema_version": 0,
          "attributes": {
            "id": "3110824050280129082",
            "triggers": {
              "script_sha": "82868013252e6b2a996bd01c0fed9e50c5f921f7d21cd3547755cd390731fbd6"
            }
          },
          "sensitive_attributes": [],
          "identity_schema_version": 0,
          "dependencies": [
            "data.azurerm_public_ip.mongo_vm_ip"
          ]
        }
      ]
    }
  ],
  "check_results": null
}
