{
  "version": 4,
  "terraform_version": "1.12.1",
  "serial": 36,
  "lineage": "aaed05ae-fc40-aa08-3bd4-9c942a788ae1",
  "outputs": {},
  "resources": [
    {
      "mode": "managed",
      "type": "azurerm_linux_virtual_machine",
      "name": "tf_mongo_vm",
      "provider": "provider[\"registry.terraform.io/hashicorp/azurerm\"]",
      "instances": [
        {
          "schema_version": 0,
          "attributes": {
            "additional_capabilities": [],
            "admin_password": null,
            "admin_ssh_key": [
              {
                "public_key": "ssh-rsa AAAAB3NzaC1yc2EAAAADAQABAAACAQC2TGyJahHPWgAfHM+cOGFDyCeEb7pY3AR8QKK6eEFlx98b6WG53Qj75K/0qlokW6KtPX7QF/5qrR3KtE5TffOr85nhfFpcDzHl0T3F5fhhN4HWYYRw4ZQ1bDpqCanZlqMiDK5itcn0v2DgndVZ9eCEh5f3v1isMJ+jQmyKtQt+QJup1y7o87cmeVGlL8HNsGCInFZ4lwAm8bWVzpfoHPaHS2fqPWlGHnLaqyk28FRdmif1pDEMSmSkITjjjkiEcnm6c3A2P5ss9vcV30nCE5kfjWH/OkFhDUSI9HaoyB7amRdNRu4kZof7+BjtMjn4v+N+AFkAsKd94iWcv2ECyi95ydMfS7WLQ4RXzbO8dGRjOxRUbNdcTRIhfvH+8MVsMbO8Taokjcsw7kRKelr/J7Y0vjGTMzfisNPf/kkLcCvHDTGDS8LQQpR8EBH25t+aRKfd+BP7iVdysHiokozyDptJu7ARAaLxHcqWi1LKsEeFEJZzuzFKW9Ha6oEg4aF0tlyeIXs/iQrW9KuG1ue720ogrBzD2QJwmIcWs33gN/Gaz82x9ZaxWhzkkrmFSUYWYGTZ5cBL6/aPirpAskZlkcyawqRxrZddffGTEmlPs41IbPWGH4VNJXfjb+6wHyFfZuBi2NSWXiwWgTjsy0k+6Fsq7DV0MyfoKuCovYVV79vEgw== NORTHAMERICA+javier@DESKTOP-J00CG4A\n",
                "username": "wizuser"
              }
            ],
            "admin_username": "wizuser",
            "allow_extension_operations": true,
            "availability_set_id": "",
            "boot_diagnostics": [],
            "bypass_platform_safety_checks_on_user_schedule_enabled": false,
            "capacity_reservation_group_id": "",
            "computer_name": "tf-mongo-vm",
            "custom_data": "IyEvYmluL2Jhc2gNCnNldCAteA0KZXhlYyA+IC92YXIvbG9nL2N1c3RvbS1kYXRhLmxvZyAyPiYxDQoNCmFwdC1nZXQgdXBkYXRlDQphcHQtZ2V0IGluc3RhbGwgLXkgZ251cGcgY3VybA0Kd2dldCAtcU8gLSBodHRwczovL3d3dy5tb25nb2RiLm9yZy9zdGF0aWMvcGdwL3NlcnZlci00LjQuYXNjIHwgYXB0LWtleSBhZGQgLQ0KZWNobyAiZGViIFsgYXJjaD1hbWQ2NCxhcm02NCBdIGh0dHBzOi8vcmVwby5tb25nb2RiLm9yZy9hcHQvdWJ1bnR1IGZvY2FsL21vbmdvZGItb3JnLzQuNCBtdWx0aXZlcnNlIiB8IHRlZSAvZXRjL2FwdC9zb3VyY2VzLmxpc3QuZC9tb25nb2RiLW9yZy00LjQubGlzdA0KYXB0LWdldCB1cGRhdGUNCmFwdC1nZXQgaW5zdGFsbCAteSBtb25nb2RiLW9yZw0Kc2VkIC1pICdzL2JpbmRJcDogMTI3LjAuMC4xL2JpbmRJcDogMC4wLjAuMC8nIC9ldGMvbW9uZ29kLmNvbmYNCnN5c3RlbWN0bCBlbmFibGUgbW9uZ29kDQpzeXN0ZW1jdGwgcmVzdGFydCBtb25nb2QNCg0KIyBXYWl0IGZvciBtb25nb2QgdG8gYmUgcmVhZHkNCnVudGlsIG1vbmdvIC0tZXZhbCAicHJpbnQoXCJ3YWl0ZWQgZm9yIGNvbm5lY3Rpb25cIikiDQpkbw0KICBzbGVlcCA1DQpkb25lDQoNCiMgQ3JlYXRlIGFkbWluIHVzZXINCm1vbmdvIGFkbWluIC0tZXZhbCAnZGIuY3JlYXRlVXNlcih7dXNlcjoiYWRtaW4iLCBwd2Q6IlNrMGxlMHN0Iiwgcm9sZXM6W3tyb2xlOiJyb290IiwgZGI6ImFkbWluIn1dfSknDQoNCiMgQ3JlYXRlIGFwcCB1c2VyDQptb25nbyBhZG1pbiAtLWV2YWwgJ2RiLmNyZWF0ZVVzZXIoe3VzZXI6IndpenVzZXIiLCBwd2Q6IlNrMGxlMHN0Iiwgcm9sZXM6W3tyb2xlOiJyZWFkV3JpdGVBbnlEYXRhYmFzZSIsIGRiOiJhZG1pbiJ9XX0pJw0KDQoNCg==",
            "dedicated_host_group_id": "",
            "dedicated_host_id": "",
            "disable_password_authentication": true,
            "disk_controller_type": "SCSI",
            "edge_zone": "",
            "encryption_at_host_enabled": false,
            "eviction_policy": "",
            "extensions_time_budget": "PT1H30M",
            "gallery_application": [],
            "id": "/subscriptions/17a02a84-4ade-4b31-9a8e-91997f0c1457/resourceGroups/tf-wiz-test-rg/providers/Microsoft.Compute/virtualMachines/tf-mongo-vm",
            "identity": [
              {
                "identity_ids": [],
                "principal_id": "334df704-8499-4ac4-8f4e-f2ce01b58056",
                "tenant_id": "a816de9e-88b2-4fd8-9afc-84d67d5b0d45",
                "type": "SystemAssigned"
              }
            ],
            "license_type": "",
            "location": "eastus",
            "max_bid_price": -1,
            "name": "tf-mongo-vm",
            "network_interface_ids": [
              "/subscriptions/17a02a84-4ade-4b31-9a8e-91997f0c1457/resourceGroups/tf-wiz-test-rg/providers/Microsoft.Network/networkInterfaces/tf-mongo-nic"
            ],
            "os_disk": [
              {
                "caching": "ReadWrite",
                "diff_disk_settings": [],
                "disk_encryption_set_id": "",
                "disk_size_gb": 30,
                "id": "/subscriptions/17a02a84-4ade-4b31-9a8e-91997f0c1457/resourceGroups/tf-wiz-test-rg/providers/Microsoft.Compute/disks/tf-mongo-vm_OsDisk_1_3d368324f70645abb1c48f4bcd51d5a0",
                "name": "tf-mongo-vm_OsDisk_1_3d368324f70645abb1c48f4bcd51d5a0",
                "secure_vm_disk_encryption_set_id": "",
                "security_encryption_type": "",
                "storage_account_type": "Premium_LRS",
                "write_accelerator_enabled": false
              }
            ],
            "os_image_notification": [],
            "patch_assessment_mode": "ImageDefault",
            "patch_mode": "ImageDefault",
            "plan": [],
            "platform_fault_domain": -1,
            "priority": "Regular",
            "private_ip_address": "10.0.0.4",
            "private_ip_addresses": [
              "10.0.0.4"
            ],
            "provision_vm_agent": true,
            "proximity_placement_group_id": "",
            "public_ip_address": "172.206.197.237",
            "public_ip_addresses": [
              "172.206.197.237"
            ],
            "reboot_setting": "",
            "resource_group_name": "tf-wiz-test-rg",
            "secret": [],
            "secure_boot_enabled": false,
            "size": "Standard_DS2_v2",
            "source_image_id": "",
            "source_image_reference": [
              {
                "offer": "0001-com-ubuntu-server-focal",
                "publisher": "Canonical",
                "sku": "20_04-lts-gen2",
                "version": "latest"
              }
            ],
            "tags": {},
            "termination_notification": [],
            "timeouts": null,
            "user_data": "",
            "virtual_machine_id": "16686469-1ac3-4729-a80c-0d40fee0137b",
            "virtual_machine_scale_set_id": "",
            "vm_agent_platform_updates_enabled": false,
            "vtpm_enabled": false,
            "zone": ""
          },
          "sensitive_attributes": [
            [
              {
                "type": "get_attr",
                "value": "admin_password"
              }
            ],
            [
              {
                "type": "get_attr",
                "value": "custom_data"
              }
            ]
          ],
          "identity_schema_version": 0,
          "private": "eyJlMmJmYjczMC1lY2FhLTExZTYtOGY4OC0zNDM2M2JjN2M0YzAiOnsiY3JlYXRlIjoyNzAwMDAwMDAwMDAwLCJkZWxldGUiOjI3MDAwMDAwMDAwMDAsInJlYWQiOjMwMDAwMDAwMDAwMCwidXBkYXRlIjoyNzAwMDAwMDAwMDAwfX0=",
          "dependencies": [
            "azurerm_network_interface.tf_mongo_nic",
            "azurerm_public_ip.tf_mongo_public_ip",
            "azurerm_resource_group.wiz_test_rg",
            "azurerm_subnet.default",
            "azurerm_virtual_network.mongo_vnet"
          ]
        }
      ]
    },
    {
      "mode": "managed",
      "type": "azurerm_network_interface",
      "name": "tf_mongo_nic",
      "provider": "provider[\"registry.terraform.io/hashicorp/azurerm\"]",
      "instances": [
        {
          "schema_version": 0,
          "attributes": {
            "accelerated_networking_enabled": false,
            "applied_dns_servers": [],
            "auxiliary_mode": "",
            "auxiliary_sku": "",
            "dns_servers": [],
            "edge_zone": "",
            "id": "/subscriptions/17a02a84-4ade-4b31-9a8e-91997f0c1457/resourceGroups/tf-wiz-test-rg/providers/Microsoft.Network/networkInterfaces/tf-mongo-nic",
            "internal_dns_name_label": "",
            "internal_domain_name_suffix": "",
            "ip_configuration": [
              {
                "gateway_load_balancer_frontend_ip_configuration_id": "",
                "name": "internal",
                "primary": true,
                "private_ip_address": "10.0.0.4",
                "private_ip_address_allocation": "Dynamic",
                "private_ip_address_version": "IPv4",
                "public_ip_address_id": "/subscriptions/17a02a84-4ade-4b31-9a8e-91997f0c1457/resourceGroups/tf-wiz-test-rg/providers/Microsoft.Network/publicIPAddresses/tf-mongo-pip",
                "subnet_id": "/subscriptions/17a02a84-4ade-4b31-9a8e-91997f0c1457/resourceGroups/tf-wiz-test-rg/providers/Microsoft.Network/virtualNetworks/tf-mongo-vnet/subnets/default"
              }
            ],
            "ip_forwarding_enabled": false,
            "location": "eastus",
            "mac_address": "7C-1E-52-5C-D2-56",
            "name": "tf-mongo-nic",
            "private_ip_address": "10.0.0.4",
            "private_ip_addresses": [
              "10.0.0.4"
            ],
            "resource_group_name": "tf-wiz-test-rg",
            "tags": {},
            "timeouts": null,
            "virtual_machine_id": "/subscriptions/17a02a84-4ade-4b31-9a8e-91997f0c1457/resourceGroups/tf-wiz-test-rg/providers/Microsoft.Compute/virtualMachines/tf-mongo-vm"
          },
          "sensitive_attributes": [],
          "identity_schema_version": 0,
          "private": "eyJlMmJmYjczMC1lY2FhLTExZTYtOGY4OC0zNDM2M2JjN2M0YzAiOnsiY3JlYXRlIjoxODAwMDAwMDAwMDAwLCJkZWxldGUiOjE4MDAwMDAwMDAwMDAsInJlYWQiOjMwMDAwMDAwMDAwMCwidXBkYXRlIjoxODAwMDAwMDAwMDAwfX0=",
          "dependencies": [
            "azurerm_public_ip.tf_mongo_public_ip",
            "azurerm_resource_group.wiz_test_rg",
            "azurerm_subnet.default",
            "azurerm_virtual_network.mongo_vnet"
          ]
        }
      ]
    },
    {
      "mode": "managed",
      "type": "azurerm_network_interface_security_group_association",
      "name": "tf_mongo_nic_nsg_assoc",
      "provider": "provider[\"registry.terraform.io/hashicorp/azurerm\"]",
      "instances": [
        {
          "schema_version": 0,
          "attributes": {
            "id": "/subscriptions/17a02a84-4ade-4b31-9a8e-91997f0c1457/resourceGroups/tf-wiz-test-rg/providers/Microsoft.Network/networkInterfaces/tf-mongo-nic|/subscriptions/17a02a84-4ade-4b31-9a8e-91997f0c1457/resourceGroups/tf-wiz-test-rg/providers/Microsoft.Network/networkSecurityGroups/tf-mongo-nsg",
            "network_interface_id": "/subscriptions/17a02a84-4ade-4b31-9a8e-91997f0c1457/resourceGroups/tf-wiz-test-rg/providers/Microsoft.Network/networkInterfaces/tf-mongo-nic",
            "network_security_group_id": "/subscriptions/17a02a84-4ade-4b31-9a8e-91997f0c1457/resourceGroups/tf-wiz-test-rg/providers/Microsoft.Network/networkSecurityGroups/tf-mongo-nsg",
            "timeouts": null
          },
          "sensitive_attributes": [],
          "identity_schema_version": 0,
          "private": "eyJlMmJmYjczMC1lY2FhLTExZTYtOGY4OC0zNDM2M2JjN2M0YzAiOnsiY3JlYXRlIjoxODAwMDAwMDAwMDAwLCJkZWxldGUiOjE4MDAwMDAwMDAwMDAsInJlYWQiOjMwMDAwMDAwMDAwMH19",
          "dependencies": [
            "azurerm_network_interface.tf_mongo_nic",
            "azurerm_network_security_group.tf_mongo_nsg",
            "azurerm_public_ip.tf_mongo_public_ip",
            "azurerm_resource_group.wiz_test_rg",
            "azurerm_subnet.default",
            "azurerm_virtual_network.mongo_vnet"
          ]
        }
      ]
    },
    {
      "mode": "managed",
      "type": "azurerm_network_security_group",
      "name": "tf_mongo_nsg",
      "provider": "provider[\"registry.terraform.io/hashicorp/azurerm\"]",
      "instances": [
        {
          "schema_version": 0,
          "attributes": {
            "id": "/subscriptions/17a02a84-4ade-4b31-9a8e-91997f0c1457/resourceGroups/tf-wiz-test-rg/providers/Microsoft.Network/networkSecurityGroups/tf-mongo-nsg",
            "location": "eastus",
            "name": "tf-mongo-nsg",
            "resource_group_name": "tf-wiz-test-rg",
            "security_rule": [
              {
                "access": "Allow",
                "description": "",
                "destination_address_prefix": "*",
                "destination_address_prefixes": [],
                "destination_application_security_group_ids": [],
                "destination_port_range": "22",
                "destination_port_ranges": [],
                "direction": "Inbound",
                "name": "Allow-SSH",
                "priority": 1001,
                "protocol": "Tcp",
                "source_address_prefix": "*",
                "source_address_prefixes": [],
                "source_application_security_group_ids": [],
                "source_port_range": "*",
                "source_port_ranges": []
              },
              {
                "access": "Allow",
                "description": "",
                "destination_address_prefix": "*",
                "destination_address_prefixes": [],
                "destination_application_security_group_ids": [],
                "destination_port_range": "27017",
                "destination_port_ranges": [],
                "direction": "Inbound",
                "name": "Allow-MongoDB",
                "priority": 1002,
                "protocol": "Tcp",
                "source_address_prefix": "*",
                "source_address_prefixes": [],
                "source_application_security_group_ids": [],
                "source_port_range": "*",
                "source_port_ranges": []
              }
            ],
            "tags": {},
            "timeouts": null
          },
          "sensitive_attributes": [],
          "identity_schema_version": 0,
          "private": "eyJlMmJmYjczMC1lY2FhLTExZTYtOGY4OC0zNDM2M2JjN2M0YzAiOnsiY3JlYXRlIjoxODAwMDAwMDAwMDAwLCJkZWxldGUiOjE4MDAwMDAwMDAwMDAsInJlYWQiOjMwMDAwMDAwMDAwMCwidXBkYXRlIjoxODAwMDAwMDAwMDAwfX0=",
          "dependencies": [
            "azurerm_resource_group.wiz_test_rg"
          ]
        }
      ]
    },
    {
      "mode": "managed",
      "type": "azurerm_public_ip",
      "name": "tf_mongo_public_ip",
      "provider": "provider[\"registry.terraform.io/hashicorp/azurerm\"]",
      "instances": [
        {
          "schema_version": 0,
          "attributes": {
            "allocation_method": "Static",
            "ddos_protection_mode": "VirtualNetworkInherited",
            "ddos_protection_plan_id": null,
            "domain_name_label": null,
            "domain_name_label_scope": null,
            "edge_zone": "",
            "fqdn": null,
            "id": "/subscriptions/17a02a84-4ade-4b31-9a8e-91997f0c1457/resourceGroups/tf-wiz-test-rg/providers/Microsoft.Network/publicIPAddresses/tf-mongo-pip",
            "idle_timeout_in_minutes": 4,
            "ip_address": "172.206.197.237",
            "ip_tags": {},
            "ip_version": "IPv4",
            "location": "eastus",
            "name": "tf-mongo-pip",
            "public_ip_prefix_id": null,
            "resource_group_name": "tf-wiz-test-rg",
            "reverse_fqdn": null,
            "sku": "Standard",
            "sku_tier": "Regional",
            "tags": {},
            "timeouts": null,
            "zones": []
          },
          "sensitive_attributes": [],
          "identity_schema_version": 0,
          "private": "eyJlMmJmYjczMC1lY2FhLTExZTYtOGY4OC0zNDM2M2JjN2M0YzAiOnsiY3JlYXRlIjoxODAwMDAwMDAwMDAwLCJkZWxldGUiOjE4MDAwMDAwMDAwMDAsInJlYWQiOjMwMDAwMDAwMDAwMCwidXBkYXRlIjoxODAwMDAwMDAwMDAwfX0=",
          "dependencies": [
            "azurerm_resource_group.wiz_test_rg"
          ]
        }
      ]
    },
    {
      "mode": "managed",
      "type": "azurerm_resource_group",
      "name": "wiz_test_rg",
      "provider": "provider[\"registry.terraform.io/hashicorp/azurerm\"]",
      "instances": [
        {
          "schema_version": 0,
          "attributes": {
            "id": "/subscriptions/17a02a84-4ade-4b31-9a8e-91997f0c1457/resourceGroups/tf-wiz-test-rg",
            "location": "eastus",
            "managed_by": "",
            "name": "tf-wiz-test-rg",
            "tags": {},
            "timeouts": null
          },
          "sensitive_attributes": [],
          "identity_schema_version": 0,
          "private": "eyJlMmJmYjczMC1lY2FhLTExZTYtOGY4OC0zNDM2M2JjN2M0YzAiOnsiY3JlYXRlIjo1NDAwMDAwMDAwMDAwLCJkZWxldGUiOjU0MDAwMDAwMDAwMDAsInJlYWQiOjMwMDAwMDAwMDAwMCwidXBkYXRlIjo1NDAwMDAwMDAwMDAwfX0="
        }
      ]
    },
    {
      "mode": "managed",
      "type": "azurerm_role_assignment",
      "name": "tf_mongo_vm_owner",
      "provider": "provider[\"registry.terraform.io/hashicorp/azurerm\"]",
      "instances": [
        {
          "schema_version": 0,
          "attributes": {
            "condition": "",
            "condition_version": "",
            "delegated_managed_identity_resource_id": "",
            "description": "",
            "id": "/subscriptions/17a02a84-4ade-4b31-9a8e-91997f0c1457/resourceGroups/tf-wiz-test-rg/providers/Microsoft.Authorization/roleAssignments/dd395ad9-16d5-050e-e61a-7f8b3ea8920a",
            "name": "dd395ad9-16d5-050e-e61a-7f8b3ea8920a",
            "principal_id": "334df704-8499-4ac4-8f4e-f2ce01b58056",
            "principal_type": "ServicePrincipal",
            "role_definition_id": "/subscriptions/17a02a84-4ade-4b31-9a8e-91997f0c1457/providers/Microsoft.Authorization/roleDefinitions/8e3af657-a8ff-443c-a75c-2fe8c4bcb635",
            "role_definition_name": "Owner",
            "scope": "/subscriptions/17a02a84-4ade-4b31-9a8e-91997f0c1457/resourceGroups/tf-wiz-test-rg",
            "skip_service_principal_aad_check": null,
            "timeouts": null
          },
          "sensitive_attributes": [],
          "identity_schema_version": 0,
          "private": "eyJlMmJmYjczMC1lY2FhLTExZTYtOGY4OC0zNDM2M2JjN2M0YzAiOnsiY3JlYXRlIjoxODAwMDAwMDAwMDAwLCJkZWxldGUiOjE4MDAwMDAwMDAwMDAsInJlYWQiOjMwMDAwMDAwMDAwMH19",
          "dependencies": [
            "azurerm_linux_virtual_machine.tf_mongo_vm",
            "azurerm_network_interface.tf_mongo_nic",
            "azurerm_public_ip.tf_mongo_public_ip",
            "azurerm_resource_group.wiz_test_rg",
            "azurerm_subnet.default",
            "azurerm_virtual_network.mongo_vnet"
          ]
        }
      ]
    },
    {
      "mode": "managed",
      "type": "azurerm_storage_account",
      "name": "tf_wiz_storage",
      "provider": "provider[\"registry.terraform.io/hashicorp/azurerm\"]",
      "instances": [
        {
          "schema_version": 4,
          "attributes": {
            "access_tier": "Hot",
            "account_kind": "StorageV2",
            "account_replication_type": "LRS",
            "account_tier": "Standard",
            "allow_nested_items_to_be_public": true,
            "allowed_copy_scope": "",
            "azure_files_authentication": [],
            "blob_properties": [
              {
                "change_feed_enabled": false,
                "change_feed_retention_in_days": 0,
                "container_delete_retention_policy": [],
                "cors_rule": [],
                "default_service_version": "",
                "delete_retention_policy": [],
                "last_access_time_enabled": false,
                "restore_policy": [],
                "versioning_enabled": false
              }
            ],
            "cross_tenant_replication_enabled": false,
            "custom_domain": [],
            "customer_managed_key": [],
            "default_to_oauth_authentication": false,
            "dns_endpoint_type": "Standard",
            "edge_zone": "",
            "https_traffic_only_enabled": true,
            "id": "/subscriptions/17a02a84-4ade-4b31-9a8e-91997f0c1457/resourceGroups/tf-wiz-test-rg/providers/Microsoft.Storage/storageAccounts/tfwizstoragejavierlab",
            "identity": [],
            "immutability_policy": [],
            "infrastructure_encryption_enabled": false,
            "is_hns_enabled": false,
            "large_file_share_enabled": false,
            "local_user_enabled": true,
            "location": "eastus",
            "min_tls_version": "TLS1_2",
            "name": "tfwizstoragejavierlab",
            "network_rules": [],
            "nfsv3_enabled": false,
            "primary_access_key": "Bhccmww0PNs82+XJSDZCY3Q8u3TOe1HHg530hVT5cI53RDxeW6rRel3jJk5fY8q44n3hQAlAb3IQ+ASt8MV5kA==",
            "primary_blob_connection_string": "DefaultEndpointsProtocol=https;BlobEndpoint=https://tfwizstoragejavierlab.blob.core.windows.net/;AccountName=tfwizstoragejavierlab;AccountKey=Bhccmww0PNs82+XJSDZCY3Q8u3TOe1HHg530hVT5cI53RDxeW6rRel3jJk5fY8q44n3hQAlAb3IQ+ASt8MV5kA==",
            "primary_blob_endpoint": "https://tfwizstoragejavierlab.blob.core.windows.net/",
            "primary_blob_host": "tfwizstoragejavierlab.blob.core.windows.net",
            "primary_blob_internet_endpoint": "",
            "primary_blob_internet_host": "",
            "primary_blob_microsoft_endpoint": "",
            "primary_blob_microsoft_host": "",
            "primary_connection_string": "DefaultEndpointsProtocol=https;AccountName=tfwizstoragejavierlab;AccountKey=Bhccmww0PNs82+XJSDZCY3Q8u3TOe1HHg530hVT5cI53RDxeW6rRel3jJk5fY8q44n3hQAlAb3IQ+ASt8MV5kA==;EndpointSuffix=core.windows.net",
            "primary_dfs_endpoint": "https://tfwizstoragejavierlab.dfs.core.windows.net/",
            "primary_dfs_host": "tfwizstoragejavierlab.dfs.core.windows.net",
            "primary_dfs_internet_endpoint": "",
            "primary_dfs_internet_host": "",
            "primary_dfs_microsoft_endpoint": "",
            "primary_dfs_microsoft_host": "",
            "primary_file_endpoint": "https://tfwizstoragejavierlab.file.core.windows.net/",
            "primary_file_host": "tfwizstoragejavierlab.file.core.windows.net",
            "primary_file_internet_endpoint": "",
            "primary_file_internet_host": "",
            "primary_file_microsoft_endpoint": "",
            "primary_file_microsoft_host": "",
            "primary_location": "eastus",
            "primary_queue_endpoint": "https://tfwizstoragejavierlab.queue.core.windows.net/",
            "primary_queue_host": "tfwizstoragejavierlab.queue.core.windows.net",
            "primary_queue_microsoft_endpoint": "",
            "primary_queue_microsoft_host": "",
            "primary_table_endpoint": "https://tfwizstoragejavierlab.table.core.windows.net/",
            "primary_table_host": "tfwizstoragejavierlab.table.core.windows.net",
            "primary_table_microsoft_endpoint": "",
            "primary_table_microsoft_host": "",
            "primary_web_endpoint": "https://tfwizstoragejavierlab.z13.web.core.windows.net/",
            "primary_web_host": "tfwizstoragejavierlab.z13.web.core.windows.net",
            "primary_web_internet_endpoint": "",
            "primary_web_internet_host": "",
            "primary_web_microsoft_endpoint": "",
            "primary_web_microsoft_host": "",
            "public_network_access_enabled": true,
            "queue_encryption_key_type": "Service",
            "queue_properties": [
              {
                "cors_rule": [],
                "hour_metrics": [
                  {
                    "enabled": false,
                    "include_apis": false,
                    "retention_policy_days": 0,
                    "version": "1.0"
                  }
                ],
                "logging": [
                  {
                    "delete": false,
                    "read": false,
                    "retention_policy_days": 0,
                    "version": "1.0",
                    "write": false
                  }
                ],
                "minute_metrics": [
                  {
                    "enabled": false,
                    "include_apis": false,
                    "retention_policy_days": 0,
                    "version": "1.0"
                  }
                ]
              }
            ],
            "resource_group_name": "tf-wiz-test-rg",
            "routing": [],
            "sas_policy": [],
            "secondary_access_key": "weExD/JM5JP08mtJ5ygONeLk3b0LuPPepMZY7umXc7Mf9P/BxOJJhp3M1SCfRZkCu5qh1392qR3/+AStjfHmfw==",
            "secondary_blob_connection_string": "",
            "secondary_blob_endpoint": "",
            "secondary_blob_host": "",
            "secondary_blob_internet_endpoint": "",
            "secondary_blob_internet_host": "",
            "secondary_blob_microsoft_endpoint": "",
            "secondary_blob_microsoft_host": "",
            "secondary_connection_string": "DefaultEndpointsProtocol=https;AccountName=tfwizstoragejavierlab;AccountKey=weExD/JM5JP08mtJ5ygONeLk3b0LuPPepMZY7umXc7Mf9P/BxOJJhp3M1SCfRZkCu5qh1392qR3/+AStjfHmfw==;EndpointSuffix=core.windows.net",
            "secondary_dfs_endpoint": "",
            "secondary_dfs_host": "",
            "secondary_dfs_internet_endpoint": "",
            "secondary_dfs_internet_host": "",
            "secondary_dfs_microsoft_endpoint": "",
            "secondary_dfs_microsoft_host": "",
            "secondary_file_endpoint": "",
            "secondary_file_host": "",
            "secondary_file_internet_endpoint": "",
            "secondary_file_internet_host": "",
            "secondary_file_microsoft_endpoint": "",
            "secondary_file_microsoft_host": "",
            "secondary_location": "",
            "secondary_queue_endpoint": "",
            "secondary_queue_host": "",
            "secondary_queue_microsoft_endpoint": "",
            "secondary_queue_microsoft_host": "",
            "secondary_table_endpoint": "",
            "secondary_table_host": "",
            "secondary_table_microsoft_endpoint": "",
            "secondary_table_microsoft_host": "",
            "secondary_web_endpoint": "",
            "secondary_web_host": "",
            "secondary_web_internet_endpoint": "",
            "secondary_web_internet_host": "",
            "secondary_web_microsoft_endpoint": "",
            "secondary_web_microsoft_host": "",
            "sftp_enabled": false,
            "share_properties": [
              {
                "cors_rule": [],
                "retention_policy": [
                  {
                    "days": 7
                  }
                ],
                "smb": []
              }
            ],
            "shared_access_key_enabled": true,
            "static_website": [],
            "table_encryption_key_type": "Service",
            "tags": {},
            "timeouts": null
          },
          "sensitive_attributes": [
            [
              {
                "type": "get_attr",
                "value": "primary_access_key"
              }
            ],
            [
              {
                "type": "get_attr",
                "value": "primary_blob_connection_string"
              }
            ],
            [
              {
                "type": "get_attr",
                "value": "primary_connection_string"
              }
            ],
            [
              {
                "type": "get_attr",
                "value": "secondary_access_key"
              }
            ],
            [
              {
                "type": "get_attr",
                "value": "secondary_blob_connection_string"
              }
            ],
            [
              {
                "type": "get_attr",
                "value": "secondary_connection_string"
              }
            ]
          ],
          "identity_schema_version": 0,
          "private": "eyJlMmJmYjczMC1lY2FhLTExZTYtOGY4OC0zNDM2M2JjN2M0YzAiOnsiY3JlYXRlIjozNjAwMDAwMDAwMDAwLCJkZWxldGUiOjM2MDAwMDAwMDAwMDAsInJlYWQiOjMwMDAwMDAwMDAwMCwidXBkYXRlIjozNjAwMDAwMDAwMDAwfSwic2NoZW1hX3ZlcnNpb24iOiI0In0=",
          "dependencies": [
            "azurerm_resource_group.wiz_test_rg"
          ]
        }
      ]
    },
    {
      "mode": "managed",
      "type": "azurerm_storage_container",
      "name": "tf_backups",
      "provider": "provider[\"registry.terraform.io/hashicorp/azurerm\"]",
      "instances": [
        {
          "schema_version": 1,
          "attributes": {
            "container_access_type": "container",
            "default_encryption_scope": "$account-encryption-key",
            "encryption_scope_override_enabled": true,
            "has_immutability_policy": false,
            "has_legal_hold": false,
            "id": "/subscriptions/17a02a84-4ade-4b31-9a8e-91997f0c1457/resourceGroups/tf-wiz-test-rg/providers/Microsoft.Storage/storageAccounts/tfwizstoragejavierlab/blobServices/default/containers/tf-backups",
            "metadata": {},
            "name": "tf-backups",
            "resource_manager_id": "/subscriptions/17a02a84-4ade-4b31-9a8e-91997f0c1457/resourceGroups/tf-wiz-test-rg/providers/Microsoft.Storage/storageAccounts/tfwizstoragejavierlab/blobServices/default/containers/tf-backups",
            "storage_account_id": "/subscriptions/17a02a84-4ade-4b31-9a8e-91997f0c1457/resourceGroups/tf-wiz-test-rg/providers/Microsoft.Storage/storageAccounts/tfwizstoragejavierlab",
            "storage_account_name": "",
            "timeouts": null
          },
          "sensitive_attributes": [],
          "identity_schema_version": 0,
          "private": "eyJlMmJmYjczMC1lY2FhLTExZTYtOGY4OC0zNDM2M2JjN2M0YzAiOnsiY3JlYXRlIjoxODAwMDAwMDAwMDAwLCJkZWxldGUiOjE4MDAwMDAwMDAwMDAsInJlYWQiOjMwMDAwMDAwMDAwMCwidXBkYXRlIjoxODAwMDAwMDAwMDAwfSwic2NoZW1hX3ZlcnNpb24iOiIxIn0=",
          "dependencies": [
            "azurerm_resource_group.wiz_test_rg",
            "azurerm_storage_account.tf_wiz_storage"
          ]
        }
      ]
    },
    {
      "mode": "managed",
      "type": "azurerm_subnet",
      "name": "default",
      "provider": "provider[\"registry.terraform.io/hashicorp/azurerm\"]",
      "instances": [
        {
          "schema_version": 0,
          "attributes": {
            "address_prefixes": [
              "10.0.0.0/24"
            ],
            "default_outbound_access_enabled": true,
            "delegation": [],
            "id": "/subscriptions/17a02a84-4ade-4b31-9a8e-91997f0c1457/resourceGroups/tf-wiz-test-rg/providers/Microsoft.Network/virtualNetworks/tf-mongo-vnet/subnets/default",
            "name": "default",
            "private_endpoint_network_policies": "Disabled",
            "private_link_service_network_policies_enabled": true,
            "resource_group_name": "tf-wiz-test-rg",
            "service_endpoint_policy_ids": [],
            "service_endpoints": [],
            "timeouts": null,
            "virtual_network_name": "tf-mongo-vnet"
          },
          "sensitive_attributes": [],
          "identity_schema_version": 0,
          "private": "eyJlMmJmYjczMC1lY2FhLTExZTYtOGY4OC0zNDM2M2JjN2M0YzAiOnsiY3JlYXRlIjoxODAwMDAwMDAwMDAwLCJkZWxldGUiOjE4MDAwMDAwMDAwMDAsInJlYWQiOjMwMDAwMDAwMDAwMCwidXBkYXRlIjoxODAwMDAwMDAwMDAwfX0=",
          "dependencies": [
            "azurerm_resource_group.wiz_test_rg",
            "azurerm_virtual_network.mongo_vnet"
          ]
        }
      ]
    },
    {
      "mode": "managed",
      "type": "azurerm_virtual_network",
      "name": "mongo_vnet",
      "provider": "provider[\"registry.terraform.io/hashicorp/azurerm\"]",
      "instances": [
        {
          "schema_version": 0,
          "attributes": {
            "address_space": [
              "10.0.0.0/16"
            ],
            "bgp_community": "",
            "ddos_protection_plan": [],
            "dns_servers": [],
            "edge_zone": "",
            "encryption": [],
            "flow_timeout_in_minutes": 0,
            "guid": "11b1faa8-2ac0-4967-bde9-4369497f2f2a",
            "id": "/subscriptions/17a02a84-4ade-4b31-9a8e-91997f0c1457/resourceGroups/tf-wiz-test-rg/providers/Microsoft.Network/virtualNetworks/tf-mongo-vnet",
            "ip_address_pool": [],
            "location": "eastus",
            "name": "tf-mongo-vnet",
            "private_endpoint_vnet_policies": "Disabled",
            "resource_group_name": "tf-wiz-test-rg",
            "subnet": [
              {
                "address_prefixes": [
                  "10.0.0.0/24"
                ],
                "default_outbound_access_enabled": true,
                "delegation": [],
                "id": "/subscriptions/17a02a84-4ade-4b31-9a8e-91997f0c1457/resourceGroups/tf-wiz-test-rg/providers/Microsoft.Network/virtualNetworks/tf-mongo-vnet/subnets/default",
                "name": "default",
                "private_endpoint_network_policies": "Disabled",
                "private_link_service_network_policies_enabled": true,
                "route_table_id": "",
                "security_group": "",
                "service_endpoint_policy_ids": [],
                "service_endpoints": []
              }
            ],
            "tags": {},
            "timeouts": null
          },
          "sensitive_attributes": [],
          "identity_schema_version": 0,
          "private": "eyJlMmJmYjczMC1lY2FhLTExZTYtOGY4OC0zNDM2M2JjN2M0YzAiOnsiY3JlYXRlIjoxODAwMDAwMDAwMDAwLCJkZWxldGUiOjE4MDAwMDAwMDAwMDAsInJlYWQiOjMwMDAwMDAwMDAwMCwidXBkYXRlIjoxODAwMDAwMDAwMDAwfX0=",
          "dependencies": [
            "azurerm_resource_group.wiz_test_rg"
          ]
        }
      ]
    }
  ],
  "check_results": null
}
